
Microsoft Visual Studio Solution File, Format Version 12.00
# Visual Studio 14
VisualStudioVersion = 14.0.25420.1
MinimumVisualStudioVersion = 10.0.40219.1
Project("{2150E333-8FDC-42A3-9474-1A3956D46DE8}") = "Api", "Api", "{27CC2941-9A82-44BF-90D7-2D55BCFFA7FA}"
EndProject
Project("{2150E333-8FDC-42A3-9474-1A3956D46DE8}") = "0.0.0.1", "0.0.0.1", "{B84A6BCE-196A-4F35-972D-21EEF4F8FDC3}"
EndProject
Project("{2150E333-8FDC-42A3-9474-1A3956D46DE8}") = "1.0.0.0", "1.0.0.0", "{8E7372C3-0E3A-41C8-9393-D749B2C52C37}"
EndProject
Project("{2150E333-8FDC-42A3-9474-1A3956D46DE8}") = "0.0.0.2", "0.0.0.2", "{8B0F090D-C70E-40C3-AD43-5E2C7FF187B4}"
EndProject
Project("{FAE04EC0-301F-11D3-BF4B-00C04F79EFBC}") = "EtAlii.Servus.Api.Management.Tests", "Api\0.0.0.1\EtAlii.Servus.Api.Management.Tests\EtAlii.Servus.Api.Management.Tests.csproj", "{C6D05D23-DC2C-4FE4-8F11-5A4BD6D7C3D2}"
EndProject
Project("{FAE04EC0-301F-11D3-BF4B-00C04F79EFBC}") = "EtAlii.Servus.Api.Tests", "Api\0.0.0.1\EtAlii.Servus.Api.Shared.Tests\EtAlii.Servus.Api.Tests.csproj", "{8327AA1C-2367-4942-946F-94E35CC31C4B}"
EndProject
Project("{FAE04EC0-301F-11D3-BF4B-00C04F79EFBC}") = "EtAlii.Servus.Api", "Api\0.0.0.1\EtAlii.Servus.Api\EtAlii.Servus.Api.csproj", "{2C3E669A-C0FF-4BB3-80DC-C02DB2D5069A}"
EndProject
Project("{2150E333-8FDC-42A3-9474-1A3956D46DE8}") = "Tests", "Tests", "{CCFA6623-0584-4C5A-9975-EEA8AB22558E}"
EndProject
Project("{FAE04EC0-301F-11D3-BF4B-00C04F79EFBC}") = "EtAlii.Servus.Api.Transport.SignalR", "Api\0.0.0.1\EtAlii.Servus.Api.Transport.SignalR\EtAlii.Servus.Api.Transport.SignalR.csproj", "{64723C77-5242-4671-A0BB-984DEEB79DBF}"
EndProject
Project("{FAE04EC0-301F-11D3-BF4B-00C04F79EFBC}") = "EtAlii.Servus.Api.Transport.WebApi", "Api\0.0.0.1\EtAlii.Servus.Api.Transport.WebApi\EtAlii.Servus.Api.Transport.WebApi.csproj", "{AE581332-D0B8-4481-BA67-71D11BFB056E}"
EndProject
Project("{FAE04EC0-301F-11D3-BF4B-00C04F79EFBC}") = "EtAlii.Servus.Api.Functional.Win32", "Api\0.0.0.1\EtAlii.Servus.Api.Data.Win32\EtAlii.Servus.Api.Functional.Win32.csproj", "{6E034575-6221-4F00-9FB6-2C02BDA5937B}"
EndProject
Project("{FAE04EC0-301F-11D3-BF4B-00C04F79EFBC}") = "EtAlii.Servus.Api.Functional.Win32.Tests", "Api\0.0.0.1\EtAlii.Servus.Api.Data.Win32.Tests\EtAlii.Servus.Api.Functional.Win32.Tests.csproj", "{1704C757-6B9C-486A-8155-62250033A2C3}"
EndProject
Project("{D954291E-2A0B-460D-934E-DC6B0785DB48}") = "EtAlii.Servus.Api.Transport.Tests", "Api\0.0.0.1\EtAlii.Servus.Api.Transport.Tests\EtAlii.Servus.Api.Transport.Tests.shproj", "{43519CAD-F917-4CF3-B9CB-2F84BBCAF2E0}"
EndProject
Project("{FAE04EC0-301F-11D3-BF4B-00C04F79EFBC}") = "EtAlii.Servus.Api.Transport.SignalR.Tests", "Api\0.0.0.1\EtAlii.Servus.Api.Transport.SignalR.Tests\EtAlii.Servus.Api.Transport.SignalR.Tests.csproj", "{D9C5FA06-40A1-468F-A299-0C31304D1478}"
EndProject
Project("{FAE04EC0-301F-11D3-BF4B-00C04F79EFBC}") = "EtAlii.Servus.Api.Transport.WebApi.Tests", "Api\0.0.0.1\EtAlii.Servus.Api.Transport.WebApi.Tests\EtAlii.Servus.Api.Transport.WebApi.Tests.csproj", "{47A68414-4D71-4A8C-9F8E-3BC54DD497E4}"
EndProject
Project("{FAE04EC0-301F-11D3-BF4B-00C04F79EFBC}") = "EtAlii.Servus.Api.Diagnostics.Tests", "Api\0.0.0.1\EtAlii.Servus.Api.Diagnostics.Tests\EtAlii.Servus.Api.Diagnostics.Tests.csproj", "{7488A1E4-B8A1-4BEE-9E9E-91FD1C5BD956}"
EndProject
Project("{D954291E-2A0B-460D-934E-DC6B0785DB48}") = "EtAlii.Servus.Api.Functional.Tests", "Api\0.0.0.1\EtAlii.Servus.Api.Functional.Tests\EtAlii.Servus.Api.Functional.Tests.shproj", "{428597BB-50E3-4596-BC50-BF5A6D2F71CA}"
EndProject
Project("{FAE04EC0-301F-11D3-BF4B-00C04F79EFBC}") = "EtAlii.Servus.Api.Diagnostics", "Api\0.0.0.1\EtAlii.Servus.Api.Diagnostics\EtAlii.Servus.Api.Diagnostics.csproj", "{842533CC-82A3-4AA1-A373-6089E13F5ECB}"
EndProject
Project("{2150E333-8FDC-42A3-9474-1A3956D46DE8}") = "1. Functional", "1. Functional", "{1F3EE77A-64BA-4962-9EE5-4410F8D66532}"
EndProject
Project("{2150E333-8FDC-42A3-9474-1A3956D46DE8}") = "2. Logical", "2. Logical", "{08A6ABAE-80FF-4E30-996A-574CB6696FA1}"
EndProject
Project("{2150E333-8FDC-42A3-9474-1A3956D46DE8}") = "3. Fabric", "3. Fabric", "{BF2727A1-344D-4CF3-8F8E-07F78301C3BE}"
EndProject
Project("{2150E333-8FDC-42A3-9474-1A3956D46DE8}") = "4. Transport", "4. Transport", "{6B1F2E39-5071-407D-BBC6-785C79CD8045}"
EndProject
Project("{2150E333-8FDC-42A3-9474-1A3956D46DE8}") = "Tests", "Tests", "{976FFABB-2F7A-4EDA-9E7E-A73F3CEB801C}"
EndProject
Project("{2150E333-8FDC-42A3-9474-1A3956D46DE8}") = "Tests", "Tests", "{505AD48A-7186-4C4A-9ECE-411AB03F022F}"
EndProject
Project("{2150E333-8FDC-42A3-9474-1A3956D46DE8}") = "Tests", "Tests", "{7E68AEB5-F8FD-4BF6-825F-ED59540F4ACF}"
EndProject
Project("{2150E333-8FDC-42A3-9474-1A3956D46DE8}") = "Tests", "Tests", "{903904E2-8C8B-4FE0-923C-61C0D452F6C6}"
EndProject
Project("{FAE04EC0-301F-11D3-BF4B-00C04F79EFBC}") = "EtAlii.Servus.Api.Functional", "Api\0.0.0.1\EtAlii.Servus.Api.Functional\EtAlii.Servus.Api.Functional.csproj", "{29D6C7C1-38D6-49C0-931A-A70AB08635C9}"
EndProject
Project("{FAE04EC0-301F-11D3-BF4B-00C04F79EFBC}") = "EtAlii.Servus.Api.Functional.Diagnostics", "Api\0.0.0.1\EtAlii.Servus.Api.Functional.Diagnostics\EtAlii.Servus.Api.Functional.Diagnostics.csproj", "{5F7B884E-7E42-4A32-ADB3-E8CBB3FD5B31}"
EndProject
Project("{FAE04EC0-301F-11D3-BF4B-00C04F79EFBC}") = "EtAlii.Servus.Api.Transport", "Api\0.0.0.1\EtAlii.Servus.Api.Transport\EtAlii.Servus.Api.Transport.csproj", "{B2479E9D-04DC-4A35-837A-E69C62EB4C8A}"
EndProject
Project("{FAE04EC0-301F-11D3-BF4B-00C04F79EFBC}") = "EtAlii.Servus.Api.Transport.Management", "Api\0.0.0.1\EtAlii.Servus.Api.Transport.Management\EtAlii.Servus.Api.Transport.Management.csproj", "{9947E053-7C54-450D-A1D1-D399A29FEA4A}"
EndProject
Project("{FAE04EC0-301F-11D3-BF4B-00C04F79EFBC}") = "EtAlii.Servus.Api.Transport.Management.Diagnostics", "Api\0.0.0.1\EtAlii.Servus.Api.Transport.Management.Diagnostics\EtAlii.Servus.Api.Transport.Management.Diagnostics.csproj", "{F9A4EB81-611C-453E-8B71-27099E54E982}"
EndProject
Project("{FAE04EC0-301F-11D3-BF4B-00C04F79EFBC}") = "EtAlii.Servus.Api.Transport.Management.SignalR", "Api\0.0.0.1\EtAlii.Servus.Api.Transport.Management.SignalR\EtAlii.Servus.Api.Transport.Management.SignalR.csproj", "{690C236C-FA31-4911-BABC-EB370849E4E8}"
EndProject
Project("{FAE04EC0-301F-11D3-BF4B-00C04F79EFBC}") = "EtAlii.Servus.Api.Transport.Management.WebApi", "Api\0.0.0.1\EtAlii.Servus.Api.Transport.Management.WebApi\EtAlii.Servus.Api.Transport.Management.WebApi.csproj", "{4CF1773B-6516-484F-A0CD-D75593693644}"
EndProject
Project("{FAE04EC0-301F-11D3-BF4B-00C04F79EFBC}") = "EtAlii.Servus.Api.Transport.Diagnostics", "Api\0.0.0.1\EtAlii.Servus.Api.Transport.Diagnostics\EtAlii.Servus.Api.Transport.Diagnostics.csproj", "{AFD2BF70-5F38-4F91-90E2-6321C8E6F746}"
EndProject
Project("{FAE04EC0-301F-11D3-BF4B-00C04F79EFBC}") = "EtAlii.Servus.Api.Fabric", "Api\0.0.0.1\EtAlii.Servus.Api.Fabric\EtAlii.Servus.Api.Fabric.csproj", "{16596297-5E14-4CA4-A77C-70FA35D2B9BE}"
EndProject
Project("{FAE04EC0-301F-11D3-BF4B-00C04F79EFBC}") = "EtAlii.Servus.Api.Fabric.Diagnostics", "Api\0.0.0.1\EtAlii.Servus.Api.Fabric.Diagnostics\EtAlii.Servus.Api.Fabric.Diagnostics.csproj", "{ACF559EF-3661-430C-9C4A-C379EFE7CDD6}"
EndProject
Project("{FAE04EC0-301F-11D3-BF4B-00C04F79EFBC}") = "EtAlii.Servus.Api.Fabric.Management", "Api\0.0.0.1\EtAlii.Servus.Api.Fabric.Management\EtAlii.Servus.Api.Fabric.Management.csproj", "{39F1AA26-BE51-4744-AA8D-16113DD76E70}"
EndProject
Project("{FAE04EC0-301F-11D3-BF4B-00C04F79EFBC}") = "EtAlii.Servus.Api.Logical", "Api\0.0.0.1\EtAlii.Servus.Api.Logical\EtAlii.Servus.Api.Logical.csproj", "{CAEAB577-9DAB-43FA-A185-C81C7CB1B507}"
EndProject
Project("{FAE04EC0-301F-11D3-BF4B-00C04F79EFBC}") = "EtAlii.Servus.Api.Logical.Diagnostics", "Api\0.0.0.1\EtAlii.Servus.Api.Logical.Diagnostics\EtAlii.Servus.Api.Logical.Diagnostics.csproj", "{8C4D3AFB-67D3-4865-98BB-93E84B42E147}"
EndProject
Global
	GlobalSection(SharedMSBuildProjectFiles) = preSolution
		Api\0.0.0.1\EtAlii.Servus.Api.Functional.Tests\EtAlii.Servus.Api.Functional.Tests.projitems*{1704c757-6b9c-486a-8155-62250033a2c3}*SharedItemsImports = 4
		Api\0.0.0.1\EtAlii.Servus.Api.Functional.Tests\EtAlii.Servus.Api.Functional.Tests.projitems*{428597bb-50e3-4596-bc50-bf5a6d2f71ca}*SharedItemsImports = 13
		Api\0.0.0.1\EtAlii.Servus.Api.Transport.Tests\EtAlii.Servus.Api.Transport.Tests.projitems*{43519cad-f917-4cf3-b9cb-2f84bbcaf2e0}*SharedItemsImports = 13
		Api\0.0.0.1\EtAlii.Servus.Api.Transport.Tests\EtAlii.Servus.Api.Transport.Tests.projitems*{47a68414-4d71-4a8c-9f8e-3bc54dd497e4}*SharedItemsImports = 4
		Api\0.0.0.1\EtAlii.Servus.Api.Transport.Tests\EtAlii.Servus.Api.Transport.Tests.projitems*{d9c5fa06-40a1-468f-a299-0c31304d1478}*SharedItemsImports = 4
	EndGlobalSection
	GlobalSection(SolutionConfigurationPlatforms) = preSolution
		Debug|Any CPU = Debug|Any CPU
		Debug|Compact = Debug|Compact
		Debug|x64 = Debug|x64
		Debug|x86 = Debug|x86
		MailSystem Dev|Any CPU = MailSystem Dev|Any CPU
		MailSystem Dev|Compact = MailSystem Dev|Compact
		MailSystem Dev|x64 = MailSystem Dev|x64
		MailSystem Dev|x86 = MailSystem Dev|x86
		Release|Any CPU = Release|Any CPU
		Release|Compact = Release|Compact
		Release|x64 = Release|x64
		Release|x86 = Release|x86
		Retail|Any CPU = Retail|Any CPU
		Retail|Compact = Retail|Compact
		Retail|x64 = Retail|x64
		Retail|x86 = Retail|x86
		Trial|Any CPU = Trial|Any CPU
		Trial|Compact = Trial|Compact
		Trial|x64 = Trial|x64
		Trial|x86 = Trial|x86
	EndGlobalSection
	GlobalSection(ProjectConfigurationPlatforms) = postSolution
		{C6D05D23-DC2C-4FE4-8F11-5A4BD6D7C3D2}.Debug|Any CPU.ActiveCfg = Debug|Any CPU
		{C6D05D23-DC2C-4FE4-8F11-5A4BD6D7C3D2}.Debug|Any CPU.Build.0 = Debug|Any CPU
		{C6D05D23-DC2C-4FE4-8F11-5A4BD6D7C3D2}.Debug|Compact.ActiveCfg = Debug|Any CPU
		{C6D05D23-DC2C-4FE4-8F11-5A4BD6D7C3D2}.Debug|x64.ActiveCfg = Debug|Any CPU
		{C6D05D23-DC2C-4FE4-8F11-5A4BD6D7C3D2}.Debug|x86.ActiveCfg = Debug|Any CPU
		{C6D05D23-DC2C-4FE4-8F11-5A4BD6D7C3D2}.MailSystem Dev|Any CPU.ActiveCfg = Release|Any CPU
		{C6D05D23-DC2C-4FE4-8F11-5A4BD6D7C3D2}.MailSystem Dev|Any CPU.Build.0 = Release|Any CPU
		{C6D05D23-DC2C-4FE4-8F11-5A4BD6D7C3D2}.MailSystem Dev|Compact.ActiveCfg = Release|Any CPU
		{C6D05D23-DC2C-4FE4-8F11-5A4BD6D7C3D2}.MailSystem Dev|x64.ActiveCfg = Release|Any CPU
		{C6D05D23-DC2C-4FE4-8F11-5A4BD6D7C3D2}.MailSystem Dev|x86.ActiveCfg = Release|Any CPU
		{C6D05D23-DC2C-4FE4-8F11-5A4BD6D7C3D2}.Release|Any CPU.ActiveCfg = Release|Any CPU
		{C6D05D23-DC2C-4FE4-8F11-5A4BD6D7C3D2}.Release|Any CPU.Build.0 = Release|Any CPU
		{C6D05D23-DC2C-4FE4-8F11-5A4BD6D7C3D2}.Release|Compact.ActiveCfg = Release|Any CPU
		{C6D05D23-DC2C-4FE4-8F11-5A4BD6D7C3D2}.Release|x64.ActiveCfg = Release|Any CPU
		{C6D05D23-DC2C-4FE4-8F11-5A4BD6D7C3D2}.Release|x86.ActiveCfg = Release|Any CPU
		{C6D05D23-DC2C-4FE4-8F11-5A4BD6D7C3D2}.Retail|Any CPU.ActiveCfg = Release|Any CPU
		{C6D05D23-DC2C-4FE4-8F11-5A4BD6D7C3D2}.Retail|Any CPU.Build.0 = Release|Any CPU
		{C6D05D23-DC2C-4FE4-8F11-5A4BD6D7C3D2}.Retail|Compact.ActiveCfg = Release|Any CPU
		{C6D05D23-DC2C-4FE4-8F11-5A4BD6D7C3D2}.Retail|x64.ActiveCfg = Release|Any CPU
		{C6D05D23-DC2C-4FE4-8F11-5A4BD6D7C3D2}.Retail|x86.ActiveCfg = Release|Any CPU
		{C6D05D23-DC2C-4FE4-8F11-5A4BD6D7C3D2}.Trial|Any CPU.ActiveCfg = Release|Any CPU
		{C6D05D23-DC2C-4FE4-8F11-5A4BD6D7C3D2}.Trial|Any CPU.Build.0 = Release|Any CPU
		{C6D05D23-DC2C-4FE4-8F11-5A4BD6D7C3D2}.Trial|Compact.ActiveCfg = Release|Any CPU
		{C6D05D23-DC2C-4FE4-8F11-5A4BD6D7C3D2}.Trial|x64.ActiveCfg = Release|Any CPU
		{C6D05D23-DC2C-4FE4-8F11-5A4BD6D7C3D2}.Trial|x86.ActiveCfg = Release|Any CPU
		{8327AA1C-2367-4942-946F-94E35CC31C4B}.Debug|Any CPU.ActiveCfg = Debug|Any CPU
		{8327AA1C-2367-4942-946F-94E35CC31C4B}.Debug|Any CPU.Build.0 = Debug|Any CPU
		{8327AA1C-2367-4942-946F-94E35CC31C4B}.Debug|Compact.ActiveCfg = Debug|Any CPU
		{8327AA1C-2367-4942-946F-94E35CC31C4B}.Debug|x64.ActiveCfg = Debug|Any CPU
		{8327AA1C-2367-4942-946F-94E35CC31C4B}.Debug|x86.ActiveCfg = Debug|Any CPU
		{8327AA1C-2367-4942-946F-94E35CC31C4B}.MailSystem Dev|Any CPU.ActiveCfg = Release|Any CPU
		{8327AA1C-2367-4942-946F-94E35CC31C4B}.MailSystem Dev|Any CPU.Build.0 = Release|Any CPU
		{8327AA1C-2367-4942-946F-94E35CC31C4B}.MailSystem Dev|Compact.ActiveCfg = Release|Any CPU
		{8327AA1C-2367-4942-946F-94E35CC31C4B}.MailSystem Dev|x64.ActiveCfg = Release|Any CPU
		{8327AA1C-2367-4942-946F-94E35CC31C4B}.MailSystem Dev|x86.ActiveCfg = Release|Any CPU
		{8327AA1C-2367-4942-946F-94E35CC31C4B}.Release|Any CPU.ActiveCfg = Release|Any CPU
		{8327AA1C-2367-4942-946F-94E35CC31C4B}.Release|Any CPU.Build.0 = Release|Any CPU
		{8327AA1C-2367-4942-946F-94E35CC31C4B}.Release|Compact.ActiveCfg = Release|Any CPU
		{8327AA1C-2367-4942-946F-94E35CC31C4B}.Release|x64.ActiveCfg = Release|Any CPU
		{8327AA1C-2367-4942-946F-94E35CC31C4B}.Release|x86.ActiveCfg = Release|Any CPU
		{8327AA1C-2367-4942-946F-94E35CC31C4B}.Retail|Any CPU.ActiveCfg = Release|Any CPU
		{8327AA1C-2367-4942-946F-94E35CC31C4B}.Retail|Any CPU.Build.0 = Release|Any CPU
		{8327AA1C-2367-4942-946F-94E35CC31C4B}.Retail|Compact.ActiveCfg = Release|Any CPU
		{8327AA1C-2367-4942-946F-94E35CC31C4B}.Retail|x64.ActiveCfg = Release|Any CPU
		{8327AA1C-2367-4942-946F-94E35CC31C4B}.Retail|x86.ActiveCfg = Release|Any CPU
		{8327AA1C-2367-4942-946F-94E35CC31C4B}.Trial|Any CPU.ActiveCfg = Release|Any CPU
		{8327AA1C-2367-4942-946F-94E35CC31C4B}.Trial|Any CPU.Build.0 = Release|Any CPU
		{8327AA1C-2367-4942-946F-94E35CC31C4B}.Trial|Compact.ActiveCfg = Release|Any CPU
		{8327AA1C-2367-4942-946F-94E35CC31C4B}.Trial|x64.ActiveCfg = Release|Any CPU
		{8327AA1C-2367-4942-946F-94E35CC31C4B}.Trial|x86.ActiveCfg = Release|Any CPU
		{2C3E669A-C0FF-4BB3-80DC-C02DB2D5069A}.Debug|Any CPU.ActiveCfg = Debug|Any CPU
		{2C3E669A-C0FF-4BB3-80DC-C02DB2D5069A}.Debug|Any CPU.Build.0 = Debug|Any CPU
		{2C3E669A-C0FF-4BB3-80DC-C02DB2D5069A}.Debug|Compact.ActiveCfg = Debug|Any CPU
		{2C3E669A-C0FF-4BB3-80DC-C02DB2D5069A}.Debug|x64.ActiveCfg = Debug|Any CPU
		{2C3E669A-C0FF-4BB3-80DC-C02DB2D5069A}.Debug|x86.ActiveCfg = Debug|Any CPU
		{2C3E669A-C0FF-4BB3-80DC-C02DB2D5069A}.MailSystem Dev|Any CPU.ActiveCfg = Release|Any CPU
		{2C3E669A-C0FF-4BB3-80DC-C02DB2D5069A}.MailSystem Dev|Any CPU.Build.0 = Release|Any CPU
		{2C3E669A-C0FF-4BB3-80DC-C02DB2D5069A}.MailSystem Dev|Compact.ActiveCfg = Release|Any CPU
		{2C3E669A-C0FF-4BB3-80DC-C02DB2D5069A}.MailSystem Dev|x64.ActiveCfg = Release|Any CPU
		{2C3E669A-C0FF-4BB3-80DC-C02DB2D5069A}.MailSystem Dev|x86.ActiveCfg = Release|Any CPU
		{2C3E669A-C0FF-4BB3-80DC-C02DB2D5069A}.Release|Any CPU.ActiveCfg = Release|Any CPU
		{2C3E669A-C0FF-4BB3-80DC-C02DB2D5069A}.Release|Any CPU.Build.0 = Release|Any CPU
		{2C3E669A-C0FF-4BB3-80DC-C02DB2D5069A}.Release|Compact.ActiveCfg = Release|Any CPU
		{2C3E669A-C0FF-4BB3-80DC-C02DB2D5069A}.Release|x64.ActiveCfg = Release|Any CPU
		{2C3E669A-C0FF-4BB3-80DC-C02DB2D5069A}.Release|x86.ActiveCfg = Release|Any CPU
		{2C3E669A-C0FF-4BB3-80DC-C02DB2D5069A}.Retail|Any CPU.ActiveCfg = Release|Any CPU
		{2C3E669A-C0FF-4BB3-80DC-C02DB2D5069A}.Retail|Any CPU.Build.0 = Release|Any CPU
		{2C3E669A-C0FF-4BB3-80DC-C02DB2D5069A}.Retail|Compact.ActiveCfg = Release|Any CPU
		{2C3E669A-C0FF-4BB3-80DC-C02DB2D5069A}.Retail|x64.ActiveCfg = Release|Any CPU
		{2C3E669A-C0FF-4BB3-80DC-C02DB2D5069A}.Retail|x86.ActiveCfg = Release|Any CPU
		{2C3E669A-C0FF-4BB3-80DC-C02DB2D5069A}.Trial|Any CPU.ActiveCfg = Release|Any CPU
		{2C3E669A-C0FF-4BB3-80DC-C02DB2D5069A}.Trial|Any CPU.Build.0 = Release|Any CPU
		{2C3E669A-C0FF-4BB3-80DC-C02DB2D5069A}.Trial|Compact.ActiveCfg = Release|Any CPU
		{2C3E669A-C0FF-4BB3-80DC-C02DB2D5069A}.Trial|x64.ActiveCfg = Release|Any CPU
		{2C3E669A-C0FF-4BB3-80DC-C02DB2D5069A}.Trial|x86.ActiveCfg = Release|Any CPU
		{64723C77-5242-4671-A0BB-984DEEB79DBF}.Debug|Any CPU.ActiveCfg = Debug|Any CPU
		{64723C77-5242-4671-A0BB-984DEEB79DBF}.Debug|Any CPU.Build.0 = Debug|Any CPU
		{64723C77-5242-4671-A0BB-984DEEB79DBF}.Debug|Compact.ActiveCfg = Debug|Any CPU
		{64723C77-5242-4671-A0BB-984DEEB79DBF}.Debug|Compact.Build.0 = Debug|Any CPU
		{64723C77-5242-4671-A0BB-984DEEB79DBF}.Debug|x64.ActiveCfg = Debug|Any CPU
		{64723C77-5242-4671-A0BB-984DEEB79DBF}.Debug|x64.Build.0 = Debug|Any CPU
		{64723C77-5242-4671-A0BB-984DEEB79DBF}.Debug|x86.ActiveCfg = Debug|Any CPU
		{64723C77-5242-4671-A0BB-984DEEB79DBF}.Debug|x86.Build.0 = Debug|Any CPU
		{64723C77-5242-4671-A0BB-984DEEB79DBF}.MailSystem Dev|Any CPU.ActiveCfg = Release|Any CPU
		{64723C77-5242-4671-A0BB-984DEEB79DBF}.MailSystem Dev|Any CPU.Build.0 = Release|Any CPU
		{64723C77-5242-4671-A0BB-984DEEB79DBF}.MailSystem Dev|Compact.ActiveCfg = Release|Any CPU
		{64723C77-5242-4671-A0BB-984DEEB79DBF}.MailSystem Dev|Compact.Build.0 = Release|Any CPU
		{64723C77-5242-4671-A0BB-984DEEB79DBF}.MailSystem Dev|x64.ActiveCfg = Release|Any CPU
		{64723C77-5242-4671-A0BB-984DEEB79DBF}.MailSystem Dev|x64.Build.0 = Release|Any CPU
		{64723C77-5242-4671-A0BB-984DEEB79DBF}.MailSystem Dev|x86.ActiveCfg = Release|Any CPU
		{64723C77-5242-4671-A0BB-984DEEB79DBF}.MailSystem Dev|x86.Build.0 = Release|Any CPU
		{64723C77-5242-4671-A0BB-984DEEB79DBF}.Release|Any CPU.ActiveCfg = Release|Any CPU
		{64723C77-5242-4671-A0BB-984DEEB79DBF}.Release|Any CPU.Build.0 = Release|Any CPU
		{64723C77-5242-4671-A0BB-984DEEB79DBF}.Release|Compact.ActiveCfg = Release|Any CPU
		{64723C77-5242-4671-A0BB-984DEEB79DBF}.Release|Compact.Build.0 = Release|Any CPU
		{64723C77-5242-4671-A0BB-984DEEB79DBF}.Release|x64.ActiveCfg = Release|Any CPU
		{64723C77-5242-4671-A0BB-984DEEB79DBF}.Release|x64.Build.0 = Release|Any CPU
		{64723C77-5242-4671-A0BB-984DEEB79DBF}.Release|x86.ActiveCfg = Release|Any CPU
		{64723C77-5242-4671-A0BB-984DEEB79DBF}.Release|x86.Build.0 = Release|Any CPU
		{64723C77-5242-4671-A0BB-984DEEB79DBF}.Retail|Any CPU.ActiveCfg = Release|Any CPU
		{64723C77-5242-4671-A0BB-984DEEB79DBF}.Retail|Any CPU.Build.0 = Release|Any CPU
		{64723C77-5242-4671-A0BB-984DEEB79DBF}.Retail|Compact.ActiveCfg = Release|Any CPU
		{64723C77-5242-4671-A0BB-984DEEB79DBF}.Retail|Compact.Build.0 = Release|Any CPU
		{64723C77-5242-4671-A0BB-984DEEB79DBF}.Retail|x64.ActiveCfg = Release|Any CPU
		{64723C77-5242-4671-A0BB-984DEEB79DBF}.Retail|x64.Build.0 = Release|Any CPU
		{64723C77-5242-4671-A0BB-984DEEB79DBF}.Retail|x86.ActiveCfg = Release|Any CPU
		{64723C77-5242-4671-A0BB-984DEEB79DBF}.Retail|x86.Build.0 = Release|Any CPU
		{64723C77-5242-4671-A0BB-984DEEB79DBF}.Trial|Any CPU.ActiveCfg = Release|Any CPU
		{64723C77-5242-4671-A0BB-984DEEB79DBF}.Trial|Any CPU.Build.0 = Release|Any CPU
		{64723C77-5242-4671-A0BB-984DEEB79DBF}.Trial|Compact.ActiveCfg = Release|Any CPU
		{64723C77-5242-4671-A0BB-984DEEB79DBF}.Trial|Compact.Build.0 = Release|Any CPU
		{64723C77-5242-4671-A0BB-984DEEB79DBF}.Trial|x64.ActiveCfg = Release|Any CPU
		{64723C77-5242-4671-A0BB-984DEEB79DBF}.Trial|x64.Build.0 = Release|Any CPU
		{64723C77-5242-4671-A0BB-984DEEB79DBF}.Trial|x86.ActiveCfg = Release|Any CPU
		{64723C77-5242-4671-A0BB-984DEEB79DBF}.Trial|x86.Build.0 = Release|Any CPU
		{AE581332-D0B8-4481-BA67-71D11BFB056E}.Debug|Any CPU.ActiveCfg = Debug|Any CPU
		{AE581332-D0B8-4481-BA67-71D11BFB056E}.Debug|Any CPU.Build.0 = Debug|Any CPU
		{AE581332-D0B8-4481-BA67-71D11BFB056E}.Debug|Compact.ActiveCfg = Debug|Any CPU
		{AE581332-D0B8-4481-BA67-71D11BFB056E}.Debug|Compact.Build.0 = Debug|Any CPU
		{AE581332-D0B8-4481-BA67-71D11BFB056E}.Debug|x64.ActiveCfg = Debug|Any CPU
		{AE581332-D0B8-4481-BA67-71D11BFB056E}.Debug|x64.Build.0 = Debug|Any CPU
		{AE581332-D0B8-4481-BA67-71D11BFB056E}.Debug|x86.ActiveCfg = Debug|Any CPU
		{AE581332-D0B8-4481-BA67-71D11BFB056E}.Debug|x86.Build.0 = Debug|Any CPU
		{AE581332-D0B8-4481-BA67-71D11BFB056E}.MailSystem Dev|Any CPU.ActiveCfg = Release|Any CPU
		{AE581332-D0B8-4481-BA67-71D11BFB056E}.MailSystem Dev|Any CPU.Build.0 = Release|Any CPU
		{AE581332-D0B8-4481-BA67-71D11BFB056E}.MailSystem Dev|Compact.ActiveCfg = Release|Any CPU
		{AE581332-D0B8-4481-BA67-71D11BFB056E}.MailSystem Dev|Compact.Build.0 = Release|Any CPU
		{AE581332-D0B8-4481-BA67-71D11BFB056E}.MailSystem Dev|x64.ActiveCfg = Release|Any CPU
		{AE581332-D0B8-4481-BA67-71D11BFB056E}.MailSystem Dev|x64.Build.0 = Release|Any CPU
		{AE581332-D0B8-4481-BA67-71D11BFB056E}.MailSystem Dev|x86.ActiveCfg = Release|Any CPU
		{AE581332-D0B8-4481-BA67-71D11BFB056E}.MailSystem Dev|x86.Build.0 = Release|Any CPU
		{AE581332-D0B8-4481-BA67-71D11BFB056E}.Release|Any CPU.ActiveCfg = Release|Any CPU
		{AE581332-D0B8-4481-BA67-71D11BFB056E}.Release|Any CPU.Build.0 = Release|Any CPU
		{AE581332-D0B8-4481-BA67-71D11BFB056E}.Release|Compact.ActiveCfg = Release|Any CPU
		{AE581332-D0B8-4481-BA67-71D11BFB056E}.Release|Compact.Build.0 = Release|Any CPU
		{AE581332-D0B8-4481-BA67-71D11BFB056E}.Release|x64.ActiveCfg = Release|Any CPU
		{AE581332-D0B8-4481-BA67-71D11BFB056E}.Release|x64.Build.0 = Release|Any CPU
		{AE581332-D0B8-4481-BA67-71D11BFB056E}.Release|x86.ActiveCfg = Release|Any CPU
		{AE581332-D0B8-4481-BA67-71D11BFB056E}.Release|x86.Build.0 = Release|Any CPU
		{AE581332-D0B8-4481-BA67-71D11BFB056E}.Retail|Any CPU.ActiveCfg = Release|Any CPU
		{AE581332-D0B8-4481-BA67-71D11BFB056E}.Retail|Any CPU.Build.0 = Release|Any CPU
		{AE581332-D0B8-4481-BA67-71D11BFB056E}.Retail|Compact.ActiveCfg = Release|Any CPU
		{AE581332-D0B8-4481-BA67-71D11BFB056E}.Retail|Compact.Build.0 = Release|Any CPU
		{AE581332-D0B8-4481-BA67-71D11BFB056E}.Retail|x64.ActiveCfg = Release|Any CPU
		{AE581332-D0B8-4481-BA67-71D11BFB056E}.Retail|x64.Build.0 = Release|Any CPU
		{AE581332-D0B8-4481-BA67-71D11BFB056E}.Retail|x86.ActiveCfg = Release|Any CPU
		{AE581332-D0B8-4481-BA67-71D11BFB056E}.Retail|x86.Build.0 = Release|Any CPU
		{AE581332-D0B8-4481-BA67-71D11BFB056E}.Trial|Any CPU.ActiveCfg = Release|Any CPU
		{AE581332-D0B8-4481-BA67-71D11BFB056E}.Trial|Any CPU.Build.0 = Release|Any CPU
		{AE581332-D0B8-4481-BA67-71D11BFB056E}.Trial|Compact.ActiveCfg = Release|Any CPU
		{AE581332-D0B8-4481-BA67-71D11BFB056E}.Trial|Compact.Build.0 = Release|Any CPU
		{AE581332-D0B8-4481-BA67-71D11BFB056E}.Trial|x64.ActiveCfg = Release|Any CPU
		{AE581332-D0B8-4481-BA67-71D11BFB056E}.Trial|x64.Build.0 = Release|Any CPU
		{AE581332-D0B8-4481-BA67-71D11BFB056E}.Trial|x86.ActiveCfg = Release|Any CPU
		{AE581332-D0B8-4481-BA67-71D11BFB056E}.Trial|x86.Build.0 = Release|Any CPU
		{6E034575-6221-4F00-9FB6-2C02BDA5937B}.Debug|Any CPU.ActiveCfg = Debug|Any CPU
		{6E034575-6221-4F00-9FB6-2C02BDA5937B}.Debug|Any CPU.Build.0 = Debug|Any CPU
		{6E034575-6221-4F00-9FB6-2C02BDA5937B}.Debug|Compact.ActiveCfg = Debug|Any CPU
		{6E034575-6221-4F00-9FB6-2C02BDA5937B}.Debug|Compact.Build.0 = Debug|Any CPU
		{6E034575-6221-4F00-9FB6-2C02BDA5937B}.Debug|x64.ActiveCfg = Debug|Any CPU
		{6E034575-6221-4F00-9FB6-2C02BDA5937B}.Debug|x64.Build.0 = Debug|Any CPU
		{6E034575-6221-4F00-9FB6-2C02BDA5937B}.Debug|x86.ActiveCfg = Debug|Any CPU
		{6E034575-6221-4F00-9FB6-2C02BDA5937B}.Debug|x86.Build.0 = Debug|Any CPU
		{6E034575-6221-4F00-9FB6-2C02BDA5937B}.MailSystem Dev|Any CPU.ActiveCfg = Release|Any CPU
		{6E034575-6221-4F00-9FB6-2C02BDA5937B}.MailSystem Dev|Any CPU.Build.0 = Release|Any CPU
		{6E034575-6221-4F00-9FB6-2C02BDA5937B}.MailSystem Dev|Compact.ActiveCfg = Release|Any CPU
		{6E034575-6221-4F00-9FB6-2C02BDA5937B}.MailSystem Dev|Compact.Build.0 = Release|Any CPU
		{6E034575-6221-4F00-9FB6-2C02BDA5937B}.MailSystem Dev|x64.ActiveCfg = Release|Any CPU
		{6E034575-6221-4F00-9FB6-2C02BDA5937B}.MailSystem Dev|x64.Build.0 = Release|Any CPU
		{6E034575-6221-4F00-9FB6-2C02BDA5937B}.MailSystem Dev|x86.ActiveCfg = Release|Any CPU
		{6E034575-6221-4F00-9FB6-2C02BDA5937B}.MailSystem Dev|x86.Build.0 = Release|Any CPU
		{6E034575-6221-4F00-9FB6-2C02BDA5937B}.Release|Any CPU.ActiveCfg = Release|Any CPU
		{6E034575-6221-4F00-9FB6-2C02BDA5937B}.Release|Any CPU.Build.0 = Release|Any CPU
		{6E034575-6221-4F00-9FB6-2C02BDA5937B}.Release|Compact.ActiveCfg = Release|Any CPU
		{6E034575-6221-4F00-9FB6-2C02BDA5937B}.Release|Compact.Build.0 = Release|Any CPU
		{6E034575-6221-4F00-9FB6-2C02BDA5937B}.Release|x64.ActiveCfg = Release|Any CPU
		{6E034575-6221-4F00-9FB6-2C02BDA5937B}.Release|x64.Build.0 = Release|Any CPU
		{6E034575-6221-4F00-9FB6-2C02BDA5937B}.Release|x86.ActiveCfg = Release|Any CPU
		{6E034575-6221-4F00-9FB6-2C02BDA5937B}.Release|x86.Build.0 = Release|Any CPU
		{6E034575-6221-4F00-9FB6-2C02BDA5937B}.Retail|Any CPU.ActiveCfg = Release|Any CPU
		{6E034575-6221-4F00-9FB6-2C02BDA5937B}.Retail|Any CPU.Build.0 = Release|Any CPU
		{6E034575-6221-4F00-9FB6-2C02BDA5937B}.Retail|Compact.ActiveCfg = Release|Any CPU
		{6E034575-6221-4F00-9FB6-2C02BDA5937B}.Retail|Compact.Build.0 = Release|Any CPU
		{6E034575-6221-4F00-9FB6-2C02BDA5937B}.Retail|x64.ActiveCfg = Release|Any CPU
		{6E034575-6221-4F00-9FB6-2C02BDA5937B}.Retail|x64.Build.0 = Release|Any CPU
		{6E034575-6221-4F00-9FB6-2C02BDA5937B}.Retail|x86.ActiveCfg = Release|Any CPU
		{6E034575-6221-4F00-9FB6-2C02BDA5937B}.Retail|x86.Build.0 = Release|Any CPU
		{6E034575-6221-4F00-9FB6-2C02BDA5937B}.Trial|Any CPU.ActiveCfg = Release|Any CPU
		{6E034575-6221-4F00-9FB6-2C02BDA5937B}.Trial|Any CPU.Build.0 = Release|Any CPU
		{6E034575-6221-4F00-9FB6-2C02BDA5937B}.Trial|Compact.ActiveCfg = Release|Any CPU
		{6E034575-6221-4F00-9FB6-2C02BDA5937B}.Trial|Compact.Build.0 = Release|Any CPU
		{6E034575-6221-4F00-9FB6-2C02BDA5937B}.Trial|x64.ActiveCfg = Release|Any CPU
		{6E034575-6221-4F00-9FB6-2C02BDA5937B}.Trial|x64.Build.0 = Release|Any CPU
		{6E034575-6221-4F00-9FB6-2C02BDA5937B}.Trial|x86.ActiveCfg = Release|Any CPU
		{6E034575-6221-4F00-9FB6-2C02BDA5937B}.Trial|x86.Build.0 = Release|Any CPU
		{1704C757-6B9C-486A-8155-62250033A2C3}.Debug|Any CPU.ActiveCfg = Debug|Any CPU
		{1704C757-6B9C-486A-8155-62250033A2C3}.Debug|Any CPU.Build.0 = Debug|Any CPU
		{1704C757-6B9C-486A-8155-62250033A2C3}.Debug|Compact.ActiveCfg = Debug|Any CPU
		{1704C757-6B9C-486A-8155-62250033A2C3}.Debug|Compact.Build.0 = Debug|Any CPU
		{1704C757-6B9C-486A-8155-62250033A2C3}.Debug|x64.ActiveCfg = Debug|Any CPU
		{1704C757-6B9C-486A-8155-62250033A2C3}.Debug|x64.Build.0 = Debug|Any CPU
		{1704C757-6B9C-486A-8155-62250033A2C3}.Debug|x86.ActiveCfg = Debug|Any CPU
		{1704C757-6B9C-486A-8155-62250033A2C3}.Debug|x86.Build.0 = Debug|Any CPU
		{1704C757-6B9C-486A-8155-62250033A2C3}.MailSystem Dev|Any CPU.ActiveCfg = Release|Any CPU
		{1704C757-6B9C-486A-8155-62250033A2C3}.MailSystem Dev|Any CPU.Build.0 = Release|Any CPU
		{1704C757-6B9C-486A-8155-62250033A2C3}.MailSystem Dev|Compact.ActiveCfg = Release|Any CPU
		{1704C757-6B9C-486A-8155-62250033A2C3}.MailSystem Dev|Compact.Build.0 = Release|Any CPU
		{1704C757-6B9C-486A-8155-62250033A2C3}.MailSystem Dev|x64.ActiveCfg = Release|Any CPU
		{1704C757-6B9C-486A-8155-62250033A2C3}.MailSystem Dev|x64.Build.0 = Release|Any CPU
		{1704C757-6B9C-486A-8155-62250033A2C3}.MailSystem Dev|x86.ActiveCfg = Release|Any CPU
		{1704C757-6B9C-486A-8155-62250033A2C3}.MailSystem Dev|x86.Build.0 = Release|Any CPU
		{1704C757-6B9C-486A-8155-62250033A2C3}.Release|Any CPU.ActiveCfg = Release|Any CPU
		{1704C757-6B9C-486A-8155-62250033A2C3}.Release|Any CPU.Build.0 = Release|Any CPU
		{1704C757-6B9C-486A-8155-62250033A2C3}.Release|Compact.ActiveCfg = Release|Any CPU
		{1704C757-6B9C-486A-8155-62250033A2C3}.Release|Compact.Build.0 = Release|Any CPU
		{1704C757-6B9C-486A-8155-62250033A2C3}.Release|x64.ActiveCfg = Release|Any CPU
		{1704C757-6B9C-486A-8155-62250033A2C3}.Release|x64.Build.0 = Release|Any CPU
		{1704C757-6B9C-486A-8155-62250033A2C3}.Release|x86.ActiveCfg = Release|Any CPU
		{1704C757-6B9C-486A-8155-62250033A2C3}.Release|x86.Build.0 = Release|Any CPU
		{1704C757-6B9C-486A-8155-62250033A2C3}.Retail|Any CPU.ActiveCfg = Release|Any CPU
		{1704C757-6B9C-486A-8155-62250033A2C3}.Retail|Any CPU.Build.0 = Release|Any CPU
		{1704C757-6B9C-486A-8155-62250033A2C3}.Retail|Compact.ActiveCfg = Release|Any CPU
		{1704C757-6B9C-486A-8155-62250033A2C3}.Retail|Compact.Build.0 = Release|Any CPU
		{1704C757-6B9C-486A-8155-62250033A2C3}.Retail|x64.ActiveCfg = Release|Any CPU
		{1704C757-6B9C-486A-8155-62250033A2C3}.Retail|x64.Build.0 = Release|Any CPU
		{1704C757-6B9C-486A-8155-62250033A2C3}.Retail|x86.ActiveCfg = Release|Any CPU
		{1704C757-6B9C-486A-8155-62250033A2C3}.Retail|x86.Build.0 = Release|Any CPU
		{1704C757-6B9C-486A-8155-62250033A2C3}.Trial|Any CPU.ActiveCfg = Release|Any CPU
		{1704C757-6B9C-486A-8155-62250033A2C3}.Trial|Any CPU.Build.0 = Release|Any CPU
		{1704C757-6B9C-486A-8155-62250033A2C3}.Trial|Compact.ActiveCfg = Release|Any CPU
		{1704C757-6B9C-486A-8155-62250033A2C3}.Trial|Compact.Build.0 = Release|Any CPU
		{1704C757-6B9C-486A-8155-62250033A2C3}.Trial|x64.ActiveCfg = Release|Any CPU
		{1704C757-6B9C-486A-8155-62250033A2C3}.Trial|x64.Build.0 = Release|Any CPU
		{1704C757-6B9C-486A-8155-62250033A2C3}.Trial|x86.ActiveCfg = Release|Any CPU
		{1704C757-6B9C-486A-8155-62250033A2C3}.Trial|x86.Build.0 = Release|Any CPU
		{D9C5FA06-40A1-468F-A299-0C31304D1478}.Debug|Any CPU.ActiveCfg = Debug|Any CPU
		{D9C5FA06-40A1-468F-A299-0C31304D1478}.Debug|Any CPU.Build.0 = Debug|Any CPU
		{D9C5FA06-40A1-468F-A299-0C31304D1478}.Debug|Compact.ActiveCfg = Debug|Any CPU
		{D9C5FA06-40A1-468F-A299-0C31304D1478}.Debug|Compact.Build.0 = Debug|Any CPU
		{D9C5FA06-40A1-468F-A299-0C31304D1478}.Debug|x64.ActiveCfg = Debug|Any CPU
		{D9C5FA06-40A1-468F-A299-0C31304D1478}.Debug|x64.Build.0 = Debug|Any CPU
		{D9C5FA06-40A1-468F-A299-0C31304D1478}.Debug|x86.ActiveCfg = Debug|Any CPU
		{D9C5FA06-40A1-468F-A299-0C31304D1478}.Debug|x86.Build.0 = Debug|Any CPU
		{D9C5FA06-40A1-468F-A299-0C31304D1478}.MailSystem Dev|Any CPU.ActiveCfg = Release|Any CPU
		{D9C5FA06-40A1-468F-A299-0C31304D1478}.MailSystem Dev|Any CPU.Build.0 = Release|Any CPU
		{D9C5FA06-40A1-468F-A299-0C31304D1478}.MailSystem Dev|Compact.ActiveCfg = Release|Any CPU
		{D9C5FA06-40A1-468F-A299-0C31304D1478}.MailSystem Dev|Compact.Build.0 = Release|Any CPU
		{D9C5FA06-40A1-468F-A299-0C31304D1478}.MailSystem Dev|x64.ActiveCfg = Release|Any CPU
		{D9C5FA06-40A1-468F-A299-0C31304D1478}.MailSystem Dev|x64.Build.0 = Release|Any CPU
		{D9C5FA06-40A1-468F-A299-0C31304D1478}.MailSystem Dev|x86.ActiveCfg = Release|Any CPU
		{D9C5FA06-40A1-468F-A299-0C31304D1478}.MailSystem Dev|x86.Build.0 = Release|Any CPU
		{D9C5FA06-40A1-468F-A299-0C31304D1478}.Release|Any CPU.ActiveCfg = Release|Any CPU
		{D9C5FA06-40A1-468F-A299-0C31304D1478}.Release|Any CPU.Build.0 = Release|Any CPU
		{D9C5FA06-40A1-468F-A299-0C31304D1478}.Release|Compact.ActiveCfg = Release|Any CPU
		{D9C5FA06-40A1-468F-A299-0C31304D1478}.Release|Compact.Build.0 = Release|Any CPU
		{D9C5FA06-40A1-468F-A299-0C31304D1478}.Release|x64.ActiveCfg = Release|Any CPU
		{D9C5FA06-40A1-468F-A299-0C31304D1478}.Release|x64.Build.0 = Release|Any CPU
		{D9C5FA06-40A1-468F-A299-0C31304D1478}.Release|x86.ActiveCfg = Release|Any CPU
		{D9C5FA06-40A1-468F-A299-0C31304D1478}.Release|x86.Build.0 = Release|Any CPU
		{D9C5FA06-40A1-468F-A299-0C31304D1478}.Retail|Any CPU.ActiveCfg = Release|Any CPU
		{D9C5FA06-40A1-468F-A299-0C31304D1478}.Retail|Any CPU.Build.0 = Release|Any CPU
		{D9C5FA06-40A1-468F-A299-0C31304D1478}.Retail|Compact.ActiveCfg = Release|Any CPU
		{D9C5FA06-40A1-468F-A299-0C31304D1478}.Retail|Compact.Build.0 = Release|Any CPU
		{D9C5FA06-40A1-468F-A299-0C31304D1478}.Retail|x64.ActiveCfg = Release|Any CPU
		{D9C5FA06-40A1-468F-A299-0C31304D1478}.Retail|x64.Build.0 = Release|Any CPU
		{D9C5FA06-40A1-468F-A299-0C31304D1478}.Retail|x86.ActiveCfg = Release|Any CPU
		{D9C5FA06-40A1-468F-A299-0C31304D1478}.Retail|x86.Build.0 = Release|Any CPU
		{D9C5FA06-40A1-468F-A299-0C31304D1478}.Trial|Any CPU.ActiveCfg = Release|Any CPU
		{D9C5FA06-40A1-468F-A299-0C31304D1478}.Trial|Any CPU.Build.0 = Release|Any CPU
		{D9C5FA06-40A1-468F-A299-0C31304D1478}.Trial|Compact.ActiveCfg = Release|Any CPU
		{D9C5FA06-40A1-468F-A299-0C31304D1478}.Trial|Compact.Build.0 = Release|Any CPU
		{D9C5FA06-40A1-468F-A299-0C31304D1478}.Trial|x64.ActiveCfg = Release|Any CPU
		{D9C5FA06-40A1-468F-A299-0C31304D1478}.Trial|x64.Build.0 = Release|Any CPU
		{D9C5FA06-40A1-468F-A299-0C31304D1478}.Trial|x86.ActiveCfg = Release|Any CPU
		{D9C5FA06-40A1-468F-A299-0C31304D1478}.Trial|x86.Build.0 = Release|Any CPU
		{47A68414-4D71-4A8C-9F8E-3BC54DD497E4}.Debug|Any CPU.ActiveCfg = Debug|Any CPU
		{47A68414-4D71-4A8C-9F8E-3BC54DD497E4}.Debug|Any CPU.Build.0 = Debug|Any CPU
		{47A68414-4D71-4A8C-9F8E-3BC54DD497E4}.Debug|Compact.ActiveCfg = Debug|Any CPU
		{47A68414-4D71-4A8C-9F8E-3BC54DD497E4}.Debug|Compact.Build.0 = Debug|Any CPU
		{47A68414-4D71-4A8C-9F8E-3BC54DD497E4}.Debug|x64.ActiveCfg = Debug|Any CPU
		{47A68414-4D71-4A8C-9F8E-3BC54DD497E4}.Debug|x64.Build.0 = Debug|Any CPU
		{47A68414-4D71-4A8C-9F8E-3BC54DD497E4}.Debug|x86.ActiveCfg = Debug|Any CPU
		{47A68414-4D71-4A8C-9F8E-3BC54DD497E4}.Debug|x86.Build.0 = Debug|Any CPU
		{47A68414-4D71-4A8C-9F8E-3BC54DD497E4}.MailSystem Dev|Any CPU.ActiveCfg = Release|Any CPU
		{47A68414-4D71-4A8C-9F8E-3BC54DD497E4}.MailSystem Dev|Any CPU.Build.0 = Release|Any CPU
		{47A68414-4D71-4A8C-9F8E-3BC54DD497E4}.MailSystem Dev|Compact.ActiveCfg = Release|Any CPU
		{47A68414-4D71-4A8C-9F8E-3BC54DD497E4}.MailSystem Dev|Compact.Build.0 = Release|Any CPU
		{47A68414-4D71-4A8C-9F8E-3BC54DD497E4}.MailSystem Dev|x64.ActiveCfg = Release|Any CPU
		{47A68414-4D71-4A8C-9F8E-3BC54DD497E4}.MailSystem Dev|x64.Build.0 = Release|Any CPU
		{47A68414-4D71-4A8C-9F8E-3BC54DD497E4}.MailSystem Dev|x86.ActiveCfg = Release|Any CPU
		{47A68414-4D71-4A8C-9F8E-3BC54DD497E4}.MailSystem Dev|x86.Build.0 = Release|Any CPU
		{47A68414-4D71-4A8C-9F8E-3BC54DD497E4}.Release|Any CPU.ActiveCfg = Release|Any CPU
		{47A68414-4D71-4A8C-9F8E-3BC54DD497E4}.Release|Any CPU.Build.0 = Release|Any CPU
		{47A68414-4D71-4A8C-9F8E-3BC54DD497E4}.Release|Compact.ActiveCfg = Release|Any CPU
		{47A68414-4D71-4A8C-9F8E-3BC54DD497E4}.Release|Compact.Build.0 = Release|Any CPU
		{47A68414-4D71-4A8C-9F8E-3BC54DD497E4}.Release|x64.ActiveCfg = Release|Any CPU
		{47A68414-4D71-4A8C-9F8E-3BC54DD497E4}.Release|x64.Build.0 = Release|Any CPU
		{47A68414-4D71-4A8C-9F8E-3BC54DD497E4}.Release|x86.ActiveCfg = Release|Any CPU
		{47A68414-4D71-4A8C-9F8E-3BC54DD497E4}.Release|x86.Build.0 = Release|Any CPU
		{47A68414-4D71-4A8C-9F8E-3BC54DD497E4}.Retail|Any CPU.ActiveCfg = Release|Any CPU
		{47A68414-4D71-4A8C-9F8E-3BC54DD497E4}.Retail|Any CPU.Build.0 = Release|Any CPU
		{47A68414-4D71-4A8C-9F8E-3BC54DD497E4}.Retail|Compact.ActiveCfg = Release|Any CPU
		{47A68414-4D71-4A8C-9F8E-3BC54DD497E4}.Retail|Compact.Build.0 = Release|Any CPU
		{47A68414-4D71-4A8C-9F8E-3BC54DD497E4}.Retail|x64.ActiveCfg = Release|Any CPU
		{47A68414-4D71-4A8C-9F8E-3BC54DD497E4}.Retail|x64.Build.0 = Release|Any CPU
		{47A68414-4D71-4A8C-9F8E-3BC54DD497E4}.Retail|x86.ActiveCfg = Release|Any CPU
		{47A68414-4D71-4A8C-9F8E-3BC54DD497E4}.Retail|x86.Build.0 = Release|Any CPU
		{47A68414-4D71-4A8C-9F8E-3BC54DD497E4}.Trial|Any CPU.ActiveCfg = Release|Any CPU
		{47A68414-4D71-4A8C-9F8E-3BC54DD497E4}.Trial|Any CPU.Build.0 = Release|Any CPU
		{47A68414-4D71-4A8C-9F8E-3BC54DD497E4}.Trial|Compact.ActiveCfg = Release|Any CPU
		{47A68414-4D71-4A8C-9F8E-3BC54DD497E4}.Trial|Compact.Build.0 = Release|Any CPU
		{47A68414-4D71-4A8C-9F8E-3BC54DD497E4}.Trial|x64.ActiveCfg = Release|Any CPU
		{47A68414-4D71-4A8C-9F8E-3BC54DD497E4}.Trial|x64.Build.0 = Release|Any CPU
		{47A68414-4D71-4A8C-9F8E-3BC54DD497E4}.Trial|x86.ActiveCfg = Release|Any CPU
		{47A68414-4D71-4A8C-9F8E-3BC54DD497E4}.Trial|x86.Build.0 = Release|Any CPU
		{7488A1E4-B8A1-4BEE-9E9E-91FD1C5BD956}.Debug|Any CPU.ActiveCfg = Debug|Any CPU
		{7488A1E4-B8A1-4BEE-9E9E-91FD1C5BD956}.Debug|Any CPU.Build.0 = Debug|Any CPU
		{7488A1E4-B8A1-4BEE-9E9E-91FD1C5BD956}.Debug|Compact.ActiveCfg = Debug|Any CPU
		{7488A1E4-B8A1-4BEE-9E9E-91FD1C5BD956}.Debug|Compact.Build.0 = Debug|Any CPU
		{7488A1E4-B8A1-4BEE-9E9E-91FD1C5BD956}.Debug|x64.ActiveCfg = Debug|Any CPU
		{7488A1E4-B8A1-4BEE-9E9E-91FD1C5BD956}.Debug|x64.Build.0 = Debug|Any CPU
		{7488A1E4-B8A1-4BEE-9E9E-91FD1C5BD956}.Debug|x86.ActiveCfg = Debug|Any CPU
		{7488A1E4-B8A1-4BEE-9E9E-91FD1C5BD956}.Debug|x86.Build.0 = Debug|Any CPU
		{7488A1E4-B8A1-4BEE-9E9E-91FD1C5BD956}.MailSystem Dev|Any CPU.ActiveCfg = Release|Any CPU
		{7488A1E4-B8A1-4BEE-9E9E-91FD1C5BD956}.MailSystem Dev|Any CPU.Build.0 = Release|Any CPU
		{7488A1E4-B8A1-4BEE-9E9E-91FD1C5BD956}.MailSystem Dev|Compact.ActiveCfg = Release|Any CPU
		{7488A1E4-B8A1-4BEE-9E9E-91FD1C5BD956}.MailSystem Dev|Compact.Build.0 = Release|Any CPU
		{7488A1E4-B8A1-4BEE-9E9E-91FD1C5BD956}.MailSystem Dev|x64.ActiveCfg = Release|Any CPU
		{7488A1E4-B8A1-4BEE-9E9E-91FD1C5BD956}.MailSystem Dev|x64.Build.0 = Release|Any CPU
		{7488A1E4-B8A1-4BEE-9E9E-91FD1C5BD956}.MailSystem Dev|x86.ActiveCfg = Release|Any CPU
		{7488A1E4-B8A1-4BEE-9E9E-91FD1C5BD956}.MailSystem Dev|x86.Build.0 = Release|Any CPU
		{7488A1E4-B8A1-4BEE-9E9E-91FD1C5BD956}.Release|Any CPU.ActiveCfg = Release|Any CPU
		{7488A1E4-B8A1-4BEE-9E9E-91FD1C5BD956}.Release|Any CPU.Build.0 = Release|Any CPU
		{7488A1E4-B8A1-4BEE-9E9E-91FD1C5BD956}.Release|Compact.ActiveCfg = Release|Any CPU
		{7488A1E4-B8A1-4BEE-9E9E-91FD1C5BD956}.Release|Compact.Build.0 = Release|Any CPU
		{7488A1E4-B8A1-4BEE-9E9E-91FD1C5BD956}.Release|x64.ActiveCfg = Release|Any CPU
		{7488A1E4-B8A1-4BEE-9E9E-91FD1C5BD956}.Release|x64.Build.0 = Release|Any CPU
		{7488A1E4-B8A1-4BEE-9E9E-91FD1C5BD956}.Release|x86.ActiveCfg = Release|Any CPU
		{7488A1E4-B8A1-4BEE-9E9E-91FD1C5BD956}.Release|x86.Build.0 = Release|Any CPU
		{7488A1E4-B8A1-4BEE-9E9E-91FD1C5BD956}.Retail|Any CPU.ActiveCfg = Release|Any CPU
		{7488A1E4-B8A1-4BEE-9E9E-91FD1C5BD956}.Retail|Any CPU.Build.0 = Release|Any CPU
		{7488A1E4-B8A1-4BEE-9E9E-91FD1C5BD956}.Retail|Compact.ActiveCfg = Release|Any CPU
		{7488A1E4-B8A1-4BEE-9E9E-91FD1C5BD956}.Retail|Compact.Build.0 = Release|Any CPU
		{7488A1E4-B8A1-4BEE-9E9E-91FD1C5BD956}.Retail|x64.ActiveCfg = Release|Any CPU
		{7488A1E4-B8A1-4BEE-9E9E-91FD1C5BD956}.Retail|x64.Build.0 = Release|Any CPU
		{7488A1E4-B8A1-4BEE-9E9E-91FD1C5BD956}.Retail|x86.ActiveCfg = Release|Any CPU
		{7488A1E4-B8A1-4BEE-9E9E-91FD1C5BD956}.Retail|x86.Build.0 = Release|Any CPU
		{7488A1E4-B8A1-4BEE-9E9E-91FD1C5BD956}.Trial|Any CPU.ActiveCfg = Release|Any CPU
		{7488A1E4-B8A1-4BEE-9E9E-91FD1C5BD956}.Trial|Any CPU.Build.0 = Release|Any CPU
		{7488A1E4-B8A1-4BEE-9E9E-91FD1C5BD956}.Trial|Compact.ActiveCfg = Release|Any CPU
		{7488A1E4-B8A1-4BEE-9E9E-91FD1C5BD956}.Trial|Compact.Build.0 = Release|Any CPU
		{7488A1E4-B8A1-4BEE-9E9E-91FD1C5BD956}.Trial|x64.ActiveCfg = Release|Any CPU
		{7488A1E4-B8A1-4BEE-9E9E-91FD1C5BD956}.Trial|x64.Build.0 = Release|Any CPU
		{7488A1E4-B8A1-4BEE-9E9E-91FD1C5BD956}.Trial|x86.ActiveCfg = Release|Any CPU
		{7488A1E4-B8A1-4BEE-9E9E-91FD1C5BD956}.Trial|x86.Build.0 = Release|Any CPU
		{842533CC-82A3-4AA1-A373-6089E13F5ECB}.Debug|Any CPU.ActiveCfg = Debug|Any CPU
		{842533CC-82A3-4AA1-A373-6089E13F5ECB}.Debug|Any CPU.Build.0 = Debug|Any CPU
		{842533CC-82A3-4AA1-A373-6089E13F5ECB}.Debug|Compact.ActiveCfg = Debug|Any CPU
		{842533CC-82A3-4AA1-A373-6089E13F5ECB}.Debug|Compact.Build.0 = Debug|Any CPU
		{842533CC-82A3-4AA1-A373-6089E13F5ECB}.Debug|x64.ActiveCfg = Debug|Any CPU
		{842533CC-82A3-4AA1-A373-6089E13F5ECB}.Debug|x64.Build.0 = Debug|Any CPU
		{842533CC-82A3-4AA1-A373-6089E13F5ECB}.Debug|x86.ActiveCfg = Debug|Any CPU
		{842533CC-82A3-4AA1-A373-6089E13F5ECB}.Debug|x86.Build.0 = Debug|Any CPU
		{842533CC-82A3-4AA1-A373-6089E13F5ECB}.MailSystem Dev|Any CPU.ActiveCfg = Release|Any CPU
		{842533CC-82A3-4AA1-A373-6089E13F5ECB}.MailSystem Dev|Any CPU.Build.0 = Release|Any CPU
		{842533CC-82A3-4AA1-A373-6089E13F5ECB}.MailSystem Dev|Compact.ActiveCfg = Release|Any CPU
		{842533CC-82A3-4AA1-A373-6089E13F5ECB}.MailSystem Dev|Compact.Build.0 = Release|Any CPU
		{842533CC-82A3-4AA1-A373-6089E13F5ECB}.MailSystem Dev|x64.ActiveCfg = Release|Any CPU
		{842533CC-82A3-4AA1-A373-6089E13F5ECB}.MailSystem Dev|x64.Build.0 = Release|Any CPU
		{842533CC-82A3-4AA1-A373-6089E13F5ECB}.MailSystem Dev|x86.ActiveCfg = Release|Any CPU
		{842533CC-82A3-4AA1-A373-6089E13F5ECB}.MailSystem Dev|x86.Build.0 = Release|Any CPU
		{842533CC-82A3-4AA1-A373-6089E13F5ECB}.Release|Any CPU.ActiveCfg = Release|Any CPU
		{842533CC-82A3-4AA1-A373-6089E13F5ECB}.Release|Any CPU.Build.0 = Release|Any CPU
		{842533CC-82A3-4AA1-A373-6089E13F5ECB}.Release|Compact.ActiveCfg = Release|Any CPU
		{842533CC-82A3-4AA1-A373-6089E13F5ECB}.Release|Compact.Build.0 = Release|Any CPU
		{842533CC-82A3-4AA1-A373-6089E13F5ECB}.Release|x64.ActiveCfg = Release|Any CPU
		{842533CC-82A3-4AA1-A373-6089E13F5ECB}.Release|x64.Build.0 = Release|Any CPU
		{842533CC-82A3-4AA1-A373-6089E13F5ECB}.Release|x86.ActiveCfg = Release|Any CPU
		{842533CC-82A3-4AA1-A373-6089E13F5ECB}.Release|x86.Build.0 = Release|Any CPU
		{842533CC-82A3-4AA1-A373-6089E13F5ECB}.Retail|Any CPU.ActiveCfg = Release|Any CPU
		{842533CC-82A3-4AA1-A373-6089E13F5ECB}.Retail|Any CPU.Build.0 = Release|Any CPU
		{842533CC-82A3-4AA1-A373-6089E13F5ECB}.Retail|Compact.ActiveCfg = Release|Any CPU
		{842533CC-82A3-4AA1-A373-6089E13F5ECB}.Retail|Compact.Build.0 = Release|Any CPU
		{842533CC-82A3-4AA1-A373-6089E13F5ECB}.Retail|x64.ActiveCfg = Release|Any CPU
		{842533CC-82A3-4AA1-A373-6089E13F5ECB}.Retail|x64.Build.0 = Release|Any CPU
		{842533CC-82A3-4AA1-A373-6089E13F5ECB}.Retail|x86.ActiveCfg = Release|Any CPU
		{842533CC-82A3-4AA1-A373-6089E13F5ECB}.Retail|x86.Build.0 = Release|Any CPU
		{842533CC-82A3-4AA1-A373-6089E13F5ECB}.Trial|Any CPU.ActiveCfg = Release|Any CPU
		{842533CC-82A3-4AA1-A373-6089E13F5ECB}.Trial|Any CPU.Build.0 = Release|Any CPU
		{842533CC-82A3-4AA1-A373-6089E13F5ECB}.Trial|Compact.ActiveCfg = Release|Any CPU
		{842533CC-82A3-4AA1-A373-6089E13F5ECB}.Trial|Compact.Build.0 = Release|Any CPU
		{842533CC-82A3-4AA1-A373-6089E13F5ECB}.Trial|x64.ActiveCfg = Release|Any CPU
		{842533CC-82A3-4AA1-A373-6089E13F5ECB}.Trial|x64.Build.0 = Release|Any CPU
		{842533CC-82A3-4AA1-A373-6089E13F5ECB}.Trial|x86.ActiveCfg = Release|Any CPU
		{842533CC-82A3-4AA1-A373-6089E13F5ECB}.Trial|x86.Build.0 = Release|Any CPU
		{29D6C7C1-38D6-49C0-931A-A70AB08635C9}.Debug|Any CPU.ActiveCfg = Debug|Any CPU
		{29D6C7C1-38D6-49C0-931A-A70AB08635C9}.Debug|Any CPU.Build.0 = Debug|Any CPU
		{29D6C7C1-38D6-49C0-931A-A70AB08635C9}.Debug|Compact.ActiveCfg = Debug|Any CPU
		{29D6C7C1-38D6-49C0-931A-A70AB08635C9}.Debug|Compact.Build.0 = Debug|Any CPU
		{29D6C7C1-38D6-49C0-931A-A70AB08635C9}.Debug|x64.ActiveCfg = Debug|Any CPU
		{29D6C7C1-38D6-49C0-931A-A70AB08635C9}.Debug|x64.Build.0 = Debug|Any CPU
		{29D6C7C1-38D6-49C0-931A-A70AB08635C9}.Debug|x86.ActiveCfg = Debug|Any CPU
		{29D6C7C1-38D6-49C0-931A-A70AB08635C9}.Debug|x86.Build.0 = Debug|Any CPU
		{29D6C7C1-38D6-49C0-931A-A70AB08635C9}.MailSystem Dev|Any CPU.ActiveCfg = Release|Any CPU
		{29D6C7C1-38D6-49C0-931A-A70AB08635C9}.MailSystem Dev|Any CPU.Build.0 = Release|Any CPU
		{29D6C7C1-38D6-49C0-931A-A70AB08635C9}.MailSystem Dev|Compact.ActiveCfg = Release|Any CPU
		{29D6C7C1-38D6-49C0-931A-A70AB08635C9}.MailSystem Dev|Compact.Build.0 = Release|Any CPU
		{29D6C7C1-38D6-49C0-931A-A70AB08635C9}.MailSystem Dev|x64.ActiveCfg = Release|Any CPU
		{29D6C7C1-38D6-49C0-931A-A70AB08635C9}.MailSystem Dev|x64.Build.0 = Release|Any CPU
		{29D6C7C1-38D6-49C0-931A-A70AB08635C9}.MailSystem Dev|x86.ActiveCfg = Release|Any CPU
		{29D6C7C1-38D6-49C0-931A-A70AB08635C9}.MailSystem Dev|x86.Build.0 = Release|Any CPU
		{29D6C7C1-38D6-49C0-931A-A70AB08635C9}.Release|Any CPU.ActiveCfg = Release|Any CPU
		{29D6C7C1-38D6-49C0-931A-A70AB08635C9}.Release|Any CPU.Build.0 = Release|Any CPU
		{29D6C7C1-38D6-49C0-931A-A70AB08635C9}.Release|Compact.ActiveCfg = Release|Any CPU
		{29D6C7C1-38D6-49C0-931A-A70AB08635C9}.Release|Compact.Build.0 = Release|Any CPU
		{29D6C7C1-38D6-49C0-931A-A70AB08635C9}.Release|x64.ActiveCfg = Release|Any CPU
		{29D6C7C1-38D6-49C0-931A-A70AB08635C9}.Release|x64.Build.0 = Release|Any CPU
		{29D6C7C1-38D6-49C0-931A-A70AB08635C9}.Release|x86.ActiveCfg = Release|Any CPU
		{29D6C7C1-38D6-49C0-931A-A70AB08635C9}.Release|x86.Build.0 = Release|Any CPU
		{29D6C7C1-38D6-49C0-931A-A70AB08635C9}.Retail|Any CPU.ActiveCfg = Release|Any CPU
		{29D6C7C1-38D6-49C0-931A-A70AB08635C9}.Retail|Any CPU.Build.0 = Release|Any CPU
		{29D6C7C1-38D6-49C0-931A-A70AB08635C9}.Retail|Compact.ActiveCfg = Release|Any CPU
		{29D6C7C1-38D6-49C0-931A-A70AB08635C9}.Retail|Compact.Build.0 = Release|Any CPU
		{29D6C7C1-38D6-49C0-931A-A70AB08635C9}.Retail|x64.ActiveCfg = Release|Any CPU
		{29D6C7C1-38D6-49C0-931A-A70AB08635C9}.Retail|x64.Build.0 = Release|Any CPU
		{29D6C7C1-38D6-49C0-931A-A70AB08635C9}.Retail|x86.ActiveCfg = Release|Any CPU
		{29D6C7C1-38D6-49C0-931A-A70AB08635C9}.Retail|x86.Build.0 = Release|Any CPU
		{29D6C7C1-38D6-49C0-931A-A70AB08635C9}.Trial|Any CPU.ActiveCfg = Release|Any CPU
		{29D6C7C1-38D6-49C0-931A-A70AB08635C9}.Trial|Any CPU.Build.0 = Release|Any CPU
		{29D6C7C1-38D6-49C0-931A-A70AB08635C9}.Trial|Compact.ActiveCfg = Release|Any CPU
		{29D6C7C1-38D6-49C0-931A-A70AB08635C9}.Trial|Compact.Build.0 = Release|Any CPU
		{29D6C7C1-38D6-49C0-931A-A70AB08635C9}.Trial|x64.ActiveCfg = Release|Any CPU
		{29D6C7C1-38D6-49C0-931A-A70AB08635C9}.Trial|x64.Build.0 = Release|Any CPU
		{29D6C7C1-38D6-49C0-931A-A70AB08635C9}.Trial|x86.ActiveCfg = Release|Any CPU
		{29D6C7C1-38D6-49C0-931A-A70AB08635C9}.Trial|x86.Build.0 = Release|Any CPU
		{5F7B884E-7E42-4A32-ADB3-E8CBB3FD5B31}.Debug|Any CPU.ActiveCfg = Debug|Any CPU
		{5F7B884E-7E42-4A32-ADB3-E8CBB3FD5B31}.Debug|Any CPU.Build.0 = Debug|Any CPU
		{5F7B884E-7E42-4A32-ADB3-E8CBB3FD5B31}.Debug|Compact.ActiveCfg = Debug|Any CPU
		{5F7B884E-7E42-4A32-ADB3-E8CBB3FD5B31}.Debug|Compact.Build.0 = Debug|Any CPU
		{5F7B884E-7E42-4A32-ADB3-E8CBB3FD5B31}.Debug|x64.ActiveCfg = Debug|Any CPU
		{5F7B884E-7E42-4A32-ADB3-E8CBB3FD5B31}.Debug|x64.Build.0 = Debug|Any CPU
		{5F7B884E-7E42-4A32-ADB3-E8CBB3FD5B31}.Debug|x86.ActiveCfg = Debug|Any CPU
		{5F7B884E-7E42-4A32-ADB3-E8CBB3FD5B31}.Debug|x86.Build.0 = Debug|Any CPU
		{5F7B884E-7E42-4A32-ADB3-E8CBB3FD5B31}.MailSystem Dev|Any CPU.ActiveCfg = Release|Any CPU
		{5F7B884E-7E42-4A32-ADB3-E8CBB3FD5B31}.MailSystem Dev|Any CPU.Build.0 = Release|Any CPU
		{5F7B884E-7E42-4A32-ADB3-E8CBB3FD5B31}.MailSystem Dev|Compact.ActiveCfg = Release|Any CPU
		{5F7B884E-7E42-4A32-ADB3-E8CBB3FD5B31}.MailSystem Dev|Compact.Build.0 = Release|Any CPU
		{5F7B884E-7E42-4A32-ADB3-E8CBB3FD5B31}.MailSystem Dev|x64.ActiveCfg = Release|Any CPU
		{5F7B884E-7E42-4A32-ADB3-E8CBB3FD5B31}.MailSystem Dev|x64.Build.0 = Release|Any CPU
		{5F7B884E-7E42-4A32-ADB3-E8CBB3FD5B31}.MailSystem Dev|x86.ActiveCfg = Release|Any CPU
		{5F7B884E-7E42-4A32-ADB3-E8CBB3FD5B31}.MailSystem Dev|x86.Build.0 = Release|Any CPU
		{5F7B884E-7E42-4A32-ADB3-E8CBB3FD5B31}.Release|Any CPU.ActiveCfg = Release|Any CPU
		{5F7B884E-7E42-4A32-ADB3-E8CBB3FD5B31}.Release|Any CPU.Build.0 = Release|Any CPU
		{5F7B884E-7E42-4A32-ADB3-E8CBB3FD5B31}.Release|Compact.ActiveCfg = Release|Any CPU
		{5F7B884E-7E42-4A32-ADB3-E8CBB3FD5B31}.Release|Compact.Build.0 = Release|Any CPU
		{5F7B884E-7E42-4A32-ADB3-E8CBB3FD5B31}.Release|x64.ActiveCfg = Release|Any CPU
		{5F7B884E-7E42-4A32-ADB3-E8CBB3FD5B31}.Release|x64.Build.0 = Release|Any CPU
		{5F7B884E-7E42-4A32-ADB3-E8CBB3FD5B31}.Release|x86.ActiveCfg = Release|Any CPU
		{5F7B884E-7E42-4A32-ADB3-E8CBB3FD5B31}.Release|x86.Build.0 = Release|Any CPU
		{5F7B884E-7E42-4A32-ADB3-E8CBB3FD5B31}.Retail|Any CPU.ActiveCfg = Release|Any CPU
		{5F7B884E-7E42-4A32-ADB3-E8CBB3FD5B31}.Retail|Any CPU.Build.0 = Release|Any CPU
		{5F7B884E-7E42-4A32-ADB3-E8CBB3FD5B31}.Retail|Compact.ActiveCfg = Release|Any CPU
		{5F7B884E-7E42-4A32-ADB3-E8CBB3FD5B31}.Retail|Compact.Build.0 = Release|Any CPU
		{5F7B884E-7E42-4A32-ADB3-E8CBB3FD5B31}.Retail|x64.ActiveCfg = Release|Any CPU
		{5F7B884E-7E42-4A32-ADB3-E8CBB3FD5B31}.Retail|x64.Build.0 = Release|Any CPU
		{5F7B884E-7E42-4A32-ADB3-E8CBB3FD5B31}.Retail|x86.ActiveCfg = Release|Any CPU
		{5F7B884E-7E42-4A32-ADB3-E8CBB3FD5B31}.Retail|x86.Build.0 = Release|Any CPU
		{5F7B884E-7E42-4A32-ADB3-E8CBB3FD5B31}.Trial|Any CPU.ActiveCfg = Release|Any CPU
		{5F7B884E-7E42-4A32-ADB3-E8CBB3FD5B31}.Trial|Any CPU.Build.0 = Release|Any CPU
		{5F7B884E-7E42-4A32-ADB3-E8CBB3FD5B31}.Trial|Compact.ActiveCfg = Release|Any CPU
		{5F7B884E-7E42-4A32-ADB3-E8CBB3FD5B31}.Trial|Compact.Build.0 = Release|Any CPU
		{5F7B884E-7E42-4A32-ADB3-E8CBB3FD5B31}.Trial|x64.ActiveCfg = Release|Any CPU
		{5F7B884E-7E42-4A32-ADB3-E8CBB3FD5B31}.Trial|x64.Build.0 = Release|Any CPU
		{5F7B884E-7E42-4A32-ADB3-E8CBB3FD5B31}.Trial|x86.ActiveCfg = Release|Any CPU
		{5F7B884E-7E42-4A32-ADB3-E8CBB3FD5B31}.Trial|x86.Build.0 = Release|Any CPU
		{B2479E9D-04DC-4A35-837A-E69C62EB4C8A}.Debug|Any CPU.ActiveCfg = Debug|Any CPU
		{B2479E9D-04DC-4A35-837A-E69C62EB4C8A}.Debug|Any CPU.Build.0 = Debug|Any CPU
		{B2479E9D-04DC-4A35-837A-E69C62EB4C8A}.Debug|Compact.ActiveCfg = Debug|Any CPU
		{B2479E9D-04DC-4A35-837A-E69C62EB4C8A}.Debug|Compact.Build.0 = Debug|Any CPU
		{B2479E9D-04DC-4A35-837A-E69C62EB4C8A}.Debug|x64.ActiveCfg = Debug|Any CPU
		{B2479E9D-04DC-4A35-837A-E69C62EB4C8A}.Debug|x64.Build.0 = Debug|Any CPU
		{B2479E9D-04DC-4A35-837A-E69C62EB4C8A}.Debug|x86.ActiveCfg = Debug|Any CPU
		{B2479E9D-04DC-4A35-837A-E69C62EB4C8A}.Debug|x86.Build.0 = Debug|Any CPU
		{B2479E9D-04DC-4A35-837A-E69C62EB4C8A}.MailSystem Dev|Any CPU.ActiveCfg = Release|Any CPU
		{B2479E9D-04DC-4A35-837A-E69C62EB4C8A}.MailSystem Dev|Any CPU.Build.0 = Release|Any CPU
		{B2479E9D-04DC-4A35-837A-E69C62EB4C8A}.MailSystem Dev|Compact.ActiveCfg = Release|Any CPU
		{B2479E9D-04DC-4A35-837A-E69C62EB4C8A}.MailSystem Dev|Compact.Build.0 = Release|Any CPU
		{B2479E9D-04DC-4A35-837A-E69C62EB4C8A}.MailSystem Dev|x64.ActiveCfg = Release|Any CPU
		{B2479E9D-04DC-4A35-837A-E69C62EB4C8A}.MailSystem Dev|x64.Build.0 = Release|Any CPU
		{B2479E9D-04DC-4A35-837A-E69C62EB4C8A}.MailSystem Dev|x86.ActiveCfg = Release|Any CPU
		{B2479E9D-04DC-4A35-837A-E69C62EB4C8A}.MailSystem Dev|x86.Build.0 = Release|Any CPU
		{B2479E9D-04DC-4A35-837A-E69C62EB4C8A}.Release|Any CPU.ActiveCfg = Release|Any CPU
		{B2479E9D-04DC-4A35-837A-E69C62EB4C8A}.Release|Any CPU.Build.0 = Release|Any CPU
		{B2479E9D-04DC-4A35-837A-E69C62EB4C8A}.Release|Compact.ActiveCfg = Release|Any CPU
		{B2479E9D-04DC-4A35-837A-E69C62EB4C8A}.Release|Compact.Build.0 = Release|Any CPU
		{B2479E9D-04DC-4A35-837A-E69C62EB4C8A}.Release|x64.ActiveCfg = Release|Any CPU
		{B2479E9D-04DC-4A35-837A-E69C62EB4C8A}.Release|x64.Build.0 = Release|Any CPU
		{B2479E9D-04DC-4A35-837A-E69C62EB4C8A}.Release|x86.ActiveCfg = Release|Any CPU
		{B2479E9D-04DC-4A35-837A-E69C62EB4C8A}.Release|x86.Build.0 = Release|Any CPU
		{B2479E9D-04DC-4A35-837A-E69C62EB4C8A}.Retail|Any CPU.ActiveCfg = Release|Any CPU
		{B2479E9D-04DC-4A35-837A-E69C62EB4C8A}.Retail|Any CPU.Build.0 = Release|Any CPU
		{B2479E9D-04DC-4A35-837A-E69C62EB4C8A}.Retail|Compact.ActiveCfg = Release|Any CPU
		{B2479E9D-04DC-4A35-837A-E69C62EB4C8A}.Retail|Compact.Build.0 = Release|Any CPU
		{B2479E9D-04DC-4A35-837A-E69C62EB4C8A}.Retail|x64.ActiveCfg = Release|Any CPU
		{B2479E9D-04DC-4A35-837A-E69C62EB4C8A}.Retail|x64.Build.0 = Release|Any CPU
		{B2479E9D-04DC-4A35-837A-E69C62EB4C8A}.Retail|x86.ActiveCfg = Release|Any CPU
		{B2479E9D-04DC-4A35-837A-E69C62EB4C8A}.Retail|x86.Build.0 = Release|Any CPU
		{B2479E9D-04DC-4A35-837A-E69C62EB4C8A}.Trial|Any CPU.ActiveCfg = Release|Any CPU
		{B2479E9D-04DC-4A35-837A-E69C62EB4C8A}.Trial|Any CPU.Build.0 = Release|Any CPU
		{B2479E9D-04DC-4A35-837A-E69C62EB4C8A}.Trial|Compact.ActiveCfg = Release|Any CPU
		{B2479E9D-04DC-4A35-837A-E69C62EB4C8A}.Trial|Compact.Build.0 = Release|Any CPU
		{B2479E9D-04DC-4A35-837A-E69C62EB4C8A}.Trial|x64.ActiveCfg = Release|Any CPU
		{B2479E9D-04DC-4A35-837A-E69C62EB4C8A}.Trial|x64.Build.0 = Release|Any CPU
		{B2479E9D-04DC-4A35-837A-E69C62EB4C8A}.Trial|x86.ActiveCfg = Release|Any CPU
		{B2479E9D-04DC-4A35-837A-E69C62EB4C8A}.Trial|x86.Build.0 = Release|Any CPU
		{9947E053-7C54-450D-A1D1-D399A29FEA4A}.Debug|Any CPU.ActiveCfg = Debug|Any CPU
		{9947E053-7C54-450D-A1D1-D399A29FEA4A}.Debug|Any CPU.Build.0 = Debug|Any CPU
		{9947E053-7C54-450D-A1D1-D399A29FEA4A}.Debug|Compact.ActiveCfg = Debug|Any CPU
		{9947E053-7C54-450D-A1D1-D399A29FEA4A}.Debug|Compact.Build.0 = Debug|Any CPU
		{9947E053-7C54-450D-A1D1-D399A29FEA4A}.Debug|x64.ActiveCfg = Debug|Any CPU
		{9947E053-7C54-450D-A1D1-D399A29FEA4A}.Debug|x64.Build.0 = Debug|Any CPU
		{9947E053-7C54-450D-A1D1-D399A29FEA4A}.Debug|x86.ActiveCfg = Debug|Any CPU
		{9947E053-7C54-450D-A1D1-D399A29FEA4A}.Debug|x86.Build.0 = Debug|Any CPU
		{9947E053-7C54-450D-A1D1-D399A29FEA4A}.MailSystem Dev|Any CPU.ActiveCfg = Release|Any CPU
		{9947E053-7C54-450D-A1D1-D399A29FEA4A}.MailSystem Dev|Any CPU.Build.0 = Release|Any CPU
		{9947E053-7C54-450D-A1D1-D399A29FEA4A}.MailSystem Dev|Compact.ActiveCfg = Release|Any CPU
		{9947E053-7C54-450D-A1D1-D399A29FEA4A}.MailSystem Dev|Compact.Build.0 = Release|Any CPU
		{9947E053-7C54-450D-A1D1-D399A29FEA4A}.MailSystem Dev|x64.ActiveCfg = Release|Any CPU
		{9947E053-7C54-450D-A1D1-D399A29FEA4A}.MailSystem Dev|x64.Build.0 = Release|Any CPU
		{9947E053-7C54-450D-A1D1-D399A29FEA4A}.MailSystem Dev|x86.ActiveCfg = Release|Any CPU
		{9947E053-7C54-450D-A1D1-D399A29FEA4A}.MailSystem Dev|x86.Build.0 = Release|Any CPU
		{9947E053-7C54-450D-A1D1-D399A29FEA4A}.Release|Any CPU.ActiveCfg = Release|Any CPU
		{9947E053-7C54-450D-A1D1-D399A29FEA4A}.Release|Any CPU.Build.0 = Release|Any CPU
		{9947E053-7C54-450D-A1D1-D399A29FEA4A}.Release|Compact.ActiveCfg = Release|Any CPU
		{9947E053-7C54-450D-A1D1-D399A29FEA4A}.Release|Compact.Build.0 = Release|Any CPU
		{9947E053-7C54-450D-A1D1-D399A29FEA4A}.Release|x64.ActiveCfg = Release|Any CPU
		{9947E053-7C54-450D-A1D1-D399A29FEA4A}.Release|x64.Build.0 = Release|Any CPU
		{9947E053-7C54-450D-A1D1-D399A29FEA4A}.Release|x86.ActiveCfg = Release|Any CPU
		{9947E053-7C54-450D-A1D1-D399A29FEA4A}.Release|x86.Build.0 = Release|Any CPU
		{9947E053-7C54-450D-A1D1-D399A29FEA4A}.Retail|Any CPU.ActiveCfg = Release|Any CPU
		{9947E053-7C54-450D-A1D1-D399A29FEA4A}.Retail|Any CPU.Build.0 = Release|Any CPU
		{9947E053-7C54-450D-A1D1-D399A29FEA4A}.Retail|Compact.ActiveCfg = Release|Any CPU
		{9947E053-7C54-450D-A1D1-D399A29FEA4A}.Retail|Compact.Build.0 = Release|Any CPU
		{9947E053-7C54-450D-A1D1-D399A29FEA4A}.Retail|x64.ActiveCfg = Release|Any CPU
		{9947E053-7C54-450D-A1D1-D399A29FEA4A}.Retail|x64.Build.0 = Release|Any CPU
		{9947E053-7C54-450D-A1D1-D399A29FEA4A}.Retail|x86.ActiveCfg = Release|Any CPU
		{9947E053-7C54-450D-A1D1-D399A29FEA4A}.Retail|x86.Build.0 = Release|Any CPU
		{9947E053-7C54-450D-A1D1-D399A29FEA4A}.Trial|Any CPU.ActiveCfg = Release|Any CPU
		{9947E053-7C54-450D-A1D1-D399A29FEA4A}.Trial|Any CPU.Build.0 = Release|Any CPU
		{9947E053-7C54-450D-A1D1-D399A29FEA4A}.Trial|Compact.ActiveCfg = Release|Any CPU
		{9947E053-7C54-450D-A1D1-D399A29FEA4A}.Trial|Compact.Build.0 = Release|Any CPU
		{9947E053-7C54-450D-A1D1-D399A29FEA4A}.Trial|x64.ActiveCfg = Release|Any CPU
		{9947E053-7C54-450D-A1D1-D399A29FEA4A}.Trial|x64.Build.0 = Release|Any CPU
		{9947E053-7C54-450D-A1D1-D399A29FEA4A}.Trial|x86.ActiveCfg = Release|Any CPU
		{9947E053-7C54-450D-A1D1-D399A29FEA4A}.Trial|x86.Build.0 = Release|Any CPU
		{F9A4EB81-611C-453E-8B71-27099E54E982}.Debug|Any CPU.ActiveCfg = Debug|Any CPU
		{F9A4EB81-611C-453E-8B71-27099E54E982}.Debug|Any CPU.Build.0 = Debug|Any CPU
		{F9A4EB81-611C-453E-8B71-27099E54E982}.Debug|Compact.ActiveCfg = Debug|Any CPU
		{F9A4EB81-611C-453E-8B71-27099E54E982}.Debug|Compact.Build.0 = Debug|Any CPU
		{F9A4EB81-611C-453E-8B71-27099E54E982}.Debug|x64.ActiveCfg = Debug|Any CPU
		{F9A4EB81-611C-453E-8B71-27099E54E982}.Debug|x64.Build.0 = Debug|Any CPU
		{F9A4EB81-611C-453E-8B71-27099E54E982}.Debug|x86.ActiveCfg = Debug|Any CPU
		{F9A4EB81-611C-453E-8B71-27099E54E982}.Debug|x86.Build.0 = Debug|Any CPU
		{F9A4EB81-611C-453E-8B71-27099E54E982}.MailSystem Dev|Any CPU.ActiveCfg = Release|Any CPU
		{F9A4EB81-611C-453E-8B71-27099E54E982}.MailSystem Dev|Any CPU.Build.0 = Release|Any CPU
		{F9A4EB81-611C-453E-8B71-27099E54E982}.MailSystem Dev|Compact.ActiveCfg = Release|Any CPU
		{F9A4EB81-611C-453E-8B71-27099E54E982}.MailSystem Dev|Compact.Build.0 = Release|Any CPU
		{F9A4EB81-611C-453E-8B71-27099E54E982}.MailSystem Dev|x64.ActiveCfg = Release|Any CPU
		{F9A4EB81-611C-453E-8B71-27099E54E982}.MailSystem Dev|x64.Build.0 = Release|Any CPU
		{F9A4EB81-611C-453E-8B71-27099E54E982}.MailSystem Dev|x86.ActiveCfg = Release|Any CPU
		{F9A4EB81-611C-453E-8B71-27099E54E982}.MailSystem Dev|x86.Build.0 = Release|Any CPU
		{F9A4EB81-611C-453E-8B71-27099E54E982}.Release|Any CPU.ActiveCfg = Release|Any CPU
		{F9A4EB81-611C-453E-8B71-27099E54E982}.Release|Any CPU.Build.0 = Release|Any CPU
		{F9A4EB81-611C-453E-8B71-27099E54E982}.Release|Compact.ActiveCfg = Release|Any CPU
		{F9A4EB81-611C-453E-8B71-27099E54E982}.Release|Compact.Build.0 = Release|Any CPU
		{F9A4EB81-611C-453E-8B71-27099E54E982}.Release|x64.ActiveCfg = Release|Any CPU
		{F9A4EB81-611C-453E-8B71-27099E54E982}.Release|x64.Build.0 = Release|Any CPU
		{F9A4EB81-611C-453E-8B71-27099E54E982}.Release|x86.ActiveCfg = Release|Any CPU
		{F9A4EB81-611C-453E-8B71-27099E54E982}.Release|x86.Build.0 = Release|Any CPU
		{F9A4EB81-611C-453E-8B71-27099E54E982}.Retail|Any CPU.ActiveCfg = Release|Any CPU
		{F9A4EB81-611C-453E-8B71-27099E54E982}.Retail|Any CPU.Build.0 = Release|Any CPU
		{F9A4EB81-611C-453E-8B71-27099E54E982}.Retail|Compact.ActiveCfg = Release|Any CPU
		{F9A4EB81-611C-453E-8B71-27099E54E982}.Retail|Compact.Build.0 = Release|Any CPU
		{F9A4EB81-611C-453E-8B71-27099E54E982}.Retail|x64.ActiveCfg = Release|Any CPU
		{F9A4EB81-611C-453E-8B71-27099E54E982}.Retail|x64.Build.0 = Release|Any CPU
		{F9A4EB81-611C-453E-8B71-27099E54E982}.Retail|x86.ActiveCfg = Release|Any CPU
		{F9A4EB81-611C-453E-8B71-27099E54E982}.Retail|x86.Build.0 = Release|Any CPU
		{F9A4EB81-611C-453E-8B71-27099E54E982}.Trial|Any CPU.ActiveCfg = Release|Any CPU
		{F9A4EB81-611C-453E-8B71-27099E54E982}.Trial|Any CPU.Build.0 = Release|Any CPU
		{F9A4EB81-611C-453E-8B71-27099E54E982}.Trial|Compact.ActiveCfg = Release|Any CPU
		{F9A4EB81-611C-453E-8B71-27099E54E982}.Trial|Compact.Build.0 = Release|Any CPU
		{F9A4EB81-611C-453E-8B71-27099E54E982}.Trial|x64.ActiveCfg = Release|Any CPU
		{F9A4EB81-611C-453E-8B71-27099E54E982}.Trial|x64.Build.0 = Release|Any CPU
		{F9A4EB81-611C-453E-8B71-27099E54E982}.Trial|x86.ActiveCfg = Release|Any CPU
		{F9A4EB81-611C-453E-8B71-27099E54E982}.Trial|x86.Build.0 = Release|Any CPU
		{690C236C-FA31-4911-BABC-EB370849E4E8}.Debug|Any CPU.ActiveCfg = Debug|Any CPU
		{690C236C-FA31-4911-BABC-EB370849E4E8}.Debug|Any CPU.Build.0 = Debug|Any CPU
		{690C236C-FA31-4911-BABC-EB370849E4E8}.Debug|Compact.ActiveCfg = Debug|Any CPU
		{690C236C-FA31-4911-BABC-EB370849E4E8}.Debug|Compact.Build.0 = Debug|Any CPU
		{690C236C-FA31-4911-BABC-EB370849E4E8}.Debug|x64.ActiveCfg = Debug|Any CPU
		{690C236C-FA31-4911-BABC-EB370849E4E8}.Debug|x64.Build.0 = Debug|Any CPU
		{690C236C-FA31-4911-BABC-EB370849E4E8}.Debug|x86.ActiveCfg = Debug|Any CPU
		{690C236C-FA31-4911-BABC-EB370849E4E8}.Debug|x86.Build.0 = Debug|Any CPU
		{690C236C-FA31-4911-BABC-EB370849E4E8}.MailSystem Dev|Any CPU.ActiveCfg = Release|Any CPU
		{690C236C-FA31-4911-BABC-EB370849E4E8}.MailSystem Dev|Any CPU.Build.0 = Release|Any CPU
		{690C236C-FA31-4911-BABC-EB370849E4E8}.MailSystem Dev|Compact.ActiveCfg = Release|Any CPU
		{690C236C-FA31-4911-BABC-EB370849E4E8}.MailSystem Dev|Compact.Build.0 = Release|Any CPU
		{690C236C-FA31-4911-BABC-EB370849E4E8}.MailSystem Dev|x64.ActiveCfg = Release|Any CPU
		{690C236C-FA31-4911-BABC-EB370849E4E8}.MailSystem Dev|x64.Build.0 = Release|Any CPU
		{690C236C-FA31-4911-BABC-EB370849E4E8}.MailSystem Dev|x86.ActiveCfg = Release|Any CPU
		{690C236C-FA31-4911-BABC-EB370849E4E8}.MailSystem Dev|x86.Build.0 = Release|Any CPU
		{690C236C-FA31-4911-BABC-EB370849E4E8}.Release|Any CPU.ActiveCfg = Release|Any CPU
		{690C236C-FA31-4911-BABC-EB370849E4E8}.Release|Any CPU.Build.0 = Release|Any CPU
		{690C236C-FA31-4911-BABC-EB370849E4E8}.Release|Compact.ActiveCfg = Release|Any CPU
		{690C236C-FA31-4911-BABC-EB370849E4E8}.Release|Compact.Build.0 = Release|Any CPU
		{690C236C-FA31-4911-BABC-EB370849E4E8}.Release|x64.ActiveCfg = Release|Any CPU
		{690C236C-FA31-4911-BABC-EB370849E4E8}.Release|x64.Build.0 = Release|Any CPU
		{690C236C-FA31-4911-BABC-EB370849E4E8}.Release|x86.ActiveCfg = Release|Any CPU
		{690C236C-FA31-4911-BABC-EB370849E4E8}.Release|x86.Build.0 = Release|Any CPU
		{690C236C-FA31-4911-BABC-EB370849E4E8}.Retail|Any CPU.ActiveCfg = Release|Any CPU
		{690C236C-FA31-4911-BABC-EB370849E4E8}.Retail|Any CPU.Build.0 = Release|Any CPU
		{690C236C-FA31-4911-BABC-EB370849E4E8}.Retail|Compact.ActiveCfg = Release|Any CPU
		{690C236C-FA31-4911-BABC-EB370849E4E8}.Retail|Compact.Build.0 = Release|Any CPU
		{690C236C-FA31-4911-BABC-EB370849E4E8}.Retail|x64.ActiveCfg = Release|Any CPU
		{690C236C-FA31-4911-BABC-EB370849E4E8}.Retail|x64.Build.0 = Release|Any CPU
		{690C236C-FA31-4911-BABC-EB370849E4E8}.Retail|x86.ActiveCfg = Release|Any CPU
		{690C236C-FA31-4911-BABC-EB370849E4E8}.Retail|x86.Build.0 = Release|Any CPU
		{690C236C-FA31-4911-BABC-EB370849E4E8}.Trial|Any CPU.ActiveCfg = Release|Any CPU
		{690C236C-FA31-4911-BABC-EB370849E4E8}.Trial|Any CPU.Build.0 = Release|Any CPU
		{690C236C-FA31-4911-BABC-EB370849E4E8}.Trial|Compact.ActiveCfg = Release|Any CPU
		{690C236C-FA31-4911-BABC-EB370849E4E8}.Trial|Compact.Build.0 = Release|Any CPU
		{690C236C-FA31-4911-BABC-EB370849E4E8}.Trial|x64.ActiveCfg = Release|Any CPU
		{690C236C-FA31-4911-BABC-EB370849E4E8}.Trial|x64.Build.0 = Release|Any CPU
		{690C236C-FA31-4911-BABC-EB370849E4E8}.Trial|x86.ActiveCfg = Release|Any CPU
		{690C236C-FA31-4911-BABC-EB370849E4E8}.Trial|x86.Build.0 = Release|Any CPU
		{4CF1773B-6516-484F-A0CD-D75593693644}.Debug|Any CPU.ActiveCfg = Debug|Any CPU
		{4CF1773B-6516-484F-A0CD-D75593693644}.Debug|Any CPU.Build.0 = Debug|Any CPU
		{4CF1773B-6516-484F-A0CD-D75593693644}.Debug|Compact.ActiveCfg = Debug|Any CPU
		{4CF1773B-6516-484F-A0CD-D75593693644}.Debug|Compact.Build.0 = Debug|Any CPU
		{4CF1773B-6516-484F-A0CD-D75593693644}.Debug|x64.ActiveCfg = Debug|Any CPU
		{4CF1773B-6516-484F-A0CD-D75593693644}.Debug|x64.Build.0 = Debug|Any CPU
		{4CF1773B-6516-484F-A0CD-D75593693644}.Debug|x86.ActiveCfg = Debug|Any CPU
		{4CF1773B-6516-484F-A0CD-D75593693644}.Debug|x86.Build.0 = Debug|Any CPU
		{4CF1773B-6516-484F-A0CD-D75593693644}.MailSystem Dev|Any CPU.ActiveCfg = Release|Any CPU
		{4CF1773B-6516-484F-A0CD-D75593693644}.MailSystem Dev|Any CPU.Build.0 = Release|Any CPU
		{4CF1773B-6516-484F-A0CD-D75593693644}.MailSystem Dev|Compact.ActiveCfg = Release|Any CPU
		{4CF1773B-6516-484F-A0CD-D75593693644}.MailSystem Dev|Compact.Build.0 = Release|Any CPU
		{4CF1773B-6516-484F-A0CD-D75593693644}.MailSystem Dev|x64.ActiveCfg = Release|Any CPU
		{4CF1773B-6516-484F-A0CD-D75593693644}.MailSystem Dev|x64.Build.0 = Release|Any CPU
		{4CF1773B-6516-484F-A0CD-D75593693644}.MailSystem Dev|x86.ActiveCfg = Release|Any CPU
		{4CF1773B-6516-484F-A0CD-D75593693644}.MailSystem Dev|x86.Build.0 = Release|Any CPU
		{4CF1773B-6516-484F-A0CD-D75593693644}.Release|Any CPU.ActiveCfg = Release|Any CPU
		{4CF1773B-6516-484F-A0CD-D75593693644}.Release|Any CPU.Build.0 = Release|Any CPU
		{4CF1773B-6516-484F-A0CD-D75593693644}.Release|Compact.ActiveCfg = Release|Any CPU
		{4CF1773B-6516-484F-A0CD-D75593693644}.Release|Compact.Build.0 = Release|Any CPU
		{4CF1773B-6516-484F-A0CD-D75593693644}.Release|x64.ActiveCfg = Release|Any CPU
		{4CF1773B-6516-484F-A0CD-D75593693644}.Release|x64.Build.0 = Release|Any CPU
		{4CF1773B-6516-484F-A0CD-D75593693644}.Release|x86.ActiveCfg = Release|Any CPU
		{4CF1773B-6516-484F-A0CD-D75593693644}.Release|x86.Build.0 = Release|Any CPU
		{4CF1773B-6516-484F-A0CD-D75593693644}.Retail|Any CPU.ActiveCfg = Release|Any CPU
		{4CF1773B-6516-484F-A0CD-D75593693644}.Retail|Any CPU.Build.0 = Release|Any CPU
		{4CF1773B-6516-484F-A0CD-D75593693644}.Retail|Compact.ActiveCfg = Release|Any CPU
		{4CF1773B-6516-484F-A0CD-D75593693644}.Retail|Compact.Build.0 = Release|Any CPU
		{4CF1773B-6516-484F-A0CD-D75593693644}.Retail|x64.ActiveCfg = Release|Any CPU
		{4CF1773B-6516-484F-A0CD-D75593693644}.Retail|x64.Build.0 = Release|Any CPU
		{4CF1773B-6516-484F-A0CD-D75593693644}.Retail|x86.ActiveCfg = Release|Any CPU
		{4CF1773B-6516-484F-A0CD-D75593693644}.Retail|x86.Build.0 = Release|Any CPU
		{4CF1773B-6516-484F-A0CD-D75593693644}.Trial|Any CPU.ActiveCfg = Release|Any CPU
		{4CF1773B-6516-484F-A0CD-D75593693644}.Trial|Any CPU.Build.0 = Release|Any CPU
		{4CF1773B-6516-484F-A0CD-D75593693644}.Trial|Compact.ActiveCfg = Release|Any CPU
		{4CF1773B-6516-484F-A0CD-D75593693644}.Trial|Compact.Build.0 = Release|Any CPU
		{4CF1773B-6516-484F-A0CD-D75593693644}.Trial|x64.ActiveCfg = Release|Any CPU
		{4CF1773B-6516-484F-A0CD-D75593693644}.Trial|x64.Build.0 = Release|Any CPU
		{4CF1773B-6516-484F-A0CD-D75593693644}.Trial|x86.ActiveCfg = Release|Any CPU
		{4CF1773B-6516-484F-A0CD-D75593693644}.Trial|x86.Build.0 = Release|Any CPU
		{AFD2BF70-5F38-4F91-90E2-6321C8E6F746}.Debug|Any CPU.ActiveCfg = Debug|Any CPU
		{AFD2BF70-5F38-4F91-90E2-6321C8E6F746}.Debug|Any CPU.Build.0 = Debug|Any CPU
		{AFD2BF70-5F38-4F91-90E2-6321C8E6F746}.Debug|Compact.ActiveCfg = Debug|Any CPU
		{AFD2BF70-5F38-4F91-90E2-6321C8E6F746}.Debug|Compact.Build.0 = Debug|Any CPU
		{AFD2BF70-5F38-4F91-90E2-6321C8E6F746}.Debug|x64.ActiveCfg = Debug|Any CPU
		{AFD2BF70-5F38-4F91-90E2-6321C8E6F746}.Debug|x64.Build.0 = Debug|Any CPU
		{AFD2BF70-5F38-4F91-90E2-6321C8E6F746}.Debug|x86.ActiveCfg = Debug|Any CPU
		{AFD2BF70-5F38-4F91-90E2-6321C8E6F746}.Debug|x86.Build.0 = Debug|Any CPU
		{AFD2BF70-5F38-4F91-90E2-6321C8E6F746}.MailSystem Dev|Any CPU.ActiveCfg = Release|Any CPU
		{AFD2BF70-5F38-4F91-90E2-6321C8E6F746}.MailSystem Dev|Any CPU.Build.0 = Release|Any CPU
		{AFD2BF70-5F38-4F91-90E2-6321C8E6F746}.MailSystem Dev|Compact.ActiveCfg = Release|Any CPU
		{AFD2BF70-5F38-4F91-90E2-6321C8E6F746}.MailSystem Dev|Compact.Build.0 = Release|Any CPU
		{AFD2BF70-5F38-4F91-90E2-6321C8E6F746}.MailSystem Dev|x64.ActiveCfg = Release|Any CPU
		{AFD2BF70-5F38-4F91-90E2-6321C8E6F746}.MailSystem Dev|x64.Build.0 = Release|Any CPU
		{AFD2BF70-5F38-4F91-90E2-6321C8E6F746}.MailSystem Dev|x86.ActiveCfg = Release|Any CPU
		{AFD2BF70-5F38-4F91-90E2-6321C8E6F746}.MailSystem Dev|x86.Build.0 = Release|Any CPU
		{AFD2BF70-5F38-4F91-90E2-6321C8E6F746}.Release|Any CPU.ActiveCfg = Release|Any CPU
		{AFD2BF70-5F38-4F91-90E2-6321C8E6F746}.Release|Any CPU.Build.0 = Release|Any CPU
		{AFD2BF70-5F38-4F91-90E2-6321C8E6F746}.Release|Compact.ActiveCfg = Release|Any CPU
		{AFD2BF70-5F38-4F91-90E2-6321C8E6F746}.Release|Compact.Build.0 = Release|Any CPU
		{AFD2BF70-5F38-4F91-90E2-6321C8E6F746}.Release|x64.ActiveCfg = Release|Any CPU
		{AFD2BF70-5F38-4F91-90E2-6321C8E6F746}.Release|x64.Build.0 = Release|Any CPU
		{AFD2BF70-5F38-4F91-90E2-6321C8E6F746}.Release|x86.ActiveCfg = Release|Any CPU
		{AFD2BF70-5F38-4F91-90E2-6321C8E6F746}.Release|x86.Build.0 = Release|Any CPU
		{AFD2BF70-5F38-4F91-90E2-6321C8E6F746}.Retail|Any CPU.ActiveCfg = Release|Any CPU
		{AFD2BF70-5F38-4F91-90E2-6321C8E6F746}.Retail|Any CPU.Build.0 = Release|Any CPU
		{AFD2BF70-5F38-4F91-90E2-6321C8E6F746}.Retail|Compact.ActiveCfg = Release|Any CPU
		{AFD2BF70-5F38-4F91-90E2-6321C8E6F746}.Retail|Compact.Build.0 = Release|Any CPU
		{AFD2BF70-5F38-4F91-90E2-6321C8E6F746}.Retail|x64.ActiveCfg = Release|Any CPU
		{AFD2BF70-5F38-4F91-90E2-6321C8E6F746}.Retail|x64.Build.0 = Release|Any CPU
		{AFD2BF70-5F38-4F91-90E2-6321C8E6F746}.Retail|x86.ActiveCfg = Release|Any CPU
		{AFD2BF70-5F38-4F91-90E2-6321C8E6F746}.Retail|x86.Build.0 = Release|Any CPU
		{AFD2BF70-5F38-4F91-90E2-6321C8E6F746}.Trial|Any CPU.ActiveCfg = Release|Any CPU
		{AFD2BF70-5F38-4F91-90E2-6321C8E6F746}.Trial|Any CPU.Build.0 = Release|Any CPU
		{AFD2BF70-5F38-4F91-90E2-6321C8E6F746}.Trial|Compact.ActiveCfg = Release|Any CPU
		{AFD2BF70-5F38-4F91-90E2-6321C8E6F746}.Trial|Compact.Build.0 = Release|Any CPU
		{AFD2BF70-5F38-4F91-90E2-6321C8E6F746}.Trial|x64.ActiveCfg = Release|Any CPU
		{AFD2BF70-5F38-4F91-90E2-6321C8E6F746}.Trial|x64.Build.0 = Release|Any CPU
		{AFD2BF70-5F38-4F91-90E2-6321C8E6F746}.Trial|x86.ActiveCfg = Release|Any CPU
		{AFD2BF70-5F38-4F91-90E2-6321C8E6F746}.Trial|x86.Build.0 = Release|Any CPU
		{16596297-5E14-4CA4-A77C-70FA35D2B9BE}.Debug|Any CPU.ActiveCfg = Debug|Any CPU
		{16596297-5E14-4CA4-A77C-70FA35D2B9BE}.Debug|Any CPU.Build.0 = Debug|Any CPU
		{16596297-5E14-4CA4-A77C-70FA35D2B9BE}.Debug|Compact.ActiveCfg = Debug|Any CPU
		{16596297-5E14-4CA4-A77C-70FA35D2B9BE}.Debug|Compact.Build.0 = Debug|Any CPU
		{16596297-5E14-4CA4-A77C-70FA35D2B9BE}.Debug|x64.ActiveCfg = Debug|Any CPU
		{16596297-5E14-4CA4-A77C-70FA35D2B9BE}.Debug|x64.Build.0 = Debug|Any CPU
		{16596297-5E14-4CA4-A77C-70FA35D2B9BE}.Debug|x86.ActiveCfg = Debug|Any CPU
		{16596297-5E14-4CA4-A77C-70FA35D2B9BE}.Debug|x86.Build.0 = Debug|Any CPU
		{16596297-5E14-4CA4-A77C-70FA35D2B9BE}.MailSystem Dev|Any CPU.ActiveCfg = Release|Any CPU
		{16596297-5E14-4CA4-A77C-70FA35D2B9BE}.MailSystem Dev|Any CPU.Build.0 = Release|Any CPU
		{16596297-5E14-4CA4-A77C-70FA35D2B9BE}.MailSystem Dev|Compact.ActiveCfg = Release|Any CPU
		{16596297-5E14-4CA4-A77C-70FA35D2B9BE}.MailSystem Dev|Compact.Build.0 = Release|Any CPU
		{16596297-5E14-4CA4-A77C-70FA35D2B9BE}.MailSystem Dev|x64.ActiveCfg = Release|Any CPU
		{16596297-5E14-4CA4-A77C-70FA35D2B9BE}.MailSystem Dev|x64.Build.0 = Release|Any CPU
		{16596297-5E14-4CA4-A77C-70FA35D2B9BE}.MailSystem Dev|x86.ActiveCfg = Release|Any CPU
		{16596297-5E14-4CA4-A77C-70FA35D2B9BE}.MailSystem Dev|x86.Build.0 = Release|Any CPU
		{16596297-5E14-4CA4-A77C-70FA35D2B9BE}.Release|Any CPU.ActiveCfg = Release|Any CPU
		{16596297-5E14-4CA4-A77C-70FA35D2B9BE}.Release|Any CPU.Build.0 = Release|Any CPU
		{16596297-5E14-4CA4-A77C-70FA35D2B9BE}.Release|Compact.ActiveCfg = Release|Any CPU
		{16596297-5E14-4CA4-A77C-70FA35D2B9BE}.Release|Compact.Build.0 = Release|Any CPU
		{16596297-5E14-4CA4-A77C-70FA35D2B9BE}.Release|x64.ActiveCfg = Release|Any CPU
		{16596297-5E14-4CA4-A77C-70FA35D2B9BE}.Release|x64.Build.0 = Release|Any CPU
		{16596297-5E14-4CA4-A77C-70FA35D2B9BE}.Release|x86.ActiveCfg = Release|Any CPU
		{16596297-5E14-4CA4-A77C-70FA35D2B9BE}.Release|x86.Build.0 = Release|Any CPU
		{16596297-5E14-4CA4-A77C-70FA35D2B9BE}.Retail|Any CPU.ActiveCfg = Release|Any CPU
		{16596297-5E14-4CA4-A77C-70FA35D2B9BE}.Retail|Any CPU.Build.0 = Release|Any CPU
		{16596297-5E14-4CA4-A77C-70FA35D2B9BE}.Retail|Compact.ActiveCfg = Release|Any CPU
		{16596297-5E14-4CA4-A77C-70FA35D2B9BE}.Retail|Compact.Build.0 = Release|Any CPU
		{16596297-5E14-4CA4-A77C-70FA35D2B9BE}.Retail|x64.ActiveCfg = Release|Any CPU
		{16596297-5E14-4CA4-A77C-70FA35D2B9BE}.Retail|x64.Build.0 = Release|Any CPU
		{16596297-5E14-4CA4-A77C-70FA35D2B9BE}.Retail|x86.ActiveCfg = Release|Any CPU
		{16596297-5E14-4CA4-A77C-70FA35D2B9BE}.Retail|x86.Build.0 = Release|Any CPU
		{16596297-5E14-4CA4-A77C-70FA35D2B9BE}.Trial|Any CPU.ActiveCfg = Release|Any CPU
		{16596297-5E14-4CA4-A77C-70FA35D2B9BE}.Trial|Any CPU.Build.0 = Release|Any CPU
		{16596297-5E14-4CA4-A77C-70FA35D2B9BE}.Trial|Compact.ActiveCfg = Release|Any CPU
		{16596297-5E14-4CA4-A77C-70FA35D2B9BE}.Trial|Compact.Build.0 = Release|Any CPU
		{16596297-5E14-4CA4-A77C-70FA35D2B9BE}.Trial|x64.ActiveCfg = Release|Any CPU
		{16596297-5E14-4CA4-A77C-70FA35D2B9BE}.Trial|x64.Build.0 = Release|Any CPU
		{16596297-5E14-4CA4-A77C-70FA35D2B9BE}.Trial|x86.ActiveCfg = Release|Any CPU
		{16596297-5E14-4CA4-A77C-70FA35D2B9BE}.Trial|x86.Build.0 = Release|Any CPU
		{ACF559EF-3661-430C-9C4A-C379EFE7CDD6}.Debug|Any CPU.ActiveCfg = Debug|Any CPU
		{ACF559EF-3661-430C-9C4A-C379EFE7CDD6}.Debug|Any CPU.Build.0 = Debug|Any CPU
		{ACF559EF-3661-430C-9C4A-C379EFE7CDD6}.Debug|Compact.ActiveCfg = Debug|Any CPU
		{ACF559EF-3661-430C-9C4A-C379EFE7CDD6}.Debug|Compact.Build.0 = Debug|Any CPU
		{ACF559EF-3661-430C-9C4A-C379EFE7CDD6}.Debug|x64.ActiveCfg = Debug|Any CPU
		{ACF559EF-3661-430C-9C4A-C379EFE7CDD6}.Debug|x64.Build.0 = Debug|Any CPU
		{ACF559EF-3661-430C-9C4A-C379EFE7CDD6}.Debug|x86.ActiveCfg = Debug|Any CPU
		{ACF559EF-3661-430C-9C4A-C379EFE7CDD6}.Debug|x86.Build.0 = Debug|Any CPU
		{ACF559EF-3661-430C-9C4A-C379EFE7CDD6}.MailSystem Dev|Any CPU.ActiveCfg = Release|Any CPU
		{ACF559EF-3661-430C-9C4A-C379EFE7CDD6}.MailSystem Dev|Any CPU.Build.0 = Release|Any CPU
		{ACF559EF-3661-430C-9C4A-C379EFE7CDD6}.MailSystem Dev|Compact.ActiveCfg = Release|Any CPU
		{ACF559EF-3661-430C-9C4A-C379EFE7CDD6}.MailSystem Dev|Compact.Build.0 = Release|Any CPU
		{ACF559EF-3661-430C-9C4A-C379EFE7CDD6}.MailSystem Dev|x64.ActiveCfg = Release|Any CPU
		{ACF559EF-3661-430C-9C4A-C379EFE7CDD6}.MailSystem Dev|x64.Build.0 = Release|Any CPU
		{ACF559EF-3661-430C-9C4A-C379EFE7CDD6}.MailSystem Dev|x86.ActiveCfg = Release|Any CPU
		{ACF559EF-3661-430C-9C4A-C379EFE7CDD6}.MailSystem Dev|x86.Build.0 = Release|Any CPU
		{ACF559EF-3661-430C-9C4A-C379EFE7CDD6}.Release|Any CPU.ActiveCfg = Release|Any CPU
		{ACF559EF-3661-430C-9C4A-C379EFE7CDD6}.Release|Any CPU.Build.0 = Release|Any CPU
		{ACF559EF-3661-430C-9C4A-C379EFE7CDD6}.Release|Compact.ActiveCfg = Release|Any CPU
		{ACF559EF-3661-430C-9C4A-C379EFE7CDD6}.Release|Compact.Build.0 = Release|Any CPU
		{ACF559EF-3661-430C-9C4A-C379EFE7CDD6}.Release|x64.ActiveCfg = Release|Any CPU
		{ACF559EF-3661-430C-9C4A-C379EFE7CDD6}.Release|x64.Build.0 = Release|Any CPU
		{ACF559EF-3661-430C-9C4A-C379EFE7CDD6}.Release|x86.ActiveCfg = Release|Any CPU
		{ACF559EF-3661-430C-9C4A-C379EFE7CDD6}.Release|x86.Build.0 = Release|Any CPU
		{ACF559EF-3661-430C-9C4A-C379EFE7CDD6}.Retail|Any CPU.ActiveCfg = Release|Any CPU
		{ACF559EF-3661-430C-9C4A-C379EFE7CDD6}.Retail|Any CPU.Build.0 = Release|Any CPU
		{ACF559EF-3661-430C-9C4A-C379EFE7CDD6}.Retail|Compact.ActiveCfg = Release|Any CPU
		{ACF559EF-3661-430C-9C4A-C379EFE7CDD6}.Retail|Compact.Build.0 = Release|Any CPU
		{ACF559EF-3661-430C-9C4A-C379EFE7CDD6}.Retail|x64.ActiveCfg = Release|Any CPU
		{ACF559EF-3661-430C-9C4A-C379EFE7CDD6}.Retail|x64.Build.0 = Release|Any CPU
		{ACF559EF-3661-430C-9C4A-C379EFE7CDD6}.Retail|x86.ActiveCfg = Release|Any CPU
		{ACF559EF-3661-430C-9C4A-C379EFE7CDD6}.Retail|x86.Build.0 = Release|Any CPU
		{ACF559EF-3661-430C-9C4A-C379EFE7CDD6}.Trial|Any CPU.ActiveCfg = Release|Any CPU
		{ACF559EF-3661-430C-9C4A-C379EFE7CDD6}.Trial|Any CPU.Build.0 = Release|Any CPU
		{ACF559EF-3661-430C-9C4A-C379EFE7CDD6}.Trial|Compact.ActiveCfg = Release|Any CPU
		{ACF559EF-3661-430C-9C4A-C379EFE7CDD6}.Trial|Compact.Build.0 = Release|Any CPU
		{ACF559EF-3661-430C-9C4A-C379EFE7CDD6}.Trial|x64.ActiveCfg = Release|Any CPU
		{ACF559EF-3661-430C-9C4A-C379EFE7CDD6}.Trial|x64.Build.0 = Release|Any CPU
		{ACF559EF-3661-430C-9C4A-C379EFE7CDD6}.Trial|x86.ActiveCfg = Release|Any CPU
		{ACF559EF-3661-430C-9C4A-C379EFE7CDD6}.Trial|x86.Build.0 = Release|Any CPU
		{39F1AA26-BE51-4744-AA8D-16113DD76E70}.Debug|Any CPU.ActiveCfg = Debug|Any CPU
		{39F1AA26-BE51-4744-AA8D-16113DD76E70}.Debug|Any CPU.Build.0 = Debug|Any CPU
		{39F1AA26-BE51-4744-AA8D-16113DD76E70}.Debug|Compact.ActiveCfg = Debug|Any CPU
		{39F1AA26-BE51-4744-AA8D-16113DD76E70}.Debug|Compact.Build.0 = Debug|Any CPU
		{39F1AA26-BE51-4744-AA8D-16113DD76E70}.Debug|x64.ActiveCfg = Debug|Any CPU
		{39F1AA26-BE51-4744-AA8D-16113DD76E70}.Debug|x64.Build.0 = Debug|Any CPU
		{39F1AA26-BE51-4744-AA8D-16113DD76E70}.Debug|x86.ActiveCfg = Debug|Any CPU
		{39F1AA26-BE51-4744-AA8D-16113DD76E70}.Debug|x86.Build.0 = Debug|Any CPU
		{39F1AA26-BE51-4744-AA8D-16113DD76E70}.MailSystem Dev|Any CPU.ActiveCfg = Release|Any CPU
		{39F1AA26-BE51-4744-AA8D-16113DD76E70}.MailSystem Dev|Any CPU.Build.0 = Release|Any CPU
		{39F1AA26-BE51-4744-AA8D-16113DD76E70}.MailSystem Dev|Compact.ActiveCfg = Release|Any CPU
		{39F1AA26-BE51-4744-AA8D-16113DD76E70}.MailSystem Dev|Compact.Build.0 = Release|Any CPU
		{39F1AA26-BE51-4744-AA8D-16113DD76E70}.MailSystem Dev|x64.ActiveCfg = Release|Any CPU
		{39F1AA26-BE51-4744-AA8D-16113DD76E70}.MailSystem Dev|x64.Build.0 = Release|Any CPU
		{39F1AA26-BE51-4744-AA8D-16113DD76E70}.MailSystem Dev|x86.ActiveCfg = Release|Any CPU
		{39F1AA26-BE51-4744-AA8D-16113DD76E70}.MailSystem Dev|x86.Build.0 = Release|Any CPU
		{39F1AA26-BE51-4744-AA8D-16113DD76E70}.Release|Any CPU.ActiveCfg = Release|Any CPU
		{39F1AA26-BE51-4744-AA8D-16113DD76E70}.Release|Any CPU.Build.0 = Release|Any CPU
		{39F1AA26-BE51-4744-AA8D-16113DD76E70}.Release|Compact.ActiveCfg = Release|Any CPU
		{39F1AA26-BE51-4744-AA8D-16113DD76E70}.Release|Compact.Build.0 = Release|Any CPU
		{39F1AA26-BE51-4744-AA8D-16113DD76E70}.Release|x64.ActiveCfg = Release|Any CPU
		{39F1AA26-BE51-4744-AA8D-16113DD76E70}.Release|x64.Build.0 = Release|Any CPU
		{39F1AA26-BE51-4744-AA8D-16113DD76E70}.Release|x86.ActiveCfg = Release|Any CPU
		{39F1AA26-BE51-4744-AA8D-16113DD76E70}.Release|x86.Build.0 = Release|Any CPU
		{39F1AA26-BE51-4744-AA8D-16113DD76E70}.Retail|Any CPU.ActiveCfg = Release|Any CPU
		{39F1AA26-BE51-4744-AA8D-16113DD76E70}.Retail|Any CPU.Build.0 = Release|Any CPU
		{39F1AA26-BE51-4744-AA8D-16113DD76E70}.Retail|Compact.ActiveCfg = Release|Any CPU
		{39F1AA26-BE51-4744-AA8D-16113DD76E70}.Retail|Compact.Build.0 = Release|Any CPU
		{39F1AA26-BE51-4744-AA8D-16113DD76E70}.Retail|x64.ActiveCfg = Release|Any CPU
		{39F1AA26-BE51-4744-AA8D-16113DD76E70}.Retail|x64.Build.0 = Release|Any CPU
		{39F1AA26-BE51-4744-AA8D-16113DD76E70}.Retail|x86.ActiveCfg = Release|Any CPU
		{39F1AA26-BE51-4744-AA8D-16113DD76E70}.Retail|x86.Build.0 = Release|Any CPU
		{39F1AA26-BE51-4744-AA8D-16113DD76E70}.Trial|Any CPU.ActiveCfg = Release|Any CPU
		{39F1AA26-BE51-4744-AA8D-16113DD76E70}.Trial|Any CPU.Build.0 = Release|Any CPU
		{39F1AA26-BE51-4744-AA8D-16113DD76E70}.Trial|Compact.ActiveCfg = Release|Any CPU
		{39F1AA26-BE51-4744-AA8D-16113DD76E70}.Trial|Compact.Build.0 = Release|Any CPU
		{39F1AA26-BE51-4744-AA8D-16113DD76E70}.Trial|x64.ActiveCfg = Release|Any CPU
		{39F1AA26-BE51-4744-AA8D-16113DD76E70}.Trial|x64.Build.0 = Release|Any CPU
		{39F1AA26-BE51-4744-AA8D-16113DD76E70}.Trial|x86.ActiveCfg = Release|Any CPU
		{39F1AA26-BE51-4744-AA8D-16113DD76E70}.Trial|x86.Build.0 = Release|Any CPU
		{CAEAB577-9DAB-43FA-A185-C81C7CB1B507}.Debug|Any CPU.ActiveCfg = Debug|Any CPU
		{CAEAB577-9DAB-43FA-A185-C81C7CB1B507}.Debug|Any CPU.Build.0 = Debug|Any CPU
		{CAEAB577-9DAB-43FA-A185-C81C7CB1B507}.Debug|Compact.ActiveCfg = Debug|Any CPU
		{CAEAB577-9DAB-43FA-A185-C81C7CB1B507}.Debug|Compact.Build.0 = Debug|Any CPU
		{CAEAB577-9DAB-43FA-A185-C81C7CB1B507}.Debug|x64.ActiveCfg = Debug|Any CPU
		{CAEAB577-9DAB-43FA-A185-C81C7CB1B507}.Debug|x64.Build.0 = Debug|Any CPU
		{CAEAB577-9DAB-43FA-A185-C81C7CB1B507}.Debug|x86.ActiveCfg = Debug|Any CPU
		{CAEAB577-9DAB-43FA-A185-C81C7CB1B507}.Debug|x86.Build.0 = Debug|Any CPU
		{CAEAB577-9DAB-43FA-A185-C81C7CB1B507}.MailSystem Dev|Any CPU.ActiveCfg = Release|Any CPU
		{CAEAB577-9DAB-43FA-A185-C81C7CB1B507}.MailSystem Dev|Any CPU.Build.0 = Release|Any CPU
		{CAEAB577-9DAB-43FA-A185-C81C7CB1B507}.MailSystem Dev|Compact.ActiveCfg = Release|Any CPU
		{CAEAB577-9DAB-43FA-A185-C81C7CB1B507}.MailSystem Dev|Compact.Build.0 = Release|Any CPU
		{CAEAB577-9DAB-43FA-A185-C81C7CB1B507}.MailSystem Dev|x64.ActiveCfg = Release|Any CPU
		{CAEAB577-9DAB-43FA-A185-C81C7CB1B507}.MailSystem Dev|x64.Build.0 = Release|Any CPU
		{CAEAB577-9DAB-43FA-A185-C81C7CB1B507}.MailSystem Dev|x86.ActiveCfg = Release|Any CPU
		{CAEAB577-9DAB-43FA-A185-C81C7CB1B507}.MailSystem Dev|x86.Build.0 = Release|Any CPU
		{CAEAB577-9DAB-43FA-A185-C81C7CB1B507}.Release|Any CPU.ActiveCfg = Release|Any CPU
		{CAEAB577-9DAB-43FA-A185-C81C7CB1B507}.Release|Any CPU.Build.0 = Release|Any CPU
		{CAEAB577-9DAB-43FA-A185-C81C7CB1B507}.Release|Compact.ActiveCfg = Release|Any CPU
		{CAEAB577-9DAB-43FA-A185-C81C7CB1B507}.Release|Compact.Build.0 = Release|Any CPU
		{CAEAB577-9DAB-43FA-A185-C81C7CB1B507}.Release|x64.ActiveCfg = Release|Any CPU
		{CAEAB577-9DAB-43FA-A185-C81C7CB1B507}.Release|x64.Build.0 = Release|Any CPU
		{CAEAB577-9DAB-43FA-A185-C81C7CB1B507}.Release|x86.ActiveCfg = Release|Any CPU
		{CAEAB577-9DAB-43FA-A185-C81C7CB1B507}.Release|x86.Build.0 = Release|Any CPU
		{CAEAB577-9DAB-43FA-A185-C81C7CB1B507}.Retail|Any CPU.ActiveCfg = Release|Any CPU
		{CAEAB577-9DAB-43FA-A185-C81C7CB1B507}.Retail|Any CPU.Build.0 = Release|Any CPU
		{CAEAB577-9DAB-43FA-A185-C81C7CB1B507}.Retail|Compact.ActiveCfg = Release|Any CPU
		{CAEAB577-9DAB-43FA-A185-C81C7CB1B507}.Retail|Compact.Build.0 = Release|Any CPU
		{CAEAB577-9DAB-43FA-A185-C81C7CB1B507}.Retail|x64.ActiveCfg = Release|Any CPU
		{CAEAB577-9DAB-43FA-A185-C81C7CB1B507}.Retail|x64.Build.0 = Release|Any CPU
		{CAEAB577-9DAB-43FA-A185-C81C7CB1B507}.Retail|x86.ActiveCfg = Release|Any CPU
		{CAEAB577-9DAB-43FA-A185-C81C7CB1B507}.Retail|x86.Build.0 = Release|Any CPU
		{CAEAB577-9DAB-43FA-A185-C81C7CB1B507}.Trial|Any CPU.ActiveCfg = Release|Any CPU
		{CAEAB577-9DAB-43FA-A185-C81C7CB1B507}.Trial|Any CPU.Build.0 = Release|Any CPU
		{CAEAB577-9DAB-43FA-A185-C81C7CB1B507}.Trial|Compact.ActiveCfg = Release|Any CPU
		{CAEAB577-9DAB-43FA-A185-C81C7CB1B507}.Trial|Compact.Build.0 = Release|Any CPU
		{CAEAB577-9DAB-43FA-A185-C81C7CB1B507}.Trial|x64.ActiveCfg = Release|Any CPU
		{CAEAB577-9DAB-43FA-A185-C81C7CB1B507}.Trial|x64.Build.0 = Release|Any CPU
		{CAEAB577-9DAB-43FA-A185-C81C7CB1B507}.Trial|x86.ActiveCfg = Release|Any CPU
		{CAEAB577-9DAB-43FA-A185-C81C7CB1B507}.Trial|x86.Build.0 = Release|Any CPU
		{8C4D3AFB-67D3-4865-98BB-93E84B42E147}.Debug|Any CPU.ActiveCfg = Debug|Any CPU
		{8C4D3AFB-67D3-4865-98BB-93E84B42E147}.Debug|Any CPU.Build.0 = Debug|Any CPU
		{8C4D3AFB-67D3-4865-98BB-93E84B42E147}.Debug|Compact.ActiveCfg = Debug|Any CPU
		{8C4D3AFB-67D3-4865-98BB-93E84B42E147}.Debug|Compact.Build.0 = Debug|Any CPU
		{8C4D3AFB-67D3-4865-98BB-93E84B42E147}.Debug|x64.ActiveCfg = Debug|Any CPU
		{8C4D3AFB-67D3-4865-98BB-93E84B42E147}.Debug|x64.Build.0 = Debug|Any CPU
		{8C4D3AFB-67D3-4865-98BB-93E84B42E147}.Debug|x86.ActiveCfg = Debug|Any CPU
		{8C4D3AFB-67D3-4865-98BB-93E84B42E147}.Debug|x86.Build.0 = Debug|Any CPU
		{8C4D3AFB-67D3-4865-98BB-93E84B42E147}.MailSystem Dev|Any CPU.ActiveCfg = Release|Any CPU
		{8C4D3AFB-67D3-4865-98BB-93E84B42E147}.MailSystem Dev|Any CPU.Build.0 = Release|Any CPU
		{8C4D3AFB-67D3-4865-98BB-93E84B42E147}.MailSystem Dev|Compact.ActiveCfg = Release|Any CPU
		{8C4D3AFB-67D3-4865-98BB-93E84B42E147}.MailSystem Dev|Compact.Build.0 = Release|Any CPU
		{8C4D3AFB-67D3-4865-98BB-93E84B42E147}.MailSystem Dev|x64.ActiveCfg = Release|Any CPU
		{8C4D3AFB-67D3-4865-98BB-93E84B42E147}.MailSystem Dev|x64.Build.0 = Release|Any CPU
		{8C4D3AFB-67D3-4865-98BB-93E84B42E147}.MailSystem Dev|x86.ActiveCfg = Release|Any CPU
		{8C4D3AFB-67D3-4865-98BB-93E84B42E147}.MailSystem Dev|x86.Build.0 = Release|Any CPU
		{8C4D3AFB-67D3-4865-98BB-93E84B42E147}.Release|Any CPU.ActiveCfg = Release|Any CPU
		{8C4D3AFB-67D3-4865-98BB-93E84B42E147}.Release|Any CPU.Build.0 = Release|Any CPU
		{8C4D3AFB-67D3-4865-98BB-93E84B42E147}.Release|Compact.ActiveCfg = Release|Any CPU
		{8C4D3AFB-67D3-4865-98BB-93E84B42E147}.Release|Compact.Build.0 = Release|Any CPU
		{8C4D3AFB-67D3-4865-98BB-93E84B42E147}.Release|x64.ActiveCfg = Release|Any CPU
		{8C4D3AFB-67D3-4865-98BB-93E84B42E147}.Release|x64.Build.0 = Release|Any CPU
		{8C4D3AFB-67D3-4865-98BB-93E84B42E147}.Release|x86.ActiveCfg = Release|Any CPU
		{8C4D3AFB-67D3-4865-98BB-93E84B42E147}.Release|x86.Build.0 = Release|Any CPU
		{8C4D3AFB-67D3-4865-98BB-93E84B42E147}.Retail|Any CPU.ActiveCfg = Release|Any CPU
		{8C4D3AFB-67D3-4865-98BB-93E84B42E147}.Retail|Any CPU.Build.0 = Release|Any CPU
		{8C4D3AFB-67D3-4865-98BB-93E84B42E147}.Retail|Compact.ActiveCfg = Release|Any CPU
		{8C4D3AFB-67D3-4865-98BB-93E84B42E147}.Retail|Compact.Build.0 = Release|Any CPU
		{8C4D3AFB-67D3-4865-98BB-93E84B42E147}.Retail|x64.ActiveCfg = Release|Any CPU
		{8C4D3AFB-67D3-4865-98BB-93E84B42E147}.Retail|x64.Build.0 = Release|Any CPU
		{8C4D3AFB-67D3-4865-98BB-93E84B42E147}.Retail|x86.ActiveCfg = Release|Any CPU
		{8C4D3AFB-67D3-4865-98BB-93E84B42E147}.Retail|x86.Build.0 = Release|Any CPU
		{8C4D3AFB-67D3-4865-98BB-93E84B42E147}.Trial|Any CPU.ActiveCfg = Release|Any CPU
		{8C4D3AFB-67D3-4865-98BB-93E84B42E147}.Trial|Any CPU.Build.0 = Release|Any CPU
		{8C4D3AFB-67D3-4865-98BB-93E84B42E147}.Trial|Compact.ActiveCfg = Release|Any CPU
		{8C4D3AFB-67D3-4865-98BB-93E84B42E147}.Trial|Compact.Build.0 = Release|Any CPU
		{8C4D3AFB-67D3-4865-98BB-93E84B42E147}.Trial|x64.ActiveCfg = Release|Any CPU
		{8C4D3AFB-67D3-4865-98BB-93E84B42E147}.Trial|x64.Build.0 = Release|Any CPU
		{8C4D3AFB-67D3-4865-98BB-93E84B42E147}.Trial|x86.ActiveCfg = Release|Any CPU
		{8C4D3AFB-67D3-4865-98BB-93E84B42E147}.Trial|x86.Build.0 = Release|Any CPU
	EndGlobalSection
	GlobalSection(SolutionProperties) = preSolution
		HideSolutionNode = FALSE
	EndGlobalSection
	GlobalSection(NestedProjects) = preSolution
		{B84A6BCE-196A-4F35-972D-21EEF4F8FDC3} = {27CC2941-9A82-44BF-90D7-2D55BCFFA7FA}
		{8E7372C3-0E3A-41C8-9393-D749B2C52C37} = {27CC2941-9A82-44BF-90D7-2D55BCFFA7FA}
		{8B0F090D-C70E-40C3-AD43-5E2C7FF187B4} = {27CC2941-9A82-44BF-90D7-2D55BCFFA7FA}
		{C6D05D23-DC2C-4FE4-8F11-5A4BD6D7C3D2} = {CCFA6623-0584-4C5A-9975-EEA8AB22558E}
		{8327AA1C-2367-4942-946F-94E35CC31C4B} = {CCFA6623-0584-4C5A-9975-EEA8AB22558E}
		{2C3E669A-C0FF-4BB3-80DC-C02DB2D5069A} = {B84A6BCE-196A-4F35-972D-21EEF4F8FDC3}
		{CCFA6623-0584-4C5A-9975-EEA8AB22558E} = {B84A6BCE-196A-4F35-972D-21EEF4F8FDC3}
		{64723C77-5242-4671-A0BB-984DEEB79DBF} = {6B1F2E39-5071-407D-BBC6-785C79CD8045}
		{AE581332-D0B8-4481-BA67-71D11BFB056E} = {6B1F2E39-5071-407D-BBC6-785C79CD8045}
		{6E034575-6221-4F00-9FB6-2C02BDA5937B} = {1F3EE77A-64BA-4962-9EE5-4410F8D66532}
		{1704C757-6B9C-486A-8155-62250033A2C3} = {976FFABB-2F7A-4EDA-9E7E-A73F3CEB801C}
		{43519CAD-F917-4CF3-B9CB-2F84BBCAF2E0} = {903904E2-8C8B-4FE0-923C-61C0D452F6C6}
		{D9C5FA06-40A1-468F-A299-0C31304D1478} = {903904E2-8C8B-4FE0-923C-61C0D452F6C6}
		{47A68414-4D71-4A8C-9F8E-3BC54DD497E4} = {903904E2-8C8B-4FE0-923C-61C0D452F6C6}
		{7488A1E4-B8A1-4BEE-9E9E-91FD1C5BD956} = {CCFA6623-0584-4C5A-9975-EEA8AB22558E}
		{428597BB-50E3-4596-BC50-BF5A6D2F71CA} = {976FFABB-2F7A-4EDA-9E7E-A73F3CEB801C}
		{842533CC-82A3-4AA1-A373-6089E13F5ECB} = {B84A6BCE-196A-4F35-972D-21EEF4F8FDC3}
		{1F3EE77A-64BA-4962-9EE5-4410F8D66532} = {B84A6BCE-196A-4F35-972D-21EEF4F8FDC3}
		{08A6ABAE-80FF-4E30-996A-574CB6696FA1} = {B84A6BCE-196A-4F35-972D-21EEF4F8FDC3}
		{BF2727A1-344D-4CF3-8F8E-07F78301C3BE} = {B84A6BCE-196A-4F35-972D-21EEF4F8FDC3}
		{6B1F2E39-5071-407D-BBC6-785C79CD8045} = {B84A6BCE-196A-4F35-972D-21EEF4F8FDC3}
		{976FFABB-2F7A-4EDA-9E7E-A73F3CEB801C} = {1F3EE77A-64BA-4962-9EE5-4410F8D66532}
		{505AD48A-7186-4C4A-9ECE-411AB03F022F} = {08A6ABAE-80FF-4E30-996A-574CB6696FA1}
		{7E68AEB5-F8FD-4BF6-825F-ED59540F4ACF} = {BF2727A1-344D-4CF3-8F8E-07F78301C3BE}
		{903904E2-8C8B-4FE0-923C-61C0D452F6C6} = {6B1F2E39-5071-407D-BBC6-785C79CD8045}
		{29D6C7C1-38D6-49C0-931A-A70AB08635C9} = {1F3EE77A-64BA-4962-9EE5-4410F8D66532}
		{5F7B884E-7E42-4A32-ADB3-E8CBB3FD5B31} = {1F3EE77A-64BA-4962-9EE5-4410F8D66532}
		{B2479E9D-04DC-4A35-837A-E69C62EB4C8A} = {6B1F2E39-5071-407D-BBC6-785C79CD8045}
		{9947E053-7C54-450D-A1D1-D399A29FEA4A} = {6B1F2E39-5071-407D-BBC6-785C79CD8045}
		{F9A4EB81-611C-453E-8B71-27099E54E982} = {6B1F2E39-5071-407D-BBC6-785C79CD8045}
		{690C236C-FA31-4911-BABC-EB370849E4E8} = {6B1F2E39-5071-407D-BBC6-785C79CD8045}
		{4CF1773B-6516-484F-A0CD-D75593693644} = {6B1F2E39-5071-407D-BBC6-785C79CD8045}
		{AFD2BF70-5F38-4F91-90E2-6321C8E6F746} = {6B1F2E39-5071-407D-BBC6-785C79CD8045}
		{16596297-5E14-4CA4-A77C-70FA35D2B9BE} = {BF2727A1-344D-4CF3-8F8E-07F78301C3BE}
		{ACF559EF-3661-430C-9C4A-C379EFE7CDD6} = {BF2727A1-344D-4CF3-8F8E-07F78301C3BE}
		{39F1AA26-BE51-4744-AA8D-16113DD76E70} = {BF2727A1-344D-4CF3-8F8E-07F78301C3BE}
		{CAEAB577-9DAB-43FA-A185-C81C7CB1B507} = {08A6ABAE-80FF-4E30-996A-574CB6696FA1}
		{8C4D3AFB-67D3-4865-98BB-93E84B42E147} = {08A6ABAE-80FF-4E30-996A-574CB6696FA1}
	EndGlobalSection
	GlobalSection(TeamFoundationVersionControl) = preSolution
		SccNumberOfProjects = 29
		SccEnterpriseProvider = {4CA58AB2-18FA-4F8D-95D4-32DDF27D184C}
		SccTeamFoundationServer = https://vrenken.visualstudio.com/defaultcollection
		SccLocalPath0 = .
		SccProjectUniqueName1 = Api\\0.0.0.1\\EtAlii.Servus.Api\\EtAlii.Servus.Api.csproj
		SccProjectTopLevelParentUniqueName1 = EtAlii.Servus.Api.sln
		SccProjectName1 = Api/0.0.0.1/EtAlii.Servus.Api
		SccLocalPath1 = Api\\0.0.0.1\\EtAlii.Servus.Api
		SccProjectUniqueName2 = Api\\0.0.0.1\\EtAlii.Servus.Api.Shared.Tests\\EtAlii.Servus.Api.Tests.csproj
		SccProjectTopLevelParentUniqueName2 = EtAlii.Servus.Api.sln
		SccProjectName2 = Api/0.0.0.1/EtAlii.Servus.Api.Shared.Tests
		SccLocalPath2 = Api\\0.0.0.1\\EtAlii.Servus.Api.Shared.Tests
		SccProjectUniqueName3 = Api\\0.0.0.1\\EtAlii.Servus.Api.Management.Tests\\EtAlii.Servus.Api.Management.Tests.csproj
		SccProjectTopLevelParentUniqueName3 = EtAlii.Servus.Api.sln
		SccProjectName3 = Api/0.0.0.1/EtAlii.Servus.Api.Management.Tests
		SccLocalPath3 = Api\\0.0.0.1\\EtAlii.Servus.Api.Management.Tests
		SccProjectUniqueName4 = Api\\0.0.0.1\\EtAlii.Servus.Api.Transport.SignalR\\EtAlii.Servus.Api.Transport.SignalR.csproj
		SccProjectTopLevelParentUniqueName4 = EtAlii.Servus.Api.sln
		SccProjectName4 = Api/0.0.0.1/EtAlii.Servus.Api.Transport.SignalR
		SccLocalPath4 = Api\\0.0.0.1\\EtAlii.Servus.Api.Transport.SignalR
		SccProjectUniqueName5 = Api\\0.0.0.1\\EtAlii.Servus.Api.Transport.WebApi\\EtAlii.Servus.Api.Transport.WebApi.csproj
		SccProjectTopLevelParentUniqueName5 = EtAlii.Servus.Api.sln
		SccProjectName5 = Api/0.0.0.1/EtAlii.Servus.Api.Transport.WebApi
		SccLocalPath5 = Api\\0.0.0.1\\EtAlii.Servus.Api.Transport.WebApi
		SccProjectUniqueName6 = Api\\0.0.0.1\\EtAlii.Servus.Api.Data.Win32\\EtAlii.Servus.Api.Functional.Win32.csproj
		SccProjectTopLevelParentUniqueName6 = EtAlii.Servus.Api.sln
		SccProjectName6 = Api/0.0.0.1/EtAlii.Servus.Api.Data.Win32
		SccLocalPath6 = Api\\0.0.0.1\\EtAlii.Servus.Api.Data.Win32
		SccProjectUniqueName7 = Api\\0.0.0.1\\EtAlii.Servus.Api.Data.Win32.Tests\\EtAlii.Servus.Api.Functional.Win32.Tests.csproj
		SccProjectTopLevelParentUniqueName7 = EtAlii.Servus.Api.sln
		SccProjectName7 = Api/0.0.0.1/EtAlii.Servus.Api.Data.Win32.Tests
		SccLocalPath7 = Api\\0.0.0.1\\EtAlii.Servus.Api.Data.Win32.Tests
		SccProjectUniqueName8 = Api\\0.0.0.1\\EtAlii.Servus.Api.Transport.Tests\\EtAlii.Servus.Api.Transport.Tests.shproj
		SccProjectTopLevelParentUniqueName8 = EtAlii.Servus.Api.sln
		SccProjectName8 = Api/0.0.0.1/EtAlii.Servus.Api.Transport.Tests
		SccLocalPath8 = Api\\0.0.0.1\\EtAlii.Servus.Api.Transport.Tests
		SccProjectUniqueName9 = Api\\0.0.0.1\\EtAlii.Servus.Api.Transport.Tests\\EtAlii.Servus.Api.Transport.Tests.projitems
		SccProjectTopLevelParentUniqueName9 = EtAlii.Servus.Api.sln
		SccProjectName9 = Api/0.0.0.1/EtAlii.Servus.Api.Transport.Tests
		SccLocalPath9 = Api\\0.0.0.1\\EtAlii.Servus.Api.Transport.Tests
		SccProjectUniqueName10 = Api\\0.0.0.1\\EtAlii.Servus.Api.Transport.SignalR.Tests\\EtAlii.Servus.Api.Transport.SignalR.Tests.csproj
		SccProjectTopLevelParentUniqueName10 = EtAlii.Servus.Api.sln
		SccProjectName10 = Api/0.0.0.1/EtAlii.Servus.Api.Transport.SignalR.Tests
		SccLocalPath10 = Api\\0.0.0.1\\EtAlii.Servus.Api.Transport.SignalR.Tests
		SccProjectUniqueName11 = Api\\0.0.0.1\\EtAlii.Servus.Api.Transport.WebApi.Tests\\EtAlii.Servus.Api.Transport.WebApi.Tests.csproj
		SccProjectTopLevelParentUniqueName11 = EtAlii.Servus.Api.sln
		SccProjectName11 = Api/0.0.0.1/EtAlii.Servus.Api.Transport.WebApi.Tests
		SccLocalPath11 = Api\\0.0.0.1\\EtAlii.Servus.Api.Transport.WebApi.Tests
		SccProjectUniqueName12 = Api\\0.0.0.1\\EtAlii.Servus.Api.Diagnostics.Tests\\EtAlii.Servus.Api.Diagnostics.Tests.csproj
		SccProjectTopLevelParentUniqueName12 = EtAlii.Servus.Api.sln
		SccProjectName12 = Api/0.0.0.1/EtAlii.Servus.Api.Diagnostics.Tests
		SccLocalPath12 = Api\\0.0.0.1\\EtAlii.Servus.Api.Diagnostics.Tests
		SccProjectUniqueName13 = Api\\0.0.0.1\\EtAlii.Servus.Api.Functional.Tests\\EtAlii.Servus.Api.Functional.Tests.shproj
		SccProjectTopLevelParentUniqueName13 = EtAlii.Servus.Api.sln
		SccProjectName13 = Api/0.0.0.1/EtAlii.Servus.Api.Functional.Tests
		SccLocalPath13 = Api\\0.0.0.1\\EtAlii.Servus.Api.Functional.Tests
		SccProjectUniqueName14 = Api\\0.0.0.1\\EtAlii.Servus.Api.Functional.Tests\\EtAlii.Servus.Api.Functional.Tests.projitems
		SccProjectTopLevelParentUniqueName14 = EtAlii.Servus.Api.sln
		SccProjectName14 = Api/0.0.0.1/EtAlii.Servus.Api.Functional.Tests
		SccLocalPath14 = Api\\0.0.0.1\\EtAlii.Servus.Api.Functional.Tests
		SccProjectUniqueName15 = Api\\0.0.0.1\\EtAlii.Servus.Api.Diagnostics\\EtAlii.Servus.Api.Diagnostics.csproj
		SccProjectTopLevelParentUniqueName15 = EtAlii.Servus.Api.sln
		SccProjectName15 = Api/0.0.0.1/EtAlii.Servus.Api.Diagnostics
		SccLocalPath15 = Api\\0.0.0.1\\EtAlii.Servus.Api.Diagnostics
		SccProjectUniqueName16 = Api\\0.0.0.1\\EtAlii.Servus.Api.Functional\\EtAlii.Servus.Api.Functional.csproj
		SccProjectTopLevelParentUniqueName16 = EtAlii.Servus.Api.sln
		SccProjectName16 = Api/0.0.0.1/EtAlii.Servus.Api.Functional
		SccLocalPath16 = Api\\0.0.0.1\\EtAlii.Servus.Api.Functional
		SccProjectUniqueName17 = Api\\0.0.0.1\\EtAlii.Servus.Api.Functional.Diagnostics\\EtAlii.Servus.Api.Functional.Diagnostics.csproj
		SccProjectTopLevelParentUniqueName17 = EtAlii.Servus.Api.sln
		SccProjectName17 = Api/0.0.0.1/EtAlii.Servus.Api.Functional.Diagnostics
		SccLocalPath17 = Api\\0.0.0.1\\EtAlii.Servus.Api.Functional.Diagnostics
		SccProjectUniqueName18 = Api\\0.0.0.1\\EtAlii.Servus.Api.Transport\\EtAlii.Servus.Api.Transport.csproj
		SccProjectTopLevelParentUniqueName18 = EtAlii.Servus.Api.sln
		SccProjectName18 = Api/0.0.0.1/EtAlii.Servus.Api.Transport
		SccLocalPath18 = Api\\0.0.0.1\\EtAlii.Servus.Api.Transport
		SccProjectUniqueName19 = Api\\0.0.0.1\\EtAlii.Servus.Api.Transport.Management\\EtAlii.Servus.Api.Transport.Management.csproj
		SccProjectTopLevelParentUniqueName19 = EtAlii.Servus.Api.sln
		SccProjectName19 = Api/0.0.0.1/EtAlii.Servus.Api.Transport.Management
		SccLocalPath19 = Api\\0.0.0.1\\EtAlii.Servus.Api.Transport.Management
		SccProjectUniqueName20 = Api\\0.0.0.1\\EtAlii.Servus.Api.Transport.Management.Diagnostics\\EtAlii.Servus.Api.Transport.Management.Diagnostics.csproj
		SccProjectTopLevelParentUniqueName20 = EtAlii.Servus.Api.sln
		SccProjectName20 = Api/0.0.0.1/EtAlii.Servus.Api.Transport.Management.Diagnostics
		SccLocalPath20 = Api\\0.0.0.1\\EtAlii.Servus.Api.Transport.Management.Diagnostics
		SccProjectUniqueName21 = Api\\0.0.0.1\\EtAlii.Servus.Api.Transport.Management.SignalR\\EtAlii.Servus.Api.Transport.Management.SignalR.csproj
		SccProjectTopLevelParentUniqueName21 = EtAlii.Servus.Api.sln
		SccProjectName21 = Api/0.0.0.1/EtAlii.Servus.Api.Transport.Management.SignalR
		SccLocalPath21 = Api\\0.0.0.1\\EtAlii.Servus.Api.Transport.Management.SignalR
		SccProjectUniqueName22 = Api\\0.0.0.1\\EtAlii.Servus.Api.Transport.Management.WebApi\\EtAlii.Servus.Api.Transport.Management.WebApi.csproj
		SccProjectTopLevelParentUniqueName22 = EtAlii.Servus.Api.sln
		SccProjectName22 = Api/0.0.0.1/EtAlii.Servus.Api.Transport.Management.WebApi
		SccLocalPath22 = Api\\0.0.0.1\\EtAlii.Servus.Api.Transport.Management.WebApi
		SccProjectUniqueName23 = Api\\0.0.0.1\\EtAlii.Servus.Api.Transport.Diagnostics\\EtAlii.Servus.Api.Transport.Diagnostics.csproj
		SccProjectTopLevelParentUniqueName23 = EtAlii.Servus.Api.sln
		SccProjectName23 = Api/0.0.0.1/EtAlii.Servus.Api.Transport.Diagnostics
		SccLocalPath23 = Api\\0.0.0.1\\EtAlii.Servus.Api.Transport.Diagnostics
		SccProjectUniqueName24 = Api\\0.0.0.1\\EtAlii.Servus.Api.Fabric\\EtAlii.Servus.Api.Fabric.csproj
		SccProjectTopLevelParentUniqueName24 = EtAlii.Servus.Api.sln
		SccProjectName24 = Api/0.0.0.1/EtAlii.Servus.Api.Fabric
		SccLocalPath24 = Api\\0.0.0.1\\EtAlii.Servus.Api.Fabric
		SccProjectUniqueName25 = Api\\0.0.0.1\\EtAlii.Servus.Api.Fabric.Diagnostics\\EtAlii.Servus.Api.Fabric.Diagnostics.csproj
		SccProjectTopLevelParentUniqueName25 = EtAlii.Servus.Api.sln
		SccProjectName25 = Api/0.0.0.1/EtAlii.Servus.Api.Fabric.Diagnostics
		SccLocalPath25 = Api\\0.0.0.1\\EtAlii.Servus.Api.Fabric.Diagnostics
		SccProjectUniqueName26 = Api\\0.0.0.1\\EtAlii.Servus.Api.Fabric.Management\\EtAlii.Servus.Api.Fabric.Management.csproj
		SccProjectTopLevelParentUniqueName26 = EtAlii.Servus.Api.sln
		SccProjectName26 = Api/0.0.0.1/EtAlii.Servus.Api.Fabric.Management
		SccLocalPath26 = Api\\0.0.0.1\\EtAlii.Servus.Api.Fabric.Management
		SccProjectUniqueName27 = Api\\0.0.0.1\\EtAlii.Servus.Api.Logical\\EtAlii.Servus.Api.Logical.csproj
		SccProjectTopLevelParentUniqueName27 = EtAlii.Servus.Api.sln
		SccProjectName27 = Api/0.0.0.1/EtAlii.Servus.Api.Logical
		SccLocalPath27 = Api\\0.0.0.1\\EtAlii.Servus.Api.Logical
		SccProjectUniqueName28 = Api\\0.0.0.1\\EtAlii.Servus.Api.Logical.Diagnostics\\EtAlii.Servus.Api.Logical.Diagnostics.csproj
		SccProjectTopLevelParentUniqueName28 = EtAlii.Servus.Api.sln
		SccProjectName28 = Api/0.0.0.1/EtAlii.Servus.Api.Logical.Diagnostics
		SccLocalPath28 = Api\\0.0.0.1\\EtAlii.Servus.Api.Logical.Diagnostics
	EndGlobalSection
	GlobalSection(TestCaseManagementSettings) = postSolution
		CategoryFile = EtAlii.Servus.vsmdi
	EndGlobalSection
	GlobalSection(NDepend) = preSolution
		Project = ".\Analysis\EtAlii.Servus.ndproj"
	EndGlobalSection
EndGlobal
