
Microsoft Visual Studio Solution File, Format Version 12.00
# Visual Studio 2013
VisualStudioVersion = 12.0.30723.0
MinimumVisualStudioVersion = 10.0.40219.1
Project("{2150E333-8FDC-42A3-9474-1A3956D46DE8}") = "Frameworks", "Frameworks", "{1B01FD44-9E67-4083-8C74-85A166392844}"
EndProject
Project("{2150E333-8FDC-42A3-9474-1A3956D46DE8}") = "EtAlii.xTechnology", "EtAlii.xTechnology", "{3F028DD6-3D1E-44B4-9070-90F5A6C64935}"
EndProject
Project("{FAE04EC0-301F-11D3-BF4B-00C04F79EFBC}") = "EtAlii.xTechnology", "Frameworks\EtAlii.xTechnology\EtAlii.xTechnology\EtAlii.xTechnology.csproj", "{A9B3597A-2608-4ACE-A0EA-FC354CADB743}"
EndProject
Project("{FAE04EC0-301F-11D3-BF4B-00C04F79EFBC}") = "EtAlii.xTechnology.Serialization", "Frameworks\EtAlii.xTechnology\EtAlii.xTechnology.Serialization\EtAlii.xTechnology.Serialization.csproj", "{1C23C986-2028-40AB-A4FA-B590CD413A13}"
EndProject
Project("{2150E333-8FDC-42A3-9474-1A3956D46DE8}") = "Hardcodet.Wpf.Taskbar", "Hardcodet.Wpf.Taskbar", "{BE2B973A-2112-446E-ADEA-DF7F12824125}"
EndProject
Project("{FAE04EC0-301F-11D3-BF4B-00C04F79EFBC}") = "Hardcodet.Wpf.Taskbar", "Frameworks\Hardcodet.Wpf.Taskbar\Hardcodet.Wpf.Taskbar\Hardcodet.Wpf.Taskbar.csproj", "{7AC63864-7638-41C4-969C-D3197EF2BED9}"
EndProject
Project("{FAE04EC0-301F-11D3-BF4B-00C04F79EFBC}") = "Hardcodet.Wpf.Taskbar.Examples", "Frameworks\Hardcodet.Wpf.Taskbar\Hardcodet.Wpf.Taskbar.Examples\Hardcodet.Wpf.Taskbar.Examples.csproj", "{71C74F29-F1C2-49C5-969F-C25AC4CDFCCC}"
EndProject
Project("{FAE04EC0-301F-11D3-BF4B-00C04F79EFBC}") = "EtAlii.xTechnology.Collections", "Frameworks\EtAlii.xTechnology\EtAlii.xTechnology.Collections\EtAlii.xTechnology.Collections.csproj", "{18B62582-402A-4004-A9EF-861EBC1381AA}"
EndProject
Project("{2150E333-8FDC-42A3-9474-1A3956D46DE8}") = ".nuget", ".nuget", "{59565713-7884-4A1D-BFBE-18DC2A86E0D1}"
	ProjectSection(SolutionItems) = preProject
		.nuget\NuGet.Config = .nuget\NuGet.Config
		.nuget\NuGet.exe = .nuget\NuGet.exe
		.nuget\NuGet.targets = .nuget\NuGet.targets
	EndProjectSection
EndProject
Project("{FAE04EC0-301F-11D3-BF4B-00C04F79EFBC}") = "EtAlii.xTechnology.Logging", "Frameworks\EtAlii.xTechnology\EtAlii.xTechnology.Logging\EtAlii.xTechnology.Logging.csproj", "{6E00C591-D36F-43CE-A593-54F8AD183070}"
EndProject
Project("{FAE04EC0-301F-11D3-BF4B-00C04F79EFBC}") = "EtAlii.xTechnology.Logging.Gibraltar.NET45", "Frameworks\EtAlii.xTechnology\EtAlii.xTechnology.Logging.NET45\EtAlii.xTechnology.Logging.Gibraltar.NET45.csproj", "{6A880A75-43A2-4F3C-8316-74DF20050FDE}"
EndProject
Project("{FAE04EC0-301F-11D3-BF4B-00C04F79EFBC}") = "EtAlii.xTechnology.Workflow", "Frameworks\EtAlii.xTechnology\EtAlii.xTechnology.Workflow\EtAlii.xTechnology.Workflow.csproj", "{0223561E-92B9-46E9-9ED0-69718E749CE3}"
EndProject
Project("{FAE04EC0-301F-11D3-BF4B-00C04F79EFBC}") = "EtAlii.xTechnology.Mvvm", "Frameworks\EtAlii.xTechnology\EtAlii.xTechnology.Mvvm\EtAlii.xTechnology.Mvvm.csproj", "{E8C74F17-0E63-44DA-9CDD-B7A8BACF9753}"
EndProject
Project("{FAE04EC0-301F-11D3-BF4B-00C04F79EFBC}") = "EtAlii.xTechnology.MicroContainer", "Frameworks\EtAlii.xTechnology\EtAlii.xTechnology.MicroContainer\EtAlii.xTechnology.MicroContainer.csproj", "{F7DB2339-6E45-4B50-A53A-C968210CA049}"
EndProject
Project("{2150E333-8FDC-42A3-9474-1A3956D46DE8}") = "Moppet.Lapa", "Moppet.Lapa", "{B58E0B64-A20E-48A8-A042-4D5439526620}"
EndProject
Project("{FAE04EC0-301F-11D3-BF4B-00C04F79EFBC}") = "Moppet.Lapa", "Frameworks\Moppet.Lapa\Moppet.Lapa.Pcl\Moppet.Lapa.csproj", "{507E6BFB-67B0-4A22-9583-8D5403BFECEF}"
EndProject
Project("{2150E333-8FDC-42A3-9474-1A3956D46DE8}") = "HashLib", "HashLib", "{CE1DD5F8-31CB-4270-A4C8-8078C9E626FB}"
EndProject
Project("{FAE04EC0-301F-11D3-BF4B-00C04F79EFBC}") = "HashLib", "Frameworks\HashLib\HashLib\HashLib.csproj", "{3FB9F87C-92E9-45CC-9CF8-C388728A3F31}"
EndProject
Project("{FAE04EC0-301F-11D3-BF4B-00C04F79EFBC}") = "HashLibTest", "Frameworks\HashLib\HashLibTest\HashLibTest.csproj", "{F38139F9-CCB4-4A02-A752-B4FC3D1A81D3}"
EndProject
Project("{FAE04EC0-301F-11D3-BF4B-00C04F79EFBC}") = "TomanuExtensions", "Frameworks\HashLib\TomanuExtensions\TomanuExtensions.csproj", "{4653B49E-D5A5-43B7-8CED-160E7BC09917}"
EndProject
Project("{2150E333-8FDC-42A3-9474-1A3956D46DE8}") = "Tests", "Tests", "{F9F27A33-C0F2-4FAF-9E7B-A5CE77AD6132}"
EndProject
Project("{FAE04EC0-301F-11D3-BF4B-00C04F79EFBC}") = "EtAlii.xTechnology.Tests", "Frameworks\EtAlii.xTechnology\Tests\EtAlii.xTechnology.Tests\EtAlii.xTechnology.Tests.csproj", "{A861D1B2-FC34-4156-BA79-00D111C6ED7F}"
EndProject
Global
	GlobalSection(TeamFoundationVersionControl) = preSolution
		SccNumberOfProjects = 16
		SccEnterpriseProvider = {4CA58AB2-18FA-4F8D-95D4-32DDF27D184C}
		SccTeamFoundationServer = https://vrenken.visualstudio.com/defaultcollection
		SccLocalPath0 = .
		SccProjectUniqueName1 = Frameworks\\EtAlii.xTechnology\\EtAlii.xTechnology.Collections\\EtAlii.xTechnology.Collections.csproj
		SccProjectTopLevelParentUniqueName1 = EtAlii.Servus.Frameworks.sln
		SccProjectName1 = Frameworks/EtAlii.xTechnology/EtAlii.xTechnology.Collections
		SccLocalPath1 = Frameworks\\EtAlii.xTechnology\\EtAlii.xTechnology.Collections
		SccProjectUniqueName2 = Frameworks\\EtAlii.xTechnology\\EtAlii.xTechnology.Serialization\\EtAlii.xTechnology.Serialization.csproj
		SccProjectTopLevelParentUniqueName2 = EtAlii.Servus.Frameworks.sln
		SccProjectName2 = Frameworks/EtAlii.xTechnology/EtAlii.xTechnology.Serialization
		SccLocalPath2 = Frameworks\\EtAlii.xTechnology\\EtAlii.xTechnology.Serialization
		SccProjectUniqueName3 = Frameworks\\EtAlii.xTechnology\\EtAlii.xTechnology\\EtAlii.xTechnology.csproj
		SccProjectTopLevelParentUniqueName3 = EtAlii.Servus.Frameworks.sln
		SccProjectName3 = Frameworks/EtAlii.xTechnology/EtAlii.xTechnology
		SccLocalPath3 = Frameworks\\EtAlii.xTechnology\\EtAlii.xTechnology
		SccProjectUniqueName4 = Frameworks\\Hardcodet.Wpf.Taskbar\\Hardcodet.Wpf.Taskbar.Examples\\Hardcodet.Wpf.Taskbar.Examples.csproj
		SccProjectTopLevelParentUniqueName4 = EtAlii.Servus.Frameworks.sln
		SccProjectName4 = Frameworks/Hardcodet.Wpf.Taskbar/Hardcodet.Wpf.Taskbar.Examples
		SccLocalPath4 = Frameworks\\Hardcodet.Wpf.Taskbar\\Hardcodet.Wpf.Taskbar.Examples
		SccProjectUniqueName5 = Frameworks\\Hardcodet.Wpf.Taskbar\\Hardcodet.Wpf.Taskbar\\Hardcodet.Wpf.Taskbar.csproj
		SccProjectTopLevelParentUniqueName5 = EtAlii.Servus.Frameworks.sln
		SccProjectName5 = Frameworks/Hardcodet.Wpf.Taskbar/Hardcodet.Wpf.Taskbar
		SccLocalPath5 = Frameworks\\Hardcodet.Wpf.Taskbar\\Hardcodet.Wpf.Taskbar
		SccProjectUniqueName6 = Frameworks\\EtAlii.xTechnology\\EtAlii.xTechnology.Logging\\EtAlii.xTechnology.Logging.csproj
		SccProjectTopLevelParentUniqueName6 = EtAlii.Servus.Frameworks.sln
		SccProjectName6 = Frameworks/EtAlii.xTechnology/EtAlii.xTechnology.Logging
		SccLocalPath6 = Frameworks\\EtAlii.xTechnology\\EtAlii.xTechnology.Logging
		SccProjectUniqueName7 = Frameworks\\EtAlii.xTechnology\\EtAlii.xTechnology.Logging.NET45\\EtAlii.xTechnology.Logging.Gibraltar.NET45.csproj
		SccProjectTopLevelParentUniqueName7 = EtAlii.Servus.Frameworks.sln
		SccProjectName7 = Frameworks/EtAlii.xTechnology/EtAlii.xTechnology.Logging.NET45
		SccLocalPath7 = Frameworks\\EtAlii.xTechnology\\EtAlii.xTechnology.Logging.NET45
		SccProjectUniqueName8 = Frameworks\\EtAlii.xTechnology\\EtAlii.xTechnology.Workflow\\EtAlii.xTechnology.Workflow.csproj
		SccProjectTopLevelParentUniqueName8 = EtAlii.Servus.Frameworks.sln
		SccProjectName8 = Frameworks/EtAlii.xTechnology/EtAlii.xTechnology.Workflow
		SccLocalPath8 = Frameworks\\EtAlii.xTechnology\\EtAlii.xTechnology.Workflow
		SccProjectUniqueName9 = Frameworks\\EtAlii.xTechnology\\EtAlii.xTechnology.Mvvm\\EtAlii.xTechnology.Mvvm.csproj
		SccProjectTopLevelParentUniqueName9 = EtAlii.Servus.Frameworks.sln
		SccProjectName9 = Frameworks/EtAlii.xTechnology/EtAlii.xTechnology.Mvvm
		SccLocalPath9 = Frameworks\\EtAlii.xTechnology\\EtAlii.xTechnology.Mvvm
		SccProjectUniqueName10 = Frameworks\\EtAlii.xTechnology\\EtAlii.xTechnology.MicroContainer\\EtAlii.xTechnology.MicroContainer.csproj
		SccProjectTopLevelParentUniqueName10 = EtAlii.Servus.Frameworks.sln
		SccProjectName10 = Frameworks/EtAlii.xTechnology/EtAlii.xTechnology.MicroContainer
		SccLocalPath10 = Frameworks\\EtAlii.xTechnology\\EtAlii.xTechnology.MicroContainer
		SccProjectUniqueName11 = Frameworks\\Moppet.Lapa\\Moppet.Lapa.Pcl\\Moppet.Lapa.csproj
		SccProjectTopLevelParentUniqueName11 = EtAlii.Servus.Frameworks.sln
		SccProjectName11 = Frameworks/Moppet.Lapa/Moppet.Lapa.Pcl
		SccLocalPath11 = Frameworks\\Moppet.Lapa\\Moppet.Lapa.Pcl
		SccProjectUniqueName12 = Frameworks\\HashLib\\HashLib\\HashLib.csproj
		SccProjectTopLevelParentUniqueName12 = EtAlii.Servus.Frameworks.sln
		SccProjectName12 = Frameworks/HashLib/HashLib
		SccLocalPath12 = Frameworks\\HashLib\\HashLib
		SccProjectUniqueName13 = Frameworks\\HashLib\\HashLibTest\\HashLibTest.csproj
		SccProjectTopLevelParentUniqueName13 = EtAlii.Servus.Frameworks.sln
		SccProjectName13 = Frameworks/HashLib/HashLibTest
		SccLocalPath13 = Frameworks\\HashLib\\HashLibTest
		SccProjectUniqueName14 = Frameworks\\HashLib\\TomanuExtensions\\TomanuExtensions.csproj
		SccProjectTopLevelParentUniqueName14 = EtAlii.Servus.Frameworks.sln
		SccProjectName14 = Frameworks/HashLib/TomanuExtensions
		SccLocalPath14 = Frameworks\\HashLib\\TomanuExtensions
		SccProjectUniqueName15 = Frameworks\\EtAlii.xTechnology\\Tests\\EtAlii.xTechnology.Tests\\EtAlii.xTechnology.Tests.csproj
		SccProjectTopLevelParentUniqueName15 = EtAlii.Servus.Frameworks.sln
		SccProjectName15 = Frameworks/EtAlii.xTechnology/Tests/EtAlii.xTechnology.Tests
		SccLocalPath15 = Frameworks\\EtAlii.xTechnology\\Tests\\EtAlii.xTechnology.Tests
	EndGlobalSection
	GlobalSection(SolutionConfigurationPlatforms) = preSolution
		Debug|Any CPU = Debug|Any CPU
		Debug|Compact = Debug|Compact
		Debug|x64 = Debug|x64
		Debug|x86 = Debug|x86
		MailSystem Dev|Any CPU = MailSystem Dev|Any CPU
		MailSystem Dev|Compact = MailSystem Dev|Compact
		MailSystem Dev|x64 = MailSystem Dev|x64
		MailSystem Dev|x86 = MailSystem Dev|x86
		Release|Any CPU = Release|Any CPU
		Release|Compact = Release|Compact
		Release|x64 = Release|x64
		Release|x86 = Release|x86
		Retail|Any CPU = Retail|Any CPU
		Retail|Compact = Retail|Compact
		Retail|x64 = Retail|x64
		Retail|x86 = Retail|x86
		Trial|Any CPU = Trial|Any CPU
		Trial|Compact = Trial|Compact
		Trial|x64 = Trial|x64
		Trial|x86 = Trial|x86
	EndGlobalSection
	GlobalSection(ProjectConfigurationPlatforms) = postSolution
		{A9B3597A-2608-4ACE-A0EA-FC354CADB743}.Debug|Any CPU.ActiveCfg = Debug|Any CPU
		{A9B3597A-2608-4ACE-A0EA-FC354CADB743}.Debug|Any CPU.Build.0 = Debug|Any CPU
		{A9B3597A-2608-4ACE-A0EA-FC354CADB743}.Debug|Compact.ActiveCfg = Debug|Any CPU
		{A9B3597A-2608-4ACE-A0EA-FC354CADB743}.Debug|x64.ActiveCfg = Debug|Any CPU
		{A9B3597A-2608-4ACE-A0EA-FC354CADB743}.Debug|x86.ActiveCfg = Debug|Any CPU
		{A9B3597A-2608-4ACE-A0EA-FC354CADB743}.MailSystem Dev|Any CPU.ActiveCfg = Release|Any CPU
		{A9B3597A-2608-4ACE-A0EA-FC354CADB743}.MailSystem Dev|Any CPU.Build.0 = Release|Any CPU
		{A9B3597A-2608-4ACE-A0EA-FC354CADB743}.MailSystem Dev|Compact.ActiveCfg = Release|Any CPU
		{A9B3597A-2608-4ACE-A0EA-FC354CADB743}.MailSystem Dev|x64.ActiveCfg = Release|Any CPU
		{A9B3597A-2608-4ACE-A0EA-FC354CADB743}.MailSystem Dev|x86.ActiveCfg = Release|Any CPU
		{A9B3597A-2608-4ACE-A0EA-FC354CADB743}.Release|Any CPU.ActiveCfg = Release|Any CPU
		{A9B3597A-2608-4ACE-A0EA-FC354CADB743}.Release|Any CPU.Build.0 = Release|Any CPU
		{A9B3597A-2608-4ACE-A0EA-FC354CADB743}.Release|Compact.ActiveCfg = Release|Any CPU
		{A9B3597A-2608-4ACE-A0EA-FC354CADB743}.Release|x64.ActiveCfg = Release|Any CPU
		{A9B3597A-2608-4ACE-A0EA-FC354CADB743}.Release|x86.ActiveCfg = Release|Any CPU
		{A9B3597A-2608-4ACE-A0EA-FC354CADB743}.Retail|Any CPU.ActiveCfg = Release|Any CPU
		{A9B3597A-2608-4ACE-A0EA-FC354CADB743}.Retail|Any CPU.Build.0 = Release|Any CPU
		{A9B3597A-2608-4ACE-A0EA-FC354CADB743}.Retail|Compact.ActiveCfg = Release|Any CPU
		{A9B3597A-2608-4ACE-A0EA-FC354CADB743}.Retail|x64.ActiveCfg = Release|Any CPU
		{A9B3597A-2608-4ACE-A0EA-FC354CADB743}.Retail|x86.ActiveCfg = Release|Any CPU
		{A9B3597A-2608-4ACE-A0EA-FC354CADB743}.Trial|Any CPU.ActiveCfg = Release|Any CPU
		{A9B3597A-2608-4ACE-A0EA-FC354CADB743}.Trial|Any CPU.Build.0 = Release|Any CPU
		{A9B3597A-2608-4ACE-A0EA-FC354CADB743}.Trial|Compact.ActiveCfg = Release|Any CPU
		{A9B3597A-2608-4ACE-A0EA-FC354CADB743}.Trial|x64.ActiveCfg = Release|Any CPU
		{A9B3597A-2608-4ACE-A0EA-FC354CADB743}.Trial|x86.ActiveCfg = Release|Any CPU
		{1C23C986-2028-40AB-A4FA-B590CD413A13}.Debug|Any CPU.ActiveCfg = Debug|Any CPU
		{1C23C986-2028-40AB-A4FA-B590CD413A13}.Debug|Any CPU.Build.0 = Debug|Any CPU
		{1C23C986-2028-40AB-A4FA-B590CD413A13}.Debug|Compact.ActiveCfg = Debug|Any CPU
		{1C23C986-2028-40AB-A4FA-B590CD413A13}.Debug|x64.ActiveCfg = Debug|Any CPU
		{1C23C986-2028-40AB-A4FA-B590CD413A13}.Debug|x86.ActiveCfg = Debug|Any CPU
		{1C23C986-2028-40AB-A4FA-B590CD413A13}.MailSystem Dev|Any CPU.ActiveCfg = Release|Any CPU
		{1C23C986-2028-40AB-A4FA-B590CD413A13}.MailSystem Dev|Any CPU.Build.0 = Release|Any CPU
		{1C23C986-2028-40AB-A4FA-B590CD413A13}.MailSystem Dev|Compact.ActiveCfg = Release|Any CPU
		{1C23C986-2028-40AB-A4FA-B590CD413A13}.MailSystem Dev|x64.ActiveCfg = Release|Any CPU
		{1C23C986-2028-40AB-A4FA-B590CD413A13}.MailSystem Dev|x86.ActiveCfg = Release|Any CPU
		{1C23C986-2028-40AB-A4FA-B590CD413A13}.Release|Any CPU.ActiveCfg = Release|Any CPU
		{1C23C986-2028-40AB-A4FA-B590CD413A13}.Release|Any CPU.Build.0 = Release|Any CPU
		{1C23C986-2028-40AB-A4FA-B590CD413A13}.Release|Compact.ActiveCfg = Release|Any CPU
		{1C23C986-2028-40AB-A4FA-B590CD413A13}.Release|x64.ActiveCfg = Release|Any CPU
		{1C23C986-2028-40AB-A4FA-B590CD413A13}.Release|x86.ActiveCfg = Release|Any CPU
		{1C23C986-2028-40AB-A4FA-B590CD413A13}.Retail|Any CPU.ActiveCfg = Release|Any CPU
		{1C23C986-2028-40AB-A4FA-B590CD413A13}.Retail|Any CPU.Build.0 = Release|Any CPU
		{1C23C986-2028-40AB-A4FA-B590CD413A13}.Retail|Compact.ActiveCfg = Release|Any CPU
		{1C23C986-2028-40AB-A4FA-B590CD413A13}.Retail|x64.ActiveCfg = Release|Any CPU
		{1C23C986-2028-40AB-A4FA-B590CD413A13}.Retail|x86.ActiveCfg = Release|Any CPU
		{1C23C986-2028-40AB-A4FA-B590CD413A13}.Trial|Any CPU.ActiveCfg = Release|Any CPU
		{1C23C986-2028-40AB-A4FA-B590CD413A13}.Trial|Any CPU.Build.0 = Release|Any CPU
		{1C23C986-2028-40AB-A4FA-B590CD413A13}.Trial|Compact.ActiveCfg = Release|Any CPU
		{1C23C986-2028-40AB-A4FA-B590CD413A13}.Trial|x64.ActiveCfg = Release|Any CPU
		{1C23C986-2028-40AB-A4FA-B590CD413A13}.Trial|x86.ActiveCfg = Release|Any CPU
		{7AC63864-7638-41C4-969C-D3197EF2BED9}.Debug|Any CPU.ActiveCfg = Debug|Any CPU
		{7AC63864-7638-41C4-969C-D3197EF2BED9}.Debug|Any CPU.Build.0 = Debug|Any CPU
		{7AC63864-7638-41C4-969C-D3197EF2BED9}.Debug|Compact.ActiveCfg = Debug|Any CPU
		{7AC63864-7638-41C4-969C-D3197EF2BED9}.Debug|x64.ActiveCfg = Debug|Any CPU
		{7AC63864-7638-41C4-969C-D3197EF2BED9}.Debug|x86.ActiveCfg = Debug|Any CPU
		{7AC63864-7638-41C4-969C-D3197EF2BED9}.MailSystem Dev|Any CPU.ActiveCfg = Release|Any CPU
		{7AC63864-7638-41C4-969C-D3197EF2BED9}.MailSystem Dev|Any CPU.Build.0 = Release|Any CPU
		{7AC63864-7638-41C4-969C-D3197EF2BED9}.MailSystem Dev|Compact.ActiveCfg = Release|Any CPU
		{7AC63864-7638-41C4-969C-D3197EF2BED9}.MailSystem Dev|x64.ActiveCfg = Release|Any CPU
		{7AC63864-7638-41C4-969C-D3197EF2BED9}.MailSystem Dev|x86.ActiveCfg = Release|Any CPU
		{7AC63864-7638-41C4-969C-D3197EF2BED9}.Release|Any CPU.ActiveCfg = Release|Any CPU
		{7AC63864-7638-41C4-969C-D3197EF2BED9}.Release|Any CPU.Build.0 = Release|Any CPU
		{7AC63864-7638-41C4-969C-D3197EF2BED9}.Release|Compact.ActiveCfg = Release|Any CPU
		{7AC63864-7638-41C4-969C-D3197EF2BED9}.Release|x64.ActiveCfg = Release|Any CPU
		{7AC63864-7638-41C4-969C-D3197EF2BED9}.Release|x86.ActiveCfg = Release|Any CPU
		{7AC63864-7638-41C4-969C-D3197EF2BED9}.Retail|Any CPU.ActiveCfg = Release|Any CPU
		{7AC63864-7638-41C4-969C-D3197EF2BED9}.Retail|Any CPU.Build.0 = Release|Any CPU
		{7AC63864-7638-41C4-969C-D3197EF2BED9}.Retail|Compact.ActiveCfg = Release|Any CPU
		{7AC63864-7638-41C4-969C-D3197EF2BED9}.Retail|x64.ActiveCfg = Release|Any CPU
		{7AC63864-7638-41C4-969C-D3197EF2BED9}.Retail|x86.ActiveCfg = Release|Any CPU
		{7AC63864-7638-41C4-969C-D3197EF2BED9}.Trial|Any CPU.ActiveCfg = Release|Any CPU
		{7AC63864-7638-41C4-969C-D3197EF2BED9}.Trial|Any CPU.Build.0 = Release|Any CPU
		{7AC63864-7638-41C4-969C-D3197EF2BED9}.Trial|Compact.ActiveCfg = Release|Any CPU
		{7AC63864-7638-41C4-969C-D3197EF2BED9}.Trial|x64.ActiveCfg = Release|Any CPU
		{7AC63864-7638-41C4-969C-D3197EF2BED9}.Trial|x86.ActiveCfg = Release|Any CPU
		{71C74F29-F1C2-49C5-969F-C25AC4CDFCCC}.Debug|Any CPU.ActiveCfg = Debug|Any CPU
		{71C74F29-F1C2-49C5-969F-C25AC4CDFCCC}.Debug|Compact.ActiveCfg = Debug|Any CPU
		{71C74F29-F1C2-49C5-969F-C25AC4CDFCCC}.Debug|x64.ActiveCfg = Debug|Any CPU
		{71C74F29-F1C2-49C5-969F-C25AC4CDFCCC}.Debug|x86.ActiveCfg = Debug|Any CPU
		{71C74F29-F1C2-49C5-969F-C25AC4CDFCCC}.MailSystem Dev|Any CPU.ActiveCfg = Release|Any CPU
		{71C74F29-F1C2-49C5-969F-C25AC4CDFCCC}.MailSystem Dev|Any CPU.Build.0 = Release|Any CPU
		{71C74F29-F1C2-49C5-969F-C25AC4CDFCCC}.MailSystem Dev|Compact.ActiveCfg = Release|Any CPU
		{71C74F29-F1C2-49C5-969F-C25AC4CDFCCC}.MailSystem Dev|x64.ActiveCfg = Release|Any CPU
		{71C74F29-F1C2-49C5-969F-C25AC4CDFCCC}.MailSystem Dev|x86.ActiveCfg = Release|Any CPU
		{71C74F29-F1C2-49C5-969F-C25AC4CDFCCC}.Release|Any CPU.ActiveCfg = Release|Any CPU
		{71C74F29-F1C2-49C5-969F-C25AC4CDFCCC}.Release|Compact.ActiveCfg = Release|Any CPU
		{71C74F29-F1C2-49C5-969F-C25AC4CDFCCC}.Release|x64.ActiveCfg = Release|Any CPU
		{71C74F29-F1C2-49C5-969F-C25AC4CDFCCC}.Release|x86.ActiveCfg = Release|Any CPU
		{71C74F29-F1C2-49C5-969F-C25AC4CDFCCC}.Retail|Any CPU.ActiveCfg = Release|Any CPU
		{71C74F29-F1C2-49C5-969F-C25AC4CDFCCC}.Retail|Any CPU.Build.0 = Release|Any CPU
		{71C74F29-F1C2-49C5-969F-C25AC4CDFCCC}.Retail|Compact.ActiveCfg = Release|Any CPU
		{71C74F29-F1C2-49C5-969F-C25AC4CDFCCC}.Retail|x64.ActiveCfg = Release|Any CPU
		{71C74F29-F1C2-49C5-969F-C25AC4CDFCCC}.Retail|x86.ActiveCfg = Release|Any CPU
		{71C74F29-F1C2-49C5-969F-C25AC4CDFCCC}.Trial|Any CPU.ActiveCfg = Release|Any CPU
		{71C74F29-F1C2-49C5-969F-C25AC4CDFCCC}.Trial|Any CPU.Build.0 = Release|Any CPU
		{71C74F29-F1C2-49C5-969F-C25AC4CDFCCC}.Trial|Compact.ActiveCfg = Release|Any CPU
		{71C74F29-F1C2-49C5-969F-C25AC4CDFCCC}.Trial|x64.ActiveCfg = Release|Any CPU
		{71C74F29-F1C2-49C5-969F-C25AC4CDFCCC}.Trial|x86.ActiveCfg = Release|Any CPU
		{18B62582-402A-4004-A9EF-861EBC1381AA}.Debug|Any CPU.ActiveCfg = Debug|Any CPU
		{18B62582-402A-4004-A9EF-861EBC1381AA}.Debug|Any CPU.Build.0 = Debug|Any CPU
		{18B62582-402A-4004-A9EF-861EBC1381AA}.Debug|Compact.ActiveCfg = Debug|Any CPU
		{18B62582-402A-4004-A9EF-861EBC1381AA}.Debug|x64.ActiveCfg = Debug|Any CPU
		{18B62582-402A-4004-A9EF-861EBC1381AA}.Debug|x86.ActiveCfg = Debug|Any CPU
		{18B62582-402A-4004-A9EF-861EBC1381AA}.MailSystem Dev|Any CPU.ActiveCfg = Release|Any CPU
		{18B62582-402A-4004-A9EF-861EBC1381AA}.MailSystem Dev|Any CPU.Build.0 = Release|Any CPU
		{18B62582-402A-4004-A9EF-861EBC1381AA}.MailSystem Dev|Compact.ActiveCfg = Release|Any CPU
		{18B62582-402A-4004-A9EF-861EBC1381AA}.MailSystem Dev|x64.ActiveCfg = Release|Any CPU
		{18B62582-402A-4004-A9EF-861EBC1381AA}.MailSystem Dev|x86.ActiveCfg = Release|Any CPU
		{18B62582-402A-4004-A9EF-861EBC1381AA}.Release|Any CPU.ActiveCfg = Release|Any CPU
		{18B62582-402A-4004-A9EF-861EBC1381AA}.Release|Any CPU.Build.0 = Release|Any CPU
		{18B62582-402A-4004-A9EF-861EBC1381AA}.Release|Compact.ActiveCfg = Release|Any CPU
		{18B62582-402A-4004-A9EF-861EBC1381AA}.Release|x64.ActiveCfg = Release|Any CPU
		{18B62582-402A-4004-A9EF-861EBC1381AA}.Release|x86.ActiveCfg = Release|Any CPU
		{18B62582-402A-4004-A9EF-861EBC1381AA}.Retail|Any CPU.ActiveCfg = Release|Any CPU
		{18B62582-402A-4004-A9EF-861EBC1381AA}.Retail|Any CPU.Build.0 = Release|Any CPU
		{18B62582-402A-4004-A9EF-861EBC1381AA}.Retail|Compact.ActiveCfg = Release|Any CPU
		{18B62582-402A-4004-A9EF-861EBC1381AA}.Retail|x64.ActiveCfg = Release|Any CPU
		{18B62582-402A-4004-A9EF-861EBC1381AA}.Retail|x86.ActiveCfg = Release|Any CPU
		{18B62582-402A-4004-A9EF-861EBC1381AA}.Trial|Any CPU.ActiveCfg = Release|Any CPU
		{18B62582-402A-4004-A9EF-861EBC1381AA}.Trial|Any CPU.Build.0 = Release|Any CPU
		{18B62582-402A-4004-A9EF-861EBC1381AA}.Trial|Compact.ActiveCfg = Release|Any CPU
		{18B62582-402A-4004-A9EF-861EBC1381AA}.Trial|x64.ActiveCfg = Release|Any CPU
		{18B62582-402A-4004-A9EF-861EBC1381AA}.Trial|x86.ActiveCfg = Release|Any CPU
		{6E00C591-D36F-43CE-A593-54F8AD183070}.Debug|Any CPU.ActiveCfg = Debug|Any CPU
		{6E00C591-D36F-43CE-A593-54F8AD183070}.Debug|Any CPU.Build.0 = Debug|Any CPU
		{6E00C591-D36F-43CE-A593-54F8AD183070}.Debug|Compact.ActiveCfg = Debug|Any CPU
		{6E00C591-D36F-43CE-A593-54F8AD183070}.Debug|x64.ActiveCfg = Debug|Any CPU
		{6E00C591-D36F-43CE-A593-54F8AD183070}.Debug|x86.ActiveCfg = Debug|Any CPU
		{6E00C591-D36F-43CE-A593-54F8AD183070}.MailSystem Dev|Any CPU.ActiveCfg = Release|Any CPU
		{6E00C591-D36F-43CE-A593-54F8AD183070}.MailSystem Dev|Any CPU.Build.0 = Release|Any CPU
		{6E00C591-D36F-43CE-A593-54F8AD183070}.MailSystem Dev|Compact.ActiveCfg = Release|Any CPU
		{6E00C591-D36F-43CE-A593-54F8AD183070}.MailSystem Dev|x64.ActiveCfg = Release|Any CPU
		{6E00C591-D36F-43CE-A593-54F8AD183070}.MailSystem Dev|x86.ActiveCfg = Release|Any CPU
		{6E00C591-D36F-43CE-A593-54F8AD183070}.Release|Any CPU.ActiveCfg = Release|Any CPU
		{6E00C591-D36F-43CE-A593-54F8AD183070}.Release|Any CPU.Build.0 = Release|Any CPU
		{6E00C591-D36F-43CE-A593-54F8AD183070}.Release|Compact.ActiveCfg = Release|Any CPU
		{6E00C591-D36F-43CE-A593-54F8AD183070}.Release|x64.ActiveCfg = Release|Any CPU
		{6E00C591-D36F-43CE-A593-54F8AD183070}.Release|x86.ActiveCfg = Release|Any CPU
		{6E00C591-D36F-43CE-A593-54F8AD183070}.Retail|Any CPU.ActiveCfg = Release|Any CPU
		{6E00C591-D36F-43CE-A593-54F8AD183070}.Retail|Any CPU.Build.0 = Release|Any CPU
		{6E00C591-D36F-43CE-A593-54F8AD183070}.Retail|Compact.ActiveCfg = Release|Any CPU
		{6E00C591-D36F-43CE-A593-54F8AD183070}.Retail|x64.ActiveCfg = Release|Any CPU
		{6E00C591-D36F-43CE-A593-54F8AD183070}.Retail|x86.ActiveCfg = Release|Any CPU
		{6E00C591-D36F-43CE-A593-54F8AD183070}.Trial|Any CPU.ActiveCfg = Release|Any CPU
		{6E00C591-D36F-43CE-A593-54F8AD183070}.Trial|Any CPU.Build.0 = Release|Any CPU
		{6E00C591-D36F-43CE-A593-54F8AD183070}.Trial|Compact.ActiveCfg = Release|Any CPU
		{6E00C591-D36F-43CE-A593-54F8AD183070}.Trial|x64.ActiveCfg = Release|Any CPU
		{6E00C591-D36F-43CE-A593-54F8AD183070}.Trial|x86.ActiveCfg = Release|Any CPU
		{6A880A75-43A2-4F3C-8316-74DF20050FDE}.Debug|Any CPU.ActiveCfg = Debug|Any CPU
		{6A880A75-43A2-4F3C-8316-74DF20050FDE}.Debug|Any CPU.Build.0 = Debug|Any CPU
		{6A880A75-43A2-4F3C-8316-74DF20050FDE}.Debug|Compact.ActiveCfg = Debug|Any CPU
		{6A880A75-43A2-4F3C-8316-74DF20050FDE}.Debug|x64.ActiveCfg = Debug|Any CPU
		{6A880A75-43A2-4F3C-8316-74DF20050FDE}.Debug|x86.ActiveCfg = Debug|Any CPU
		{6A880A75-43A2-4F3C-8316-74DF20050FDE}.MailSystem Dev|Any CPU.ActiveCfg = Release|Any CPU
		{6A880A75-43A2-4F3C-8316-74DF20050FDE}.MailSystem Dev|Any CPU.Build.0 = Release|Any CPU
		{6A880A75-43A2-4F3C-8316-74DF20050FDE}.MailSystem Dev|Compact.ActiveCfg = Release|Any CPU
		{6A880A75-43A2-4F3C-8316-74DF20050FDE}.MailSystem Dev|x64.ActiveCfg = Release|Any CPU
		{6A880A75-43A2-4F3C-8316-74DF20050FDE}.MailSystem Dev|x86.ActiveCfg = Release|Any CPU
		{6A880A75-43A2-4F3C-8316-74DF20050FDE}.Release|Any CPU.ActiveCfg = Release|Any CPU
		{6A880A75-43A2-4F3C-8316-74DF20050FDE}.Release|Any CPU.Build.0 = Release|Any CPU
		{6A880A75-43A2-4F3C-8316-74DF20050FDE}.Release|Compact.ActiveCfg = Release|Any CPU
		{6A880A75-43A2-4F3C-8316-74DF20050FDE}.Release|x64.ActiveCfg = Release|Any CPU
		{6A880A75-43A2-4F3C-8316-74DF20050FDE}.Release|x86.ActiveCfg = Release|Any CPU
		{6A880A75-43A2-4F3C-8316-74DF20050FDE}.Retail|Any CPU.ActiveCfg = Release|Any CPU
		{6A880A75-43A2-4F3C-8316-74DF20050FDE}.Retail|Any CPU.Build.0 = Release|Any CPU
		{6A880A75-43A2-4F3C-8316-74DF20050FDE}.Retail|Compact.ActiveCfg = Release|Any CPU
		{6A880A75-43A2-4F3C-8316-74DF20050FDE}.Retail|x64.ActiveCfg = Release|Any CPU
		{6A880A75-43A2-4F3C-8316-74DF20050FDE}.Retail|x86.ActiveCfg = Release|Any CPU
		{6A880A75-43A2-4F3C-8316-74DF20050FDE}.Trial|Any CPU.ActiveCfg = Release|Any CPU
		{6A880A75-43A2-4F3C-8316-74DF20050FDE}.Trial|Any CPU.Build.0 = Release|Any CPU
		{6A880A75-43A2-4F3C-8316-74DF20050FDE}.Trial|Compact.ActiveCfg = Release|Any CPU
		{6A880A75-43A2-4F3C-8316-74DF20050FDE}.Trial|x64.ActiveCfg = Release|Any CPU
		{6A880A75-43A2-4F3C-8316-74DF20050FDE}.Trial|x86.ActiveCfg = Release|Any CPU
		{0223561E-92B9-46E9-9ED0-69718E749CE3}.Debug|Any CPU.ActiveCfg = Debug|Any CPU
		{0223561E-92B9-46E9-9ED0-69718E749CE3}.Debug|Any CPU.Build.0 = Debug|Any CPU
		{0223561E-92B9-46E9-9ED0-69718E749CE3}.Debug|Compact.ActiveCfg = Debug|Any CPU
		{0223561E-92B9-46E9-9ED0-69718E749CE3}.Debug|x64.ActiveCfg = Debug|Any CPU
		{0223561E-92B9-46E9-9ED0-69718E749CE3}.Debug|x86.ActiveCfg = Debug|Any CPU
		{0223561E-92B9-46E9-9ED0-69718E749CE3}.MailSystem Dev|Any CPU.ActiveCfg = Release|Any CPU
		{0223561E-92B9-46E9-9ED0-69718E749CE3}.MailSystem Dev|Any CPU.Build.0 = Release|Any CPU
		{0223561E-92B9-46E9-9ED0-69718E749CE3}.MailSystem Dev|Compact.ActiveCfg = Release|Any CPU
		{0223561E-92B9-46E9-9ED0-69718E749CE3}.MailSystem Dev|x64.ActiveCfg = Release|Any CPU
		{0223561E-92B9-46E9-9ED0-69718E749CE3}.MailSystem Dev|x86.ActiveCfg = Release|Any CPU
		{0223561E-92B9-46E9-9ED0-69718E749CE3}.Release|Any CPU.ActiveCfg = Release|Any CPU
		{0223561E-92B9-46E9-9ED0-69718E749CE3}.Release|Any CPU.Build.0 = Release|Any CPU
		{0223561E-92B9-46E9-9ED0-69718E749CE3}.Release|Compact.ActiveCfg = Release|Any CPU
		{0223561E-92B9-46E9-9ED0-69718E749CE3}.Release|x64.ActiveCfg = Release|Any CPU
		{0223561E-92B9-46E9-9ED0-69718E749CE3}.Release|x86.ActiveCfg = Release|Any CPU
		{0223561E-92B9-46E9-9ED0-69718E749CE3}.Retail|Any CPU.ActiveCfg = Release|Any CPU
		{0223561E-92B9-46E9-9ED0-69718E749CE3}.Retail|Any CPU.Build.0 = Release|Any CPU
		{0223561E-92B9-46E9-9ED0-69718E749CE3}.Retail|Compact.ActiveCfg = Release|Any CPU
		{0223561E-92B9-46E9-9ED0-69718E749CE3}.Retail|x64.ActiveCfg = Release|Any CPU
		{0223561E-92B9-46E9-9ED0-69718E749CE3}.Retail|x86.ActiveCfg = Release|Any CPU
		{0223561E-92B9-46E9-9ED0-69718E749CE3}.Trial|Any CPU.ActiveCfg = Release|Any CPU
		{0223561E-92B9-46E9-9ED0-69718E749CE3}.Trial|Any CPU.Build.0 = Release|Any CPU
		{0223561E-92B9-46E9-9ED0-69718E749CE3}.Trial|Compact.ActiveCfg = Release|Any CPU
		{0223561E-92B9-46E9-9ED0-69718E749CE3}.Trial|x64.ActiveCfg = Release|Any CPU
		{0223561E-92B9-46E9-9ED0-69718E749CE3}.Trial|x86.ActiveCfg = Release|Any CPU
		{E8C74F17-0E63-44DA-9CDD-B7A8BACF9753}.Debug|Any CPU.ActiveCfg = Debug|Any CPU
		{E8C74F17-0E63-44DA-9CDD-B7A8BACF9753}.Debug|Any CPU.Build.0 = Debug|Any CPU
		{E8C74F17-0E63-44DA-9CDD-B7A8BACF9753}.Debug|Compact.ActiveCfg = Debug|Any CPU
		{E8C74F17-0E63-44DA-9CDD-B7A8BACF9753}.Debug|x64.ActiveCfg = Debug|Any CPU
		{E8C74F17-0E63-44DA-9CDD-B7A8BACF9753}.Debug|x86.ActiveCfg = Debug|Any CPU
		{E8C74F17-0E63-44DA-9CDD-B7A8BACF9753}.MailSystem Dev|Any CPU.ActiveCfg = Release|Any CPU
		{E8C74F17-0E63-44DA-9CDD-B7A8BACF9753}.MailSystem Dev|Any CPU.Build.0 = Release|Any CPU
		{E8C74F17-0E63-44DA-9CDD-B7A8BACF9753}.MailSystem Dev|Compact.ActiveCfg = Release|Any CPU
		{E8C74F17-0E63-44DA-9CDD-B7A8BACF9753}.MailSystem Dev|x64.ActiveCfg = Release|Any CPU
		{E8C74F17-0E63-44DA-9CDD-B7A8BACF9753}.MailSystem Dev|x86.ActiveCfg = Release|Any CPU
		{E8C74F17-0E63-44DA-9CDD-B7A8BACF9753}.Release|Any CPU.ActiveCfg = Release|Any CPU
		{E8C74F17-0E63-44DA-9CDD-B7A8BACF9753}.Release|Any CPU.Build.0 = Release|Any CPU
		{E8C74F17-0E63-44DA-9CDD-B7A8BACF9753}.Release|Compact.ActiveCfg = Release|Any CPU
		{E8C74F17-0E63-44DA-9CDD-B7A8BACF9753}.Release|x64.ActiveCfg = Release|Any CPU
		{E8C74F17-0E63-44DA-9CDD-B7A8BACF9753}.Release|x86.ActiveCfg = Release|Any CPU
		{E8C74F17-0E63-44DA-9CDD-B7A8BACF9753}.Retail|Any CPU.ActiveCfg = Release|Any CPU
		{E8C74F17-0E63-44DA-9CDD-B7A8BACF9753}.Retail|Any CPU.Build.0 = Release|Any CPU
		{E8C74F17-0E63-44DA-9CDD-B7A8BACF9753}.Retail|Compact.ActiveCfg = Release|Any CPU
		{E8C74F17-0E63-44DA-9CDD-B7A8BACF9753}.Retail|x64.ActiveCfg = Release|Any CPU
		{E8C74F17-0E63-44DA-9CDD-B7A8BACF9753}.Retail|x86.ActiveCfg = Release|Any CPU
		{E8C74F17-0E63-44DA-9CDD-B7A8BACF9753}.Trial|Any CPU.ActiveCfg = Release|Any CPU
		{E8C74F17-0E63-44DA-9CDD-B7A8BACF9753}.Trial|Any CPU.Build.0 = Release|Any CPU
		{E8C74F17-0E63-44DA-9CDD-B7A8BACF9753}.Trial|Compact.ActiveCfg = Release|Any CPU
		{E8C74F17-0E63-44DA-9CDD-B7A8BACF9753}.Trial|x64.ActiveCfg = Release|Any CPU
		{E8C74F17-0E63-44DA-9CDD-B7A8BACF9753}.Trial|x86.ActiveCfg = Release|Any CPU
		{F7DB2339-6E45-4B50-A53A-C968210CA049}.Debug|Any CPU.ActiveCfg = Debug|Any CPU
		{F7DB2339-6E45-4B50-A53A-C968210CA049}.Debug|Any CPU.Build.0 = Debug|Any CPU
		{F7DB2339-6E45-4B50-A53A-C968210CA049}.Debug|Compact.ActiveCfg = Debug|Any CPU
		{F7DB2339-6E45-4B50-A53A-C968210CA049}.Debug|x64.ActiveCfg = Debug|Any CPU
		{F7DB2339-6E45-4B50-A53A-C968210CA049}.Debug|x86.ActiveCfg = Debug|Any CPU
		{F7DB2339-6E45-4B50-A53A-C968210CA049}.MailSystem Dev|Any CPU.ActiveCfg = Release|Any CPU
		{F7DB2339-6E45-4B50-A53A-C968210CA049}.MailSystem Dev|Any CPU.Build.0 = Release|Any CPU
		{F7DB2339-6E45-4B50-A53A-C968210CA049}.MailSystem Dev|Compact.ActiveCfg = Release|Any CPU
		{F7DB2339-6E45-4B50-A53A-C968210CA049}.MailSystem Dev|x64.ActiveCfg = Release|Any CPU
		{F7DB2339-6E45-4B50-A53A-C968210CA049}.MailSystem Dev|x86.ActiveCfg = Release|Any CPU
		{F7DB2339-6E45-4B50-A53A-C968210CA049}.Release|Any CPU.ActiveCfg = Release|Any CPU
		{F7DB2339-6E45-4B50-A53A-C968210CA049}.Release|Any CPU.Build.0 = Release|Any CPU
		{F7DB2339-6E45-4B50-A53A-C968210CA049}.Release|Compact.ActiveCfg = Release|Any CPU
		{F7DB2339-6E45-4B50-A53A-C968210CA049}.Release|x64.ActiveCfg = Release|Any CPU
		{F7DB2339-6E45-4B50-A53A-C968210CA049}.Release|x86.ActiveCfg = Release|Any CPU
		{F7DB2339-6E45-4B50-A53A-C968210CA049}.Retail|Any CPU.ActiveCfg = Release|Any CPU
		{F7DB2339-6E45-4B50-A53A-C968210CA049}.Retail|Any CPU.Build.0 = Release|Any CPU
		{F7DB2339-6E45-4B50-A53A-C968210CA049}.Retail|Compact.ActiveCfg = Release|Any CPU
		{F7DB2339-6E45-4B50-A53A-C968210CA049}.Retail|x64.ActiveCfg = Release|Any CPU
		{F7DB2339-6E45-4B50-A53A-C968210CA049}.Retail|x86.ActiveCfg = Release|Any CPU
		{F7DB2339-6E45-4B50-A53A-C968210CA049}.Trial|Any CPU.ActiveCfg = Release|Any CPU
		{F7DB2339-6E45-4B50-A53A-C968210CA049}.Trial|Any CPU.Build.0 = Release|Any CPU
		{F7DB2339-6E45-4B50-A53A-C968210CA049}.Trial|Compact.ActiveCfg = Release|Any CPU
		{F7DB2339-6E45-4B50-A53A-C968210CA049}.Trial|x64.ActiveCfg = Release|Any CPU
		{F7DB2339-6E45-4B50-A53A-C968210CA049}.Trial|x86.ActiveCfg = Release|Any CPU
		{507E6BFB-67B0-4A22-9583-8D5403BFECEF}.Debug|Any CPU.ActiveCfg = Debug|Any CPU
		{507E6BFB-67B0-4A22-9583-8D5403BFECEF}.Debug|Any CPU.Build.0 = Debug|Any CPU
		{507E6BFB-67B0-4A22-9583-8D5403BFECEF}.Debug|Compact.ActiveCfg = Debug|Any CPU
		{507E6BFB-67B0-4A22-9583-8D5403BFECEF}.Debug|x64.ActiveCfg = Debug|Any CPU
		{507E6BFB-67B0-4A22-9583-8D5403BFECEF}.Debug|x86.ActiveCfg = Debug|Any CPU
		{507E6BFB-67B0-4A22-9583-8D5403BFECEF}.MailSystem Dev|Any CPU.ActiveCfg = Release|Any CPU
		{507E6BFB-67B0-4A22-9583-8D5403BFECEF}.MailSystem Dev|Any CPU.Build.0 = Release|Any CPU
		{507E6BFB-67B0-4A22-9583-8D5403BFECEF}.MailSystem Dev|Compact.ActiveCfg = Release|Any CPU
		{507E6BFB-67B0-4A22-9583-8D5403BFECEF}.MailSystem Dev|x64.ActiveCfg = Release|Any CPU
		{507E6BFB-67B0-4A22-9583-8D5403BFECEF}.MailSystem Dev|x86.ActiveCfg = Release|Any CPU
		{507E6BFB-67B0-4A22-9583-8D5403BFECEF}.Release|Any CPU.ActiveCfg = Release|Any CPU
		{507E6BFB-67B0-4A22-9583-8D5403BFECEF}.Release|Any CPU.Build.0 = Release|Any CPU
		{507E6BFB-67B0-4A22-9583-8D5403BFECEF}.Release|Compact.ActiveCfg = Release|Any CPU
		{507E6BFB-67B0-4A22-9583-8D5403BFECEF}.Release|x64.ActiveCfg = Release|Any CPU
		{507E6BFB-67B0-4A22-9583-8D5403BFECEF}.Release|x86.ActiveCfg = Release|Any CPU
		{507E6BFB-67B0-4A22-9583-8D5403BFECEF}.Retail|Any CPU.ActiveCfg = Release|Any CPU
		{507E6BFB-67B0-4A22-9583-8D5403BFECEF}.Retail|Any CPU.Build.0 = Release|Any CPU
		{507E6BFB-67B0-4A22-9583-8D5403BFECEF}.Retail|Compact.ActiveCfg = Release|Any CPU
		{507E6BFB-67B0-4A22-9583-8D5403BFECEF}.Retail|x64.ActiveCfg = Release|Any CPU
		{507E6BFB-67B0-4A22-9583-8D5403BFECEF}.Retail|x86.ActiveCfg = Release|Any CPU
		{507E6BFB-67B0-4A22-9583-8D5403BFECEF}.Trial|Any CPU.ActiveCfg = Release|Any CPU
		{507E6BFB-67B0-4A22-9583-8D5403BFECEF}.Trial|Any CPU.Build.0 = Release|Any CPU
		{507E6BFB-67B0-4A22-9583-8D5403BFECEF}.Trial|Compact.ActiveCfg = Release|Any CPU
		{507E6BFB-67B0-4A22-9583-8D5403BFECEF}.Trial|x64.ActiveCfg = Release|Any CPU
		{507E6BFB-67B0-4A22-9583-8D5403BFECEF}.Trial|x86.ActiveCfg = Release|Any CPU
		{3FB9F87C-92E9-45CC-9CF8-C388728A3F31}.Debug|Any CPU.ActiveCfg = Debug|Any CPU
		{3FB9F87C-92E9-45CC-9CF8-C388728A3F31}.Debug|Any CPU.Build.0 = Debug|Any CPU
		{3FB9F87C-92E9-45CC-9CF8-C388728A3F31}.Debug|Compact.ActiveCfg = Debug|Any CPU
		{3FB9F87C-92E9-45CC-9CF8-C388728A3F31}.Debug|x64.ActiveCfg = Debug|Any CPU
		{3FB9F87C-92E9-45CC-9CF8-C388728A3F31}.Debug|x86.ActiveCfg = Debug|Any CPU
		{3FB9F87C-92E9-45CC-9CF8-C388728A3F31}.MailSystem Dev|Any CPU.ActiveCfg = Release|Any CPU
		{3FB9F87C-92E9-45CC-9CF8-C388728A3F31}.MailSystem Dev|Any CPU.Build.0 = Release|Any CPU
		{3FB9F87C-92E9-45CC-9CF8-C388728A3F31}.MailSystem Dev|Compact.ActiveCfg = Release|Any CPU
		{3FB9F87C-92E9-45CC-9CF8-C388728A3F31}.MailSystem Dev|x64.ActiveCfg = Release|Any CPU
		{3FB9F87C-92E9-45CC-9CF8-C388728A3F31}.MailSystem Dev|x86.ActiveCfg = Release|Any CPU
		{3FB9F87C-92E9-45CC-9CF8-C388728A3F31}.Release|Any CPU.ActiveCfg = Release|Any CPU
		{3FB9F87C-92E9-45CC-9CF8-C388728A3F31}.Release|Any CPU.Build.0 = Release|Any CPU
		{3FB9F87C-92E9-45CC-9CF8-C388728A3F31}.Release|Compact.ActiveCfg = Release|Any CPU
		{3FB9F87C-92E9-45CC-9CF8-C388728A3F31}.Release|x64.ActiveCfg = Release|Any CPU
		{3FB9F87C-92E9-45CC-9CF8-C388728A3F31}.Release|x86.ActiveCfg = Release|Any CPU
		{3FB9F87C-92E9-45CC-9CF8-C388728A3F31}.Retail|Any CPU.ActiveCfg = Release|Any CPU
		{3FB9F87C-92E9-45CC-9CF8-C388728A3F31}.Retail|Any CPU.Build.0 = Release|Any CPU
		{3FB9F87C-92E9-45CC-9CF8-C388728A3F31}.Retail|Compact.ActiveCfg = Release|Any CPU
		{3FB9F87C-92E9-45CC-9CF8-C388728A3F31}.Retail|x64.ActiveCfg = Release|Any CPU
		{3FB9F87C-92E9-45CC-9CF8-C388728A3F31}.Retail|x86.ActiveCfg = Release|Any CPU
		{3FB9F87C-92E9-45CC-9CF8-C388728A3F31}.Trial|Any CPU.ActiveCfg = Release|Any CPU
		{3FB9F87C-92E9-45CC-9CF8-C388728A3F31}.Trial|Any CPU.Build.0 = Release|Any CPU
		{3FB9F87C-92E9-45CC-9CF8-C388728A3F31}.Trial|Compact.ActiveCfg = Release|Any CPU
		{3FB9F87C-92E9-45CC-9CF8-C388728A3F31}.Trial|x64.ActiveCfg = Release|Any CPU
		{3FB9F87C-92E9-45CC-9CF8-C388728A3F31}.Trial|x86.ActiveCfg = Release|Any CPU
		{F38139F9-CCB4-4A02-A752-B4FC3D1A81D3}.Debug|Any CPU.ActiveCfg = Debug|Any CPU
		{F38139F9-CCB4-4A02-A752-B4FC3D1A81D3}.Debug|Any CPU.Build.0 = Debug|Any CPU
		{F38139F9-CCB4-4A02-A752-B4FC3D1A81D3}.Debug|Compact.ActiveCfg = Debug|Any CPU
		{F38139F9-CCB4-4A02-A752-B4FC3D1A81D3}.Debug|x64.ActiveCfg = Debug|x64
		{F38139F9-CCB4-4A02-A752-B4FC3D1A81D3}.Debug|x64.Build.0 = Debug|x64
		{F38139F9-CCB4-4A02-A752-B4FC3D1A81D3}.Debug|x86.ActiveCfg = Debug|x86
		{F38139F9-CCB4-4A02-A752-B4FC3D1A81D3}.Debug|x86.Build.0 = Debug|x86
		{F38139F9-CCB4-4A02-A752-B4FC3D1A81D3}.MailSystem Dev|Any CPU.ActiveCfg = Release|Any CPU
		{F38139F9-CCB4-4A02-A752-B4FC3D1A81D3}.MailSystem Dev|Any CPU.Build.0 = Release|Any CPU
		{F38139F9-CCB4-4A02-A752-B4FC3D1A81D3}.MailSystem Dev|Compact.ActiveCfg = Release|Any CPU
		{F38139F9-CCB4-4A02-A752-B4FC3D1A81D3}.MailSystem Dev|x64.ActiveCfg = Release|x64
		{F38139F9-CCB4-4A02-A752-B4FC3D1A81D3}.MailSystem Dev|x64.Build.0 = Release|x64
		{F38139F9-CCB4-4A02-A752-B4FC3D1A81D3}.MailSystem Dev|x86.ActiveCfg = Release|x86
		{F38139F9-CCB4-4A02-A752-B4FC3D1A81D3}.MailSystem Dev|x86.Build.0 = Release|x86
		{F38139F9-CCB4-4A02-A752-B4FC3D1A81D3}.Release|Any CPU.ActiveCfg = Release|Any CPU
		{F38139F9-CCB4-4A02-A752-B4FC3D1A81D3}.Release|Any CPU.Build.0 = Release|Any CPU
		{F38139F9-CCB4-4A02-A752-B4FC3D1A81D3}.Release|Compact.ActiveCfg = Release|Any CPU
		{F38139F9-CCB4-4A02-A752-B4FC3D1A81D3}.Release|x64.ActiveCfg = Release|x64
		{F38139F9-CCB4-4A02-A752-B4FC3D1A81D3}.Release|x64.Build.0 = Release|x64
		{F38139F9-CCB4-4A02-A752-B4FC3D1A81D3}.Release|x86.ActiveCfg = Release|x86
		{F38139F9-CCB4-4A02-A752-B4FC3D1A81D3}.Release|x86.Build.0 = Release|x86
		{F38139F9-CCB4-4A02-A752-B4FC3D1A81D3}.Retail|Any CPU.ActiveCfg = Release|Any CPU
		{F38139F9-CCB4-4A02-A752-B4FC3D1A81D3}.Retail|Any CPU.Build.0 = Release|Any CPU
		{F38139F9-CCB4-4A02-A752-B4FC3D1A81D3}.Retail|Compact.ActiveCfg = Release|Any CPU
		{F38139F9-CCB4-4A02-A752-B4FC3D1A81D3}.Retail|x64.ActiveCfg = Release|x64
		{F38139F9-CCB4-4A02-A752-B4FC3D1A81D3}.Retail|x64.Build.0 = Release|x64
		{F38139F9-CCB4-4A02-A752-B4FC3D1A81D3}.Retail|x86.ActiveCfg = Release|x86
		{F38139F9-CCB4-4A02-A752-B4FC3D1A81D3}.Retail|x86.Build.0 = Release|x86
		{F38139F9-CCB4-4A02-A752-B4FC3D1A81D3}.Trial|Any CPU.ActiveCfg = Release|Any CPU
		{F38139F9-CCB4-4A02-A752-B4FC3D1A81D3}.Trial|Any CPU.Build.0 = Release|Any CPU
		{F38139F9-CCB4-4A02-A752-B4FC3D1A81D3}.Trial|Compact.ActiveCfg = Release|Any CPU
		{F38139F9-CCB4-4A02-A752-B4FC3D1A81D3}.Trial|x64.ActiveCfg = Release|x64
		{F38139F9-CCB4-4A02-A752-B4FC3D1A81D3}.Trial|x64.Build.0 = Release|x64
		{F38139F9-CCB4-4A02-A752-B4FC3D1A81D3}.Trial|x86.ActiveCfg = Release|x86
		{F38139F9-CCB4-4A02-A752-B4FC3D1A81D3}.Trial|x86.Build.0 = Release|x86
		{4653B49E-D5A5-43B7-8CED-160E7BC09917}.Debug|Any CPU.ActiveCfg = Debug|Any CPU
		{4653B49E-D5A5-43B7-8CED-160E7BC09917}.Debug|Any CPU.Build.0 = Debug|Any CPU
		{4653B49E-D5A5-43B7-8CED-160E7BC09917}.Debug|Compact.ActiveCfg = Debug|Any CPU
		{4653B49E-D5A5-43B7-8CED-160E7BC09917}.Debug|x64.ActiveCfg = Debug|x64
		{4653B49E-D5A5-43B7-8CED-160E7BC09917}.Debug|x64.Build.0 = Debug|x64
		{4653B49E-D5A5-43B7-8CED-160E7BC09917}.Debug|x86.ActiveCfg = Debug|x86
		{4653B49E-D5A5-43B7-8CED-160E7BC09917}.Debug|x86.Build.0 = Debug|x86
		{4653B49E-D5A5-43B7-8CED-160E7BC09917}.MailSystem Dev|Any CPU.ActiveCfg = Release|Any CPU
		{4653B49E-D5A5-43B7-8CED-160E7BC09917}.MailSystem Dev|Any CPU.Build.0 = Release|Any CPU
		{4653B49E-D5A5-43B7-8CED-160E7BC09917}.MailSystem Dev|Compact.ActiveCfg = Release|Any CPU
		{4653B49E-D5A5-43B7-8CED-160E7BC09917}.MailSystem Dev|x64.ActiveCfg = Release|x64
		{4653B49E-D5A5-43B7-8CED-160E7BC09917}.MailSystem Dev|x64.Build.0 = Release|x64
		{4653B49E-D5A5-43B7-8CED-160E7BC09917}.MailSystem Dev|x86.ActiveCfg = Release|x86
		{4653B49E-D5A5-43B7-8CED-160E7BC09917}.MailSystem Dev|x86.Build.0 = Release|x86
		{4653B49E-D5A5-43B7-8CED-160E7BC09917}.Release|Any CPU.ActiveCfg = Release|Any CPU
		{4653B49E-D5A5-43B7-8CED-160E7BC09917}.Release|Any CPU.Build.0 = Release|Any CPU
		{4653B49E-D5A5-43B7-8CED-160E7BC09917}.Release|Compact.ActiveCfg = Release|Any CPU
		{4653B49E-D5A5-43B7-8CED-160E7BC09917}.Release|x64.ActiveCfg = Release|x64
		{4653B49E-D5A5-43B7-8CED-160E7BC09917}.Release|x64.Build.0 = Release|x64
		{4653B49E-D5A5-43B7-8CED-160E7BC09917}.Release|x86.ActiveCfg = Release|x86
		{4653B49E-D5A5-43B7-8CED-160E7BC09917}.Release|x86.Build.0 = Release|x86
		{4653B49E-D5A5-43B7-8CED-160E7BC09917}.Retail|Any CPU.ActiveCfg = Release|Any CPU
		{4653B49E-D5A5-43B7-8CED-160E7BC09917}.Retail|Any CPU.Build.0 = Release|Any CPU
		{4653B49E-D5A5-43B7-8CED-160E7BC09917}.Retail|Compact.ActiveCfg = Release|Any CPU
		{4653B49E-D5A5-43B7-8CED-160E7BC09917}.Retail|x64.ActiveCfg = Release|x64
		{4653B49E-D5A5-43B7-8CED-160E7BC09917}.Retail|x64.Build.0 = Release|x64
		{4653B49E-D5A5-43B7-8CED-160E7BC09917}.Retail|x86.ActiveCfg = Release|x86
		{4653B49E-D5A5-43B7-8CED-160E7BC09917}.Retail|x86.Build.0 = Release|x86
		{4653B49E-D5A5-43B7-8CED-160E7BC09917}.Trial|Any CPU.ActiveCfg = Release|Any CPU
		{4653B49E-D5A5-43B7-8CED-160E7BC09917}.Trial|Any CPU.Build.0 = Release|Any CPU
		{4653B49E-D5A5-43B7-8CED-160E7BC09917}.Trial|Compact.ActiveCfg = Release|Any CPU
		{4653B49E-D5A5-43B7-8CED-160E7BC09917}.Trial|x64.ActiveCfg = Release|x64
		{4653B49E-D5A5-43B7-8CED-160E7BC09917}.Trial|x64.Build.0 = Release|x64
		{4653B49E-D5A5-43B7-8CED-160E7BC09917}.Trial|x86.ActiveCfg = Release|x86
		{4653B49E-D5A5-43B7-8CED-160E7BC09917}.Trial|x86.Build.0 = Release|x86
		{A861D1B2-FC34-4156-BA79-00D111C6ED7F}.Debug|Any CPU.ActiveCfg = Debug|Any CPU
		{A861D1B2-FC34-4156-BA79-00D111C6ED7F}.Debug|Any CPU.Build.0 = Debug|Any CPU
		{A861D1B2-FC34-4156-BA79-00D111C6ED7F}.Debug|Compact.ActiveCfg = Debug|Any CPU
		{A861D1B2-FC34-4156-BA79-00D111C6ED7F}.Debug|x64.ActiveCfg = Debug|Any CPU
		{A861D1B2-FC34-4156-BA79-00D111C6ED7F}.Debug|x86.ActiveCfg = Debug|Any CPU
		{A861D1B2-FC34-4156-BA79-00D111C6ED7F}.MailSystem Dev|Any CPU.ActiveCfg = Release|Any CPU
		{A861D1B2-FC34-4156-BA79-00D111C6ED7F}.MailSystem Dev|Any CPU.Build.0 = Release|Any CPU
		{A861D1B2-FC34-4156-BA79-00D111C6ED7F}.MailSystem Dev|Compact.ActiveCfg = Release|Any CPU
		{A861D1B2-FC34-4156-BA79-00D111C6ED7F}.MailSystem Dev|x64.ActiveCfg = Release|Any CPU
		{A861D1B2-FC34-4156-BA79-00D111C6ED7F}.MailSystem Dev|x86.ActiveCfg = Release|Any CPU
		{A861D1B2-FC34-4156-BA79-00D111C6ED7F}.Release|Any CPU.ActiveCfg = Release|Any CPU
		{A861D1B2-FC34-4156-BA79-00D111C6ED7F}.Release|Any CPU.Build.0 = Release|Any CPU
		{A861D1B2-FC34-4156-BA79-00D111C6ED7F}.Release|Compact.ActiveCfg = Release|Any CPU
		{A861D1B2-FC34-4156-BA79-00D111C6ED7F}.Release|x64.ActiveCfg = Release|Any CPU
		{A861D1B2-FC34-4156-BA79-00D111C6ED7F}.Release|x86.ActiveCfg = Release|Any CPU
		{A861D1B2-FC34-4156-BA79-00D111C6ED7F}.Retail|Any CPU.ActiveCfg = Release|Any CPU
		{A861D1B2-FC34-4156-BA79-00D111C6ED7F}.Retail|Any CPU.Build.0 = Release|Any CPU
		{A861D1B2-FC34-4156-BA79-00D111C6ED7F}.Retail|Compact.ActiveCfg = Release|Any CPU
		{A861D1B2-FC34-4156-BA79-00D111C6ED7F}.Retail|x64.ActiveCfg = Release|Any CPU
		{A861D1B2-FC34-4156-BA79-00D111C6ED7F}.Retail|x86.ActiveCfg = Release|Any CPU
		{A861D1B2-FC34-4156-BA79-00D111C6ED7F}.Trial|Any CPU.ActiveCfg = Release|Any CPU
		{A861D1B2-FC34-4156-BA79-00D111C6ED7F}.Trial|Any CPU.Build.0 = Release|Any CPU
		{A861D1B2-FC34-4156-BA79-00D111C6ED7F}.Trial|Compact.ActiveCfg = Release|Any CPU
		{A861D1B2-FC34-4156-BA79-00D111C6ED7F}.Trial|x64.ActiveCfg = Release|Any CPU
		{A861D1B2-FC34-4156-BA79-00D111C6ED7F}.Trial|x86.ActiveCfg = Release|Any CPU
	EndGlobalSection
	GlobalSection(SolutionProperties) = preSolution
		HideSolutionNode = FALSE
	EndGlobalSection
	GlobalSection(NestedProjects) = preSolution
		{3F028DD6-3D1E-44B4-9070-90F5A6C64935} = {1B01FD44-9E67-4083-8C74-85A166392844}
		{A9B3597A-2608-4ACE-A0EA-FC354CADB743} = {3F028DD6-3D1E-44B4-9070-90F5A6C64935}
		{1C23C986-2028-40AB-A4FA-B590CD413A13} = {3F028DD6-3D1E-44B4-9070-90F5A6C64935}
		{BE2B973A-2112-446E-ADEA-DF7F12824125} = {1B01FD44-9E67-4083-8C74-85A166392844}
		{7AC63864-7638-41C4-969C-D3197EF2BED9} = {BE2B973A-2112-446E-ADEA-DF7F12824125}
		{71C74F29-F1C2-49C5-969F-C25AC4CDFCCC} = {BE2B973A-2112-446E-ADEA-DF7F12824125}
		{18B62582-402A-4004-A9EF-861EBC1381AA} = {3F028DD6-3D1E-44B4-9070-90F5A6C64935}
		{6E00C591-D36F-43CE-A593-54F8AD183070} = {3F028DD6-3D1E-44B4-9070-90F5A6C64935}
		{6A880A75-43A2-4F3C-8316-74DF20050FDE} = {3F028DD6-3D1E-44B4-9070-90F5A6C64935}
		{0223561E-92B9-46E9-9ED0-69718E749CE3} = {3F028DD6-3D1E-44B4-9070-90F5A6C64935}
		{E8C74F17-0E63-44DA-9CDD-B7A8BACF9753} = {3F028DD6-3D1E-44B4-9070-90F5A6C64935}
		{F7DB2339-6E45-4B50-A53A-C968210CA049} = {3F028DD6-3D1E-44B4-9070-90F5A6C64935}
		{B58E0B64-A20E-48A8-A042-4D5439526620} = {1B01FD44-9E67-4083-8C74-85A166392844}
		{507E6BFB-67B0-4A22-9583-8D5403BFECEF} = {B58E0B64-A20E-48A8-A042-4D5439526620}
		{CE1DD5F8-31CB-4270-A4C8-8078C9E626FB} = {1B01FD44-9E67-4083-8C74-85A166392844}
		{3FB9F87C-92E9-45CC-9CF8-C388728A3F31} = {CE1DD5F8-31CB-4270-A4C8-8078C9E626FB}
		{F38139F9-CCB4-4A02-A752-B4FC3D1A81D3} = {CE1DD5F8-31CB-4270-A4C8-8078C9E626FB}
		{4653B49E-D5A5-43B7-8CED-160E7BC09917} = {CE1DD5F8-31CB-4270-A4C8-8078C9E626FB}
		{F9F27A33-C0F2-4FAF-9E7B-A5CE77AD6132} = {3F028DD6-3D1E-44B4-9070-90F5A6C64935}
		{A861D1B2-FC34-4156-BA79-00D111C6ED7F} = {F9F27A33-C0F2-4FAF-9E7B-A5CE77AD6132}
	EndGlobalSection
	GlobalSection(TestCaseManagementSettings) = postSolution
		CategoryFile = EtAlii.Servus.vsmdi
	EndGlobalSection
	GlobalSection(NDepend) = preSolution
		Project = ".\Analysis\EtAlii.Servus.ndproj"
	EndGlobalSection
EndGlobal
